{
  "version": 4,
  "terraform_version": "1.15.8",
  "serial": 258,
  "lineage": "20237ec8-bc49-7b37-785e-9aa29961d18c",
  "outputs": {
    "admin_cognito_issuer": {
      "value": "https://cognito-idp.us-east-1.amazonaws.com/us-east-1_ylPosjFHL",
      "type": "string"
    },
    "admin_hosted_ui_domain": {
      "value": "https://mision-emprende-dev-admin-695835257252.auth.us-east-1.amazoncognito.com",
      "type": "string"
    },
    "admin_user_pool_client_id": {
      "value": "15ggulgpgmi9bn3mp5ohjro8dp",
      "type": "string"
    },
    "admin_user_pool_id": {
      "value": "us-east-1_ylPosjFHL",
      "type": "string"
    },
    "analytics_bucket_name": {
      "value": "mision-emprende-dev-analytics-695835257252",
      "type": "string"
    },
    "analytics_database": {
      "value": "mision_emprende_dev_analytics",
      "type": "string"
    },
    "analytics_query_results_location": {
      "value": "s3://mision-emprende-dev-analytics-695835257252/athena-results/",
      "type": "string"
    },
    "analytics_workgroup": {
      "value": "mision-emprende-dev-analytics",
      "type": "string"
    },
    "api_url": {
      "value": "https://3mm6y2gvu1.execute-api.us-east-1.amazonaws.com/Prod",
      "type": "string"
    },
    "cloudfront_distribution_id": {
      "value": "",
      "type": "string"
    },
    "frontend_bucket_name": {
      "value": "mision-emprende-dev-frontend-695835257252",
      "type": "string"
    },
    "frontend_url": {
      "value": "https://3mm6y2gvu1.execute-api.us-east-1.amazonaws.com/Prod",
      "type": "string"
    },
    "game_table_name": {
      "value": "mision-emprende-dev-game",
      "type": "string"
    },
    "replica_regions": {
      "value": [
        "us-west-2"
      ],
      "type": [
        "list",
        "string"
      ]
    }
  },
  "resources": [
    {
      "mode": "data",
      "type": "archive_file",
      "name": "backend",
      "provider": "provider[\"registry.terraform.io/hashicorp/archive\"]",
      "instances": [
        {
          "schema_version": 0,
          "attributes": {
            "exclude_symlink_directories": null,
            "excludes": [
              ".DS_Store",
              "scripts",
              "test"
            ],
            "id": "1c99fe2780c57ce10317506fdc542824cf192745",
            "output_base64sha256": "OLOnI2yVLgQtRi+g11jhyd3y6AwKj2bRVDkP3CMQ7/Y=",
            "output_base64sha512": "gPmLcSK9PUZZiTOWREQEfhovboJKw7vmRHNZHzS0VW4/J6jnV2qy0WMTGCgnl+z482/AyiWL+OtOJmvupZZqVw==",
            "output_file_mode": null,
            "output_md5": "2ea568511c4d6f0c31895a497bb7c4ea",
            "output_path": "./backend.zip",
            "output_sha": "1c99fe2780c57ce10317506fdc542824cf192745",
            "output_sha256": "38b3a7236c952e042d462fa0d758e1c9ddf2e80c0a8f66d154390fdc2310eff6",
            "output_sha512": "80f98b7122bd3d46598933964444047e1a2f6e824ac3bbe64473591f34b4556e3f27a8e7576ab2d1631318282797ecf8f36fc0ca258bf8eb4e266beea5966a57",
            "output_size": 45136860,
            "source": [],
            "source_content": null,
            "source_content_filename": null,
            "source_dir": "./../src",
            "source_file": null,
            "type": "zip"
          },
          "sensitive_attributes": [],
          "identity_schema_version": 0
        }
      ]
    },
    {
      "mode": "data",
      "type": "aws_caller_identity",
      "name": "current",
      "provider": "provider[\"registry.terraform.io/hashicorp/aws\"]",
      "instances": [
        {
          "schema_version": 0,
          "attributes": {
            "account_id": "695835257252",
            "arn": "arn:aws:sts::695835257252:assumed-role/voclabs/user4998805=RENATO_IGNACIO_VARELA_ROJAS",
            "id": "695835257252",
            "user_id": "AROA2EAYDNGSOY53HRVBB:user4998805=RENATO_IGNACIO_VARELA_ROJAS"
          },
          "sensitive_attributes": [],
          "identity_schema_version": 0
        }
      ]
    },
    {
      "mode": "data",
      "type": "aws_iam_role",
      "name": "execution",
      "provider": "provider[\"registry.terraform.io/hashicorp/aws\"]",
      "instances": [
        {
          "schema_version": 0,
          "attributes": {
            "arn": "arn:aws:iam::695835257252:role/LabRole",
            "assume_role_policy": "{\"Version\":\"2012-10-17\",\"Statement\":[{\"Effect\":\"Allow\",\"Principal\":{\"Service\":[\"autoscaling.amazonaws.com\",\"batch.amazonaws.com\",\"scheduler.amazonaws.com\",\"elasticmapreduce.amazonaws.com\",\"sagemaker.amazonaws.com\",\"ec2.application-autoscaling.amazonaws.com\",\"resource-groups.amazonaws.com\",\"deepracer.amazonaws.com\",\"cloudformation.amazonaws.com\",\"states.amazonaws.com\",\"ssm.amazonaws.com\",\"cognito-idp.amazonaws.com\",\"eks-fargate-pods.amazonaws.com\",\"redshift.amazonaws.com\",\"s3.amazonaws.com\",\"backup.amazonaws.com\",\"kinesis.amazonaws.com\",\"kms.amazonaws.com\",\"secretsmanager.amazonaws.com\",\"pipes.amazonaws.com\",\"sqs.amazonaws.com\",\"rds.amazonaws.com\",\"codedeploy.amazonaws.com\",\"servicecatalog.amazonaws.com\",\"ecs.amazonaws.com\",\"forecast.amazonaws.com\",\"codewhisperer.amazonaws.com\",\"eks.amazonaws.com\",\"athena.amazonaws.com\",\"lambda.amazonaws.com\",\"rekognition.amazonaws.com\",\"apigateway.amazonaws.com\",\"elasticfilesystem.amazonaws.com\",\"ec2.amazonaws.com\",\"application-autoscaling.amazonaws.com\",\"iot.amazonaws.com\",\"elasticloadbalancing.amazonaws.com\",\"credentials.iot.amazonaws.com\",\"ecs-tasks.amazonaws.com\",\"sns.amazonaws.com\",\"iotanalytics.amazonaws.com\",\"cloud9.amazonaws.com\",\"databrew.amazonaws.com\",\"kinesisanalytics.amazonaws.com\",\"dynamodb.amazonaws.com\",\"logs.amazonaws.com\",\"glue.amazonaws.com\",\"elasticbeanstalk.amazonaws.com\",\"cloudtrail.amazonaws.com\",\"events.amazonaws.com\",\"iotevents.amazonaws.com\",\"codecommit.amazonaws.com\",\"firehose.amazonaws.com\"],\"AWS\":\"arn:aws:iam::695835257252:role/LabRole\"},\"Action\":\"sts:AssumeRole\"}]}",
            "create_date": "2026-06-26T18:44:00Z",
            "description": "",
            "id": "LabRole",
            "max_session_duration": 3600,
            "name": "LabRole",
            "path": "/",
            "permissions_boundary": "",
            "role_last_used": [
              {
                "last_used_date": "2026-08-12T18:02:40Z",
                "region": "us-east-1"
              }
            ],
            "tags": {
              "cloudlab": "c219134a5530776l15697416t1w695835257252"
            },
            "unique_id": "AROA2EAYDNGSHUYY4QFSR"
          },
          "sensitive_attributes": [],
          "identity_schema_version": 0
        }
      ]
    },
    {
      "mode": "data",
      "type": "aws_partition",
      "name": "current",
      "provider": "provider[\"registry.terraform.io/hashicorp/aws\"]",
      "instances": [
        {
          "schema_version": 0,
          "attributes": {
            "dns_suffix": "amazonaws.com",
            "id": "aws",
            "partition": "aws",
            "reverse_dns_prefix": "com.amazonaws"
          },
          "sensitive_attributes": [],
          "identity_schema_version": 0
        }
      ]
    },
    {
      "mode": "managed",
      "type": "aws_api_gateway_deployment",
      "name": "game",
      "provider": "provider[\"registry.terraform.io/hashicorp/aws\"]",
      "instances": [
        {
          "schema_version": 0,
          "attributes": {
            "created_date": "2026-08-12T17:07:30Z",
            "description": "",
            "id": "xpdcbv",
            "region": "us-east-1",
            "rest_api_id": "3mm6y2gvu1",
            "triggers": {
              "redeployment": "203f29f02e79b8744f9cf5d33253b381c65672a3"
            },
            "variables": null
          },
          "sensitive_attributes": [],
          "identity_schema_version": 0,
          "private": "bnVsbA==",
          "dependencies": [
            "aws_api_gateway_rest_api.game",
            "aws_cloudwatch_log_group.lambda",
            "aws_cognito_user_pool.lab_demo",
            "aws_dynamodb_table.game",
            "aws_lambda_function.cognito_custom_auth",
            "aws_lambda_function.game",
            "aws_lambda_permission.api",
            "aws_s3_bucket.analytics",
            "aws_s3_bucket.fis_configuration",
            "aws_s3_bucket.frontend",
            "data.archive_file.backend",
            "data.aws_caller_identity.current",
            "data.aws_iam_role.execution",
            "data.aws_partition.current"
          ],
          "create_before_destroy": true
        }
      ]
    },
    {
      "mode": "managed",
      "type": "aws_api_gateway_rest_api",
      "name": "game",
      "provider": "provider[\"registry.terraform.io/hashicorp/aws\"]",
      "instances": [
        {
          "schema_version": 0,
          "attributes": {
            "api_key_source": "HEADER",
            "arn": "arn:aws:apigateway:us-east-1::/restapis/3mm6y2gvu1",
            "binary_media_types": [
              "*/*"
            ],
            "body": "{\"info\":{\"title\":\"Mision Emprende\",\"version\":\"1.0\"},\"paths\":{\"/\":{\"get\":{\"produces\":[\"text/html\"],\"responses\":{\"200\":{\"description\":\"Frontend\"}},\"x-amazon-apigateway-integration\":{\"httpMethod\":\"POST\",\"passthroughBehavior\":\"when_no_match\",\"type\":\"aws_proxy\",\"uri\":\"arn:aws:apigateway:us-east-1:lambda:path/2015-03-31/functions/arn:aws:lambda:us-east-1:695835257252:function:mision-emprende-dev-frontend/invocations\"}},\"options\":{\"consumes\":[\"application/json\"],\"produces\":[\"application/json\"],\"responses\":{\"200\":{\"description\":\"CORS\",\"headers\":{\"Access-Control-Allow-Headers\":{\"type\":\"string\"},\"Access-Control-Allow-Methods\":{\"type\":\"string\"},\"Access-Control-Allow-Origin\":{\"type\":\"string\"}}}},\"x-amazon-apigateway-integration\":{\"contentHandling\":\"CONVERT_TO_TEXT\",\"requestTemplates\":{\"application/json\":\"{\\\"statusCode\\\": 200}\"},\"responses\":{\"default\":{\"contentHandling\":\"CONVERT_TO_TEXT\",\"responseParameters\":{\"method.response.header.Access-Control-Allow-Headers\":\"'Content-Type,Authorization'\",\"method.response.header.Access-Control-Allow-Methods\":\"'GET,POST,OPTIONS'\",\"method.response.header.Access-Control-Allow-Origin\":\"'*'\"},\"statusCode\":\"200\"}},\"type\":\"mock\"}}},\"/api/admin-stats\":{\"get\":{\"produces\":[\"application/json\"],\"responses\":{\"200\":{\"description\":\"Success\"}},\"security\":[{\"AdminCognitoAuthorizer\":[]}],\"x-amazon-apigateway-integration\":{\"httpMethod\":\"POST\",\"passthroughBehavior\":\"when_no_match\",\"type\":\"aws_proxy\",\"uri\":\"arn:aws:apigateway:us-east-1:lambda:path/2015-03-31/functions/arn:aws:lambda:us-east-1:695835257252:function:mision-emprende-dev-admin-stats/invocations\"}},\"options\":{\"consumes\":[\"application/json\"],\"produces\":[\"application/json\"],\"responses\":{\"200\":{\"description\":\"CORS\",\"headers\":{\"Access-Control-Allow-Headers\":{\"type\":\"string\"},\"Access-Control-Allow-Methods\":{\"type\":\"string\"},\"Access-Control-Allow-Origin\":{\"type\":\"string\"}}}},\"x-amazon-apigateway-integration\":{\"contentHandling\":\"CONVERT_TO_TEXT\",\"requestTemplates\":{\"application/json\":\"{\\\"statusCode\\\": 200}\"},\"responses\":{\"default\":{\"contentHandling\":\"CONVERT_TO_TEXT\",\"responseParameters\":{\"method.response.header.Access-Control-Allow-Headers\":\"'Content-Type,Authorization'\",\"method.response.header.Access-Control-Allow-Methods\":\"'GET,POST,OPTIONS'\",\"method.response.header.Access-Control-Allow-Origin\":\"'*'\"},\"statusCode\":\"200\"}},\"type\":\"mock\"}}},\"/api/admin/next\":{\"options\":{\"consumes\":[\"application/json\"],\"produces\":[\"application/json\"],\"responses\":{\"200\":{\"description\":\"CORS\",\"headers\":{\"Access-Control-Allow-Headers\":{\"type\":\"string\"},\"Access-Control-Allow-Methods\":{\"type\":\"string\"},\"Access-Control-Allow-Origin\":{\"type\":\"string\"}}}},\"x-amazon-apigateway-integration\":{\"contentHandling\":\"CONVERT_TO_TEXT\",\"requestTemplates\":{\"application/json\":\"{\\\"statusCode\\\": 200}\"},\"responses\":{\"default\":{\"contentHandling\":\"CONVERT_TO_TEXT\",\"responseParameters\":{\"method.response.header.Access-Control-Allow-Headers\":\"'Content-Type,Authorization'\",\"method.response.header.Access-Control-Allow-Methods\":\"'GET,POST,OPTIONS'\",\"method.response.header.Access-Control-Allow-Origin\":\"'*'\"},\"statusCode\":\"200\"}},\"type\":\"mock\"}},\"post\":{\"produces\":[\"application/json\"],\"responses\":{\"200\":{\"description\":\"Success\"}},\"security\":[{\"AdminCognitoAuthorizer\":[]}],\"x-amazon-apigateway-integration\":{\"httpMethod\":\"POST\",\"passthroughBehavior\":\"when_no_match\",\"type\":\"aws_proxy\",\"uri\":\"arn:aws:apigateway:us-east-1:lambda:path/2015-03-31/functions/arn:aws:lambda:us-east-1:695835257252:function:mision-emprende-dev-admin-next/invocations\"}}},\"/api/admin/pause\":{\"options\":{\"consumes\":[\"application/json\"],\"produces\":[\"application/json\"],\"responses\":{\"200\":{\"description\":\"CORS\",\"headers\":{\"Access-Control-Allow-Headers\":{\"type\":\"string\"},\"Access-Control-Allow-Methods\":{\"type\":\"string\"},\"Access-Control-Allow-Origin\":{\"type\":\"string\"}}}},\"x-amazon-apigateway-integration\":{\"contentHandling\":\"CONVERT_TO_TEXT\",\"requestTemplates\":{\"application/json\":\"{\\\"statusCode\\\": 200}\"},\"responses\":{\"default\":{\"contentHandling\":\"CONVERT_TO_TEXT\",\"responseParameters\":{\"method.response.header.Access-Control-Allow-Headers\":\"'Content-Type,Authorization'\",\"method.response.header.Access-Control-Allow-Methods\":\"'GET,POST,OPTIONS'\",\"method.response.header.Access-Control-Allow-Origin\":\"'*'\"},\"statusCode\":\"200\"}},\"type\":\"mock\"}},\"post\":{\"produces\":[\"application/json\"],\"responses\":{\"200\":{\"description\":\"Success\"}},\"security\":[{\"AdminCognitoAuthorizer\":[]}],\"x-amazon-apigateway-integration\":{\"httpMethod\":\"POST\",\"passthroughBehavior\":\"when_no_match\",\"type\":\"aws_proxy\",\"uri\":\"arn:aws:apigateway:us-east-1:lambda:path/2015-03-31/functions/arn:aws:lambda:us-east-1:695835257252:function:mision-emprende-dev-admin-pause/invocations\"}}},\"/api/admin/start\":{\"options\":{\"consumes\":[\"application/json\"],\"produces\":[\"application/json\"],\"responses\":{\"200\":{\"description\":\"CORS\",\"headers\":{\"Access-Control-Allow-Headers\":{\"type\":\"string\"},\"Access-Control-Allow-Methods\":{\"type\":\"string\"},\"Access-Control-Allow-Origin\":{\"type\":\"string\"}}}},\"x-amazon-apigateway-integration\":{\"contentHandling\":\"CONVERT_TO_TEXT\",\"requestTemplates\":{\"application/json\":\"{\\\"statusCode\\\": 200}\"},\"responses\":{\"default\":{\"contentHandling\":\"CONVERT_TO_TEXT\",\"responseParameters\":{\"method.response.header.Access-Control-Allow-Headers\":\"'Content-Type,Authorization'\",\"method.response.header.Access-Control-Allow-Methods\":\"'GET,POST,OPTIONS'\",\"method.response.header.Access-Control-Allow-Origin\":\"'*'\"},\"statusCode\":\"200\"}},\"type\":\"mock\"}},\"post\":{\"produces\":[\"application/json\"],\"responses\":{\"200\":{\"description\":\"Success\"}},\"security\":[{\"AdminCognitoAuthorizer\":[]}],\"x-amazon-apigateway-integration\":{\"httpMethod\":\"POST\",\"passthroughBehavior\":\"when_no_match\",\"type\":\"aws_proxy\",\"uri\":\"arn:aws:apigateway:us-east-1:lambda:path/2015-03-31/functions/arn:aws:lambda:us-east-1:695835257252:function:mision-emprende-dev-admin-start/invocations\"}}},\"/api/admin/users\":{\"options\":{\"consumes\":[\"application/json\"],\"produces\":[\"application/json\"],\"responses\":{\"200\":{\"description\":\"CORS\",\"headers\":{\"Access-Control-Allow-Headers\":{\"type\":\"string\"},\"Access-Control-Allow-Methods\":{\"type\":\"string\"},\"Access-Control-Allow-Origin\":{\"type\":\"string\"}}}},\"x-amazon-apigateway-integration\":{\"contentHandling\":\"CONVERT_TO_TEXT\",\"requestTemplates\":{\"application/json\":\"{\\\"statusCode\\\": 200}\"},\"responses\":{\"default\":{\"contentHandling\":\"CONVERT_TO_TEXT\",\"responseParameters\":{\"method.response.header.Access-Control-Allow-Headers\":\"'Content-Type,Authorization'\",\"method.response.header.Access-Control-Allow-Methods\":\"'GET,POST,OPTIONS'\",\"method.response.header.Access-Control-Allow-Origin\":\"'*'\"},\"statusCode\":\"200\"}},\"type\":\"mock\"}},\"post\":{\"produces\":[\"application/json\"],\"responses\":{\"200\":{\"description\":\"Success\"}},\"security\":[{\"AdminCognitoAuthorizer\":[]}],\"x-amazon-apigateway-integration\":{\"httpMethod\":\"POST\",\"passthroughBehavior\":\"when_no_match\",\"type\":\"aws_proxy\",\"uri\":\"arn:aws:apigateway:us-east-1:lambda:path/2015-03-31/functions/arn:aws:lambda:us-east-1:695835257252:function:mision-emprende-dev-admin-create-user/invocations\"}}},\"/api/agregar-tokens\":{\"options\":{\"consumes\":[\"application/json\"],\"produces\":[\"application/json\"],\"responses\":{\"200\":{\"description\":\"CORS\",\"headers\":{\"Access-Control-Allow-Headers\":{\"type\":\"string\"},\"Access-Control-Allow-Methods\":{\"type\":\"string\"},\"Access-Control-Allow-Origin\":{\"type\":\"string\"}}}},\"x-amazon-apigateway-integration\":{\"contentHandling\":\"CONVERT_TO_TEXT\",\"requestTemplates\":{\"application/json\":\"{\\\"statusCode\\\": 200}\"},\"responses\":{\"default\":{\"contentHandling\":\"CONVERT_TO_TEXT\",\"responseParameters\":{\"method.response.header.Access-Control-Allow-Headers\":\"'Content-Type,Authorization'\",\"method.response.header.Access-Control-Allow-Methods\":\"'GET,POST,OPTIONS'\",\"method.response.header.Access-Control-Allow-Origin\":\"'*'\"},\"statusCode\":\"200\"}},\"type\":\"mock\"}},\"post\":{\"produces\":[\"application/json\"],\"responses\":{\"200\":{\"description\":\"Success\"}},\"x-amazon-apigateway-integration\":{\"httpMethod\":\"POST\",\"passthroughBehavior\":\"when_no_match\",\"type\":\"aws_proxy\",\"uri\":\"arn:aws:apigateway:us-east-1:lambda:path/2015-03-31/functions/arn:aws:lambda:us-east-1:695835257252:function:mision-emprende-dev-add-tokens/invocations\"}}},\"/api/analytics/events\":{\"options\":{\"consumes\":[\"application/json\"],\"produces\":[\"application/json\"],\"responses\":{\"200\":{\"description\":\"CORS\",\"headers\":{\"Access-Control-Allow-Headers\":{\"type\":\"string\"},\"Access-Control-Allow-Methods\":{\"type\":\"string\"},\"Access-Control-Allow-Origin\":{\"type\":\"string\"}}}},\"x-amazon-apigateway-integration\":{\"contentHandling\":\"CONVERT_TO_TEXT\",\"requestTemplates\":{\"application/json\":\"{\\\"statusCode\\\": 200}\"},\"responses\":{\"default\":{\"contentHandling\":\"CONVERT_TO_TEXT\",\"responseParameters\":{\"method.response.header.Access-Control-Allow-Headers\":\"'Content-Type,Authorization'\",\"method.response.header.Access-Control-Allow-Methods\":\"'GET,POST,OPTIONS'\",\"method.response.header.Access-Control-Allow-Origin\":\"'*'\"},\"statusCode\":\"200\"}},\"type\":\"mock\"}},\"post\":{\"produces\":[\"application/json\"],\"responses\":{\"200\":{\"description\":\"Success\"}},\"x-amazon-apigateway-integration\":{\"httpMethod\":\"POST\",\"passthroughBehavior\":\"when_no_match\",\"type\":\"aws_proxy\",\"uri\":\"arn:aws:apigateway:us-east-1:lambda:path/2015-03-31/functions/arn:aws:lambda:us-east-1:695835257252:function:mision-emprende-dev-analytics/invocations\"}}},\"/api/crear-sesion\":{\"options\":{\"consumes\":[\"application/json\"],\"produces\":[\"application/json\"],\"responses\":{\"200\":{\"description\":\"CORS\",\"headers\":{\"Access-Control-Allow-Headers\":{\"type\":\"string\"},\"Access-Control-Allow-Methods\":{\"type\":\"string\"},\"Access-Control-Allow-Origin\":{\"type\":\"string\"}}}},\"x-amazon-apigateway-integration\":{\"contentHandling\":\"CONVERT_TO_TEXT\",\"requestTemplates\":{\"application/json\":\"{\\\"statusCode\\\": 200}\"},\"responses\":{\"default\":{\"contentHandling\":\"CONVERT_TO_TEXT\",\"responseParameters\":{\"method.response.header.Access-Control-Allow-Headers\":\"'Content-Type,Authorization'\",\"method.response.header.Access-Control-Allow-Methods\":\"'GET,POST,OPTIONS'\",\"method.response.header.Access-Control-Allow-Origin\":\"'*'\"},\"statusCode\":\"200\"}},\"type\":\"mock\"}},\"post\":{\"produces\":[\"application/json\"],\"responses\":{\"200\":{\"description\":\"Success\"}},\"x-amazon-apigateway-integration\":{\"httpMethod\":\"POST\",\"passthroughBehavior\":\"when_no_match\",\"type\":\"aws_proxy\",\"uri\":\"arn:aws:apigateway:us-east-1:lambda:path/2015-03-31/functions/arn:aws:lambda:us-east-1:695835257252:function:mision-emprende-dev-create-session/invocations\"}}},\"/api/equipo-listo\":{\"options\":{\"consumes\":[\"application/json\"],\"produces\":[\"application/json\"],\"responses\":{\"200\":{\"description\":\"CORS\",\"headers\":{\"Access-Control-Allow-Headers\":{\"type\":\"string\"},\"Access-Control-Allow-Methods\":{\"type\":\"string\"},\"Access-Control-Allow-Origin\":{\"type\":\"string\"}}}},\"x-amazon-apigateway-integration\":{\"contentHandling\":\"CONVERT_TO_TEXT\",\"requestTemplates\":{\"application/json\":\"{\\\"statusCode\\\": 200}\"},\"responses\":{\"default\":{\"contentHandling\":\"CONVERT_TO_TEXT\",\"responseParameters\":{\"method.response.header.Access-Control-Allow-Headers\":\"'Content-Type,Authorization'\",\"method.response.header.Access-Control-Allow-Methods\":\"'GET,POST,OPTIONS'\",\"method.response.header.Access-Control-Allow-Origin\":\"'*'\"},\"statusCode\":\"200\"}},\"type\":\"mock\"}},\"post\":{\"produces\":[\"application/json\"],\"responses\":{\"200\":{\"description\":\"Success\"}},\"x-amazon-apigateway-integration\":{\"httpMethod\":\"POST\",\"passthroughBehavior\":\"when_no_match\",\"type\":\"aws_proxy\",\"uri\":\"arn:aws:apigateway:us-east-1:lambda:path/2015-03-31/functions/arn:aws:lambda:us-east-1:695835257252:function:mision-emprende-dev-team-ready/invocations\"}}},\"/api/equipo/terminar-fase\":{\"options\":{\"consumes\":[\"application/json\"],\"produces\":[\"application/json\"],\"responses\":{\"200\":{\"description\":\"CORS\",\"headers\":{\"Access-Control-Allow-Headers\":{\"type\":\"string\"},\"Access-Control-Allow-Methods\":{\"type\":\"string\"},\"Access-Control-Allow-Origin\":{\"type\":\"string\"}}}},\"x-amazon-apigateway-integration\":{\"contentHandling\":\"CONVERT_TO_TEXT\",\"requestTemplates\":{\"application/json\":\"{\\\"statusCode\\\": 200}\"},\"responses\":{\"default\":{\"contentHandling\":\"CONVERT_TO_TEXT\",\"responseParameters\":{\"method.response.header.Access-Control-Allow-Headers\":\"'Content-Type,Authorization'\",\"method.response.header.Access-Control-Allow-Methods\":\"'GET,POST,OPTIONS'\",\"method.response.header.Access-Control-Allow-Origin\":\"'*'\"},\"statusCode\":\"200\"}},\"type\":\"mock\"}},\"post\":{\"produces\":[\"application/json\"],\"responses\":{\"200\":{\"description\":\"Success\"}},\"x-amazon-apigateway-integration\":{\"httpMethod\":\"POST\",\"passthroughBehavior\":\"when_no_match\",\"type\":\"aws_proxy\",\"uri\":\"arn:aws:apigateway:us-east-1:lambda:path/2015-03-31/functions/arn:aws:lambda:us-east-1:695835257252:function:mision-emprende-dev-finish-phase/invocations\"}}},\"/api/estado-juego\":{\"get\":{\"produces\":[\"application/json\"],\"responses\":{\"200\":{\"description\":\"Success\"}},\"x-amazon-apigateway-integration\":{\"httpMethod\":\"POST\",\"passthroughBehavior\":\"when_no_match\",\"type\":\"aws_proxy\",\"uri\":\"arn:aws:apigateway:us-east-1:lambda:path/2015-03-31/functions/arn:aws:lambda:us-east-1:695835257252:function:mision-emprende-dev-game-state/invocations\"}},\"options\":{\"consumes\":[\"application/json\"],\"produces\":[\"application/json\"],\"responses\":{\"200\":{\"description\":\"CORS\",\"headers\":{\"Access-Control-Allow-Headers\":{\"type\":\"string\"},\"Access-Control-Allow-Methods\":{\"type\":\"string\"},\"Access-Control-Allow-Origin\":{\"type\":\"string\"}}}},\"x-amazon-apigateway-integration\":{\"contentHandling\":\"CONVERT_TO_TEXT\",\"requestTemplates\":{\"application/json\":\"{\\\"statusCode\\\": 200}\"},\"responses\":{\"default\":{\"contentHandling\":\"CONVERT_TO_TEXT\",\"responseParameters\":{\"method.response.header.Access-Control-Allow-Headers\":\"'Content-Type,Authorization'\",\"method.response.header.Access-Control-Allow-Methods\":\"'GET,POST,OPTIONS'\",\"method.response.header.Access-Control-Allow-Origin\":\"'*'\"},\"statusCode\":\"200\"}},\"type\":\"mock\"}}},\"/api/obtener-equipos/{codigo}\":{\"get\":{\"produces\":[\"application/json\"],\"responses\":{\"200\":{\"description\":\"Success\"}},\"x-amazon-apigateway-integration\":{\"httpMethod\":\"POST\",\"passthroughBehavior\":\"when_no_match\",\"type\":\"aws_proxy\",\"uri\":\"arn:aws:apigateway:us-east-1:lambda:path/2015-03-31/functions/arn:aws:lambda:us-east-1:695835257252:function:mision-emprende-dev-get-teams/invocations\"}},\"options\":{\"consumes\":[\"application/json\"],\"produces\":[\"application/json\"],\"responses\":{\"200\":{\"description\":\"CORS\",\"headers\":{\"Access-Control-Allow-Headers\":{\"type\":\"string\"},\"Access-Control-Allow-Methods\":{\"type\":\"string\"},\"Access-Control-Allow-Origin\":{\"type\":\"string\"}}}},\"x-amazon-apigateway-integration\":{\"contentHandling\":\"CONVERT_TO_TEXT\",\"requestTemplates\":{\"application/json\":\"{\\\"statusCode\\\": 200}\"},\"responses\":{\"default\":{\"contentHandling\":\"CONVERT_TO_TEXT\",\"responseParameters\":{\"method.response.header.Access-Control-Allow-Headers\":\"'Content-Type,Authorization'\",\"method.response.header.Access-Control-Allow-Methods\":\"'GET,POST,OPTIONS'\",\"method.response.header.Access-Control-Allow-Origin\":\"'*'\"},\"statusCode\":\"200\"}},\"type\":\"mock\"}}},\"/api/registrar-equipo\":{\"options\":{\"consumes\":[\"application/json\"],\"produces\":[\"application/json\"],\"responses\":{\"200\":{\"description\":\"CORS\",\"headers\":{\"Access-Control-Allow-Headers\":{\"type\":\"string\"},\"Access-Control-Allow-Methods\":{\"type\":\"string\"},\"Access-Control-Allow-Origin\":{\"type\":\"string\"}}}},\"x-amazon-apigateway-integration\":{\"contentHandling\":\"CONVERT_TO_TEXT\",\"requestTemplates\":{\"application/json\":\"{\\\"statusCode\\\": 200}\"},\"responses\":{\"default\":{\"contentHandling\":\"CONVERT_TO_TEXT\",\"responseParameters\":{\"method.response.header.Access-Control-Allow-Headers\":\"'Content-Type,Authorization'\",\"method.response.header.Access-Control-Allow-Methods\":\"'GET,POST,OPTIONS'\",\"method.response.header.Access-Control-Allow-Origin\":\"'*'\"},\"statusCode\":\"200\"}},\"type\":\"mock\"}},\"post\":{\"produces\":[\"application/json\"],\"responses\":{\"200\":{\"description\":\"Success\"}},\"x-amazon-apigateway-integration\":{\"httpMethod\":\"POST\",\"passthroughBehavior\":\"when_no_match\",\"type\":\"aws_proxy\",\"uri\":\"arn:aws:apigateway:us-east-1:lambda:path/2015-03-31/functions/arn:aws:lambda:us-east-1:695835257252:function:mision-emprende-dev-register-team/invocations\"}}},\"/api/terminar-pitch\":{\"options\":{\"consumes\":[\"application/json\"],\"produces\":[\"application/json\"],\"responses\":{\"200\":{\"description\":\"CORS\",\"headers\":{\"Access-Control-Allow-Headers\":{\"type\":\"string\"},\"Access-Control-Allow-Methods\":{\"type\":\"string\"},\"Access-Control-Allow-Origin\":{\"type\":\"string\"}}}},\"x-amazon-apigateway-integration\":{\"contentHandling\":\"CONVERT_TO_TEXT\",\"requestTemplates\":{\"application/json\":\"{\\\"statusCode\\\": 200}\"},\"responses\":{\"default\":{\"contentHandling\":\"CONVERT_TO_TEXT\",\"responseParameters\":{\"method.response.header.Access-Control-Allow-Headers\":\"'Content-Type,Authorization'\",\"method.response.header.Access-Control-Allow-Methods\":\"'GET,POST,OPTIONS'\",\"method.response.header.Access-Control-Allow-Origin\":\"'*'\"},\"statusCode\":\"200\"}},\"type\":\"mock\"}},\"post\":{\"produces\":[\"application/json\"],\"responses\":{\"200\":{\"description\":\"Success\"}},\"x-amazon-apigateway-integration\":{\"httpMethod\":\"POST\",\"passthroughBehavior\":\"when_no_match\",\"type\":\"aws_proxy\",\"uri\":\"arn:aws:apigateway:us-east-1:lambda:path/2015-03-31/functions/arn:aws:lambda:us-east-1:695835257252:function:mision-emprende-dev-finish-pitch/invocations\"}}},\"/api/validar-sesion\":{\"get\":{\"produces\":[\"application/json\"],\"responses\":{\"200\":{\"description\":\"Success\"}},\"x-amazon-apigateway-integration\":{\"httpMethod\":\"POST\",\"passthroughBehavior\":\"when_no_match\",\"type\":\"aws_proxy\",\"uri\":\"arn:aws:apigateway:us-east-1:lambda:path/2015-03-31/functions/arn:aws:lambda:us-east-1:695835257252:function:mision-emprende-dev-validate/invocations\"}},\"options\":{\"consumes\":[\"application/json\"],\"produces\":[\"application/json\"],\"responses\":{\"200\":{\"description\":\"CORS\",\"headers\":{\"Access-Control-Allow-Headers\":{\"type\":\"string\"},\"Access-Control-Allow-Methods\":{\"type\":\"string\"},\"Access-Control-Allow-Origin\":{\"type\":\"string\"}}}},\"x-amazon-apigateway-integration\":{\"contentHandling\":\"CONVERT_TO_TEXT\",\"requestTemplates\":{\"application/json\":\"{\\\"statusCode\\\": 200}\"},\"responses\":{\"default\":{\"contentHandling\":\"CONVERT_TO_TEXT\",\"responseParameters\":{\"method.response.header.Access-Control-Allow-Headers\":\"'Content-Type,Authorization'\",\"method.response.header.Access-Control-Allow-Methods\":\"'GET,POST,OPTIONS'\",\"method.response.header.Access-Control-Allow-Origin\":\"'*'\"},\"statusCode\":\"200\"}},\"type\":\"mock\"}}},\"/health\":{\"get\":{\"produces\":[\"application/json\"],\"responses\":{\"200\":{\"description\":\"Success\"}},\"x-amazon-apigateway-integration\":{\"httpMethod\":\"POST\",\"passthroughBehavior\":\"when_no_match\",\"type\":\"aws_proxy\",\"uri\":\"arn:aws:apigateway:us-east-1:lambda:path/2015-03-31/functions/arn:aws:lambda:us-east-1:695835257252:function:mision-emprende-dev-health/invocations\"}},\"options\":{\"consumes\":[\"application/json\"],\"produces\":[\"application/json\"],\"responses\":{\"200\":{\"description\":\"CORS\",\"headers\":{\"Access-Control-Allow-Headers\":{\"type\":\"string\"},\"Access-Control-Allow-Methods\":{\"type\":\"string\"},\"Access-Control-Allow-Origin\":{\"type\":\"string\"}}}},\"x-amazon-apigateway-integration\":{\"contentHandling\":\"CONVERT_TO_TEXT\",\"requestTemplates\":{\"application/json\":\"{\\\"statusCode\\\": 200}\"},\"responses\":{\"default\":{\"contentHandling\":\"CONVERT_TO_TEXT\",\"responseParameters\":{\"method.response.header.Access-Control-Allow-Headers\":\"'Content-Type,Authorization'\",\"method.response.header.Access-Control-Allow-Methods\":\"'GET,POST,OPTIONS'\",\"method.response.header.Access-Control-Allow-Origin\":\"'*'\"},\"statusCode\":\"200\"}},\"type\":\"mock\"}}},\"/{proxy+}\":{\"get\":{\"produces\":[\"application/json\"],\"responses\":{\"200\":{\"description\":\"Success\"}},\"x-amazon-apigateway-integration\":{\"httpMethod\":\"POST\",\"passthroughBehavior\":\"when_no_match\",\"type\":\"aws_proxy\",\"uri\":\"arn:aws:apigateway:us-east-1:lambda:path/2015-03-31/functions/arn:aws:lambda:us-east-1:695835257252:function:mision-emprende-dev-frontend/invocations\"}},\"options\":{\"consumes\":[\"application/json\"],\"produces\":[\"application/json\"],\"responses\":{\"200\":{\"description\":\"CORS\",\"headers\":{\"Access-Control-Allow-Headers\":{\"type\":\"string\"},\"Access-Control-Allow-Methods\":{\"type\":\"string\"},\"Access-Control-Allow-Origin\":{\"type\":\"string\"}}}},\"x-amazon-apigateway-integration\":{\"contentHandling\":\"CONVERT_TO_TEXT\",\"requestTemplates\":{\"application/json\":\"{\\\"statusCode\\\": 200}\"},\"responses\":{\"default\":{\"contentHandling\":\"CONVERT_TO_TEXT\",\"responseParameters\":{\"method.response.header.Access-Control-Allow-Headers\":\"'Content-Type,Authorization'\",\"method.response.header.Access-Control-Allow-Methods\":\"'GET,POST,OPTIONS'\",\"method.response.header.Access-Control-Allow-Origin\":\"'*'\"},\"statusCode\":\"200\"}},\"type\":\"mock\"}}}},\"schemes\":[\"https\"],\"securityDefinitions\":{\"AdminCognitoAuthorizer\":{\"in\":\"header\",\"name\":\"Authorization\",\"type\":\"apiKey\",\"x-amazon-apigateway-authorizer\":{\"providerARNs\":[\"arn:aws:cognito-idp:us-east-1:695835257252:userpool/us-east-1_ylPosjFHL\"],\"type\":\"cognito_user_pools\"},\"x-amazon-apigateway-authtype\":\"cognito_user_pools\"}},\"swagger\":\"2.0\",\"x-amazon-apigateway-binary-media-types\":[\"application/octet-stream\",\"font/woff\",\"font/woff2\",\"image/gif\",\"image/jpeg\",\"image/png\",\"image/webp\"]}",
            "created_date": "2026-08-12T00:43:36Z",
            "description": "API serverless de Mision Emprende",
            "disable_execute_api_endpoint": false,
            "endpoint_access_mode": "",
            "endpoint_configuration": [
              {
                "ip_address_type": "ipv4",
                "types": [
                  "REGIONAL"
                ],
                "vpc_endpoint_ids": []
              }
            ],
            "execution_arn": "arn:aws:execute-api:us-east-1:695835257252:3mm6y2gvu1",
            "fail_on_warnings": null,
            "id": "3mm6y2gvu1",
            "minimum_compression_size": "",
            "name": "mision-emprende-dev-api",
            "parameters": null,
            "policy": "",
            "put_rest_api_mode": null,
            "region": "us-east-1",
            "root_resource_id": "7wv1pmldr9",
            "security_policy": "TLS_1_0",
            "tags": {},
            "tags_all": {
              "Application": "mision-emprende",
              "Environment": "dev",
              "ManagedBy": "Terraform"
            },
            "timeouts": null
          },
          "sensitive_attributes": [],
          "identity_schema_version": 0,
          "identity": {
            "account_id": "695835257252",
            "id": "3mm6y2gvu1",
            "region": "us-east-1"
          },
          "private": "eyJlMmJmYjczMC1lY2FhLTExZTYtOGY4OC0zNDM2M2JjN2M0YzAiOnsiY3JlYXRlIjoxODAwMDAwMDAwMDAsImRlbGV0ZSI6MTgwMDAwMDAwMDAwLCJ1cGRhdGUiOjE4MDAwMDAwMDAwMH19",
          "dependencies": [
            "aws_cloudwatch_log_group.lambda",
            "aws_cognito_user_pool.lab_demo",
            "aws_dynamodb_table.game",
            "aws_lambda_function.cognito_custom_auth",
            "aws_lambda_function.game",
            "aws_s3_bucket.analytics",
            "aws_s3_bucket.fis_configuration",
            "aws_s3_bucket.frontend",
            "data.archive_file.backend",
            "data.aws_caller_identity.current",
            "data.aws_iam_role.execution",
            "data.aws_partition.current"
          ],
          "create_before_destroy": true
        }
      ]
    },
    {
      "mode": "managed",
      "type": "aws_api_gateway_stage",
      "name": "prod",
      "provider": "provider[\"registry.terraform.io/hashicorp/aws\"]",
      "instances": [
        {
          "schema_version": 0,
          "attributes": {
            "access_log_settings": [],
            "arn": "arn:aws:apigateway:us-east-1::/restapis/3mm6y2gvu1/stages/Prod",
            "cache_cluster_enabled": false,
            "cache_cluster_size": "",
            "canary_settings": [],
            "client_certificate_id": "",
            "deployment_id": "xpdcbv",
            "description": "",
            "documentation_version": "",
            "execution_arn": "arn:aws:execute-api:us-east-1:695835257252:3mm6y2gvu1/Prod",
            "id": "ags-3mm6y2gvu1-Prod",
            "invoke_url": "https://3mm6y2gvu1.execute-api.us-east-1.amazonaws.com/Prod",
            "region": "us-east-1",
            "rest_api_id": "3mm6y2gvu1",
            "stage_name": "Prod",
            "tags": {},
            "tags_all": {
              "Application": "mision-emprende",
              "Environment": "dev",
              "ManagedBy": "Terraform"
            },
            "variables": {},
            "web_acl_arn": "",
            "xray_tracing_enabled": true
          },
          "sensitive_attributes": [],
          "identity_schema_version": 0,
          "private": "bnVsbA==",
          "dependencies": [
            "aws_api_gateway_deployment.game",
            "aws_api_gateway_rest_api.game",
            "aws_cloudwatch_log_group.lambda",
            "aws_cognito_user_pool.lab_demo",
            "aws_dynamodb_table.game",
            "aws_lambda_function.cognito_custom_auth",
            "aws_lambda_function.game",
            "aws_lambda_permission.api",
            "aws_s3_bucket.analytics",
            "aws_s3_bucket.fis_configuration",
            "aws_s3_bucket.frontend",
            "data.archive_file.backend",
            "data.aws_caller_identity.current",
            "data.aws_iam_role.execution",
            "data.aws_partition.current"
          ]
        }
      ]
    },
    {
      "mode": "managed",
      "type": "aws_athena_workgroup",
      "name": "analytics",
      "provider": "provider[\"registry.terraform.io/hashicorp/aws\"]",
      "instances": [
        {
          "schema_version": 0,
          "attributes": {
            "arn": "arn:aws:athena:us-east-1:695835257252:workgroup/mision-emprende-dev-analytics",
            "configuration": [
              {
                "bytes_scanned_cutoff_per_query": 0,
                "customer_content_encryption_configuration": [],
                "enable_minimum_encryption_configuration": false,
                "enforce_workgroup_configuration": true,
                "engine_version": [
                  {
                    "effective_engine_version": "Athena engine version 3",
                    "selected_engine_version": "AUTO"
                  }
                ],
                "execution_role": "",
                "identity_center_configuration": [],
                "managed_query_results_configuration": [],
                "monitoring_configuration": [],
                "publish_cloudwatch_metrics_enabled": true,
                "query_results_s3_access_grants_configuration": [],
                "requester_pays_enabled": false,
                "result_configuration": [
                  {
                    "acl_configuration": [],
                    "encryption_configuration": [
                      {
                        "encryption_option": "SSE_S3",
                        "kms_key_arn": ""
                      }
                    ],
                    "expected_bucket_owner": "",
                    "output_location": "s3://mision-emprende-dev-analytics-695835257252/athena-results/"
                  }
                ]
              }
            ],
            "description": "",
            "force_destroy": false,
            "id": "mision-emprende-dev-analytics",
            "name": "mision-emprende-dev-analytics",
            "region": "us-east-1",
            "state": "ENABLED",
            "tags": {},
            "tags_all": {
              "Application": "mision-emprende",
              "Environment": "dev",
              "ManagedBy": "Terraform"
            }
          },
          "sensitive_attributes": [],
          "identity_schema_version": 0,
          "private": "bnVsbA==",
          "dependencies": [
            "aws_s3_bucket.analytics",
            "data.aws_caller_identity.current"
          ]
        }
      ]
    },
    {
      "mode": "managed",
      "type": "aws_cloudwatch_log_group",
      "name": "lambda",
      "provider": "provider[\"registry.terraform.io/hashicorp/aws\"]",
      "instances": [
        {
          "index_key": "add_tokens",
          "schema_version": 0,
          "attributes": {
            "arn": "arn:aws:logs:us-east-1:695835257252:log-group:/aws/lambda/mision-emprende-dev-add-tokens",
            "deletion_protection_enabled": false,
            "id": "/aws/lambda/mision-emprende-dev-add-tokens",
            "kms_key_id": "",
            "log_group_class": "STANDARD",
            "name": "/aws/lambda/mision-emprende-dev-add-tokens",
            "name_prefix": "",
            "region": "us-east-1",
            "retention_in_days": 14,
            "skip_destroy": false,
            "tags": {},
            "tags_all": {
              "Application": "mision-emprende",
              "Environment": "dev",
              "ManagedBy": "Terraform"
            }
          },
          "sensitive_attributes": [],
          "identity_schema_version": 0,
          "identity": {
            "account_id": "695835257252",
            "name": "/aws/lambda/mision-emprende-dev-add-tokens",
            "region": "us-east-1"
          },
          "private": "bnVsbA=="
        },
        {
          "index_key": "admin_create_user",
          "schema_version": 0,
          "attributes": {
            "arn": "arn:aws:logs:us-east-1:695835257252:log-group:/aws/lambda/mision-emprende-dev-admin-create-user",
            "deletion_protection_enabled": false,
            "id": "/aws/lambda/mision-emprende-dev-admin-create-user",
            "kms_key_id": "",
            "log_group_class": "STANDARD",
            "name": "/aws/lambda/mision-emprende-dev-admin-create-user",
            "name_prefix": "",
            "region": "us-east-1",
            "retention_in_days": 14,
            "skip_destroy": false,
            "tags": {},
            "tags_all": {
              "Application": "mision-emprende",
              "Environment": "dev",
              "ManagedBy": "Terraform"
            }
          },
          "sensitive_attributes": [],
          "identity_schema_version": 0,
          "identity": {
            "account_id": "695835257252",
            "name": "/aws/lambda/mision-emprende-dev-admin-create-user",
            "region": "us-east-1"
          },
          "private": "bnVsbA=="
        },
        {
          "index_key": "admin_next",
          "schema_version": 0,
          "attributes": {
            "arn": "arn:aws:logs:us-east-1:695835257252:log-group:/aws/lambda/mision-emprende-dev-admin-next",
            "deletion_protection_enabled": false,
            "id": "/aws/lambda/mision-emprende-dev-admin-next",
            "kms_key_id": "",
            "log_group_class": "STANDARD",
            "name": "/aws/lambda/mision-emprende-dev-admin-next",
            "name_prefix": "",
            "region": "us-east-1",
            "retention_in_days": 14,
            "skip_destroy": false,
            "tags": {},
            "tags_all": {
              "Application": "mision-emprende",
              "Environment": "dev",
              "ManagedBy": "Terraform"
            }
          },
          "sensitive_attributes": [],
          "identity_schema_version": 0,
          "identity": {
            "account_id": "695835257252",
            "name": "/aws/lambda/mision-emprende-dev-admin-next",
            "region": "us-east-1"
          },
          "private": "bnVsbA=="
        },
        {
          "index_key": "admin_pause",
          "schema_version": 0,
          "attributes": {
            "arn": "arn:aws:logs:us-east-1:695835257252:log-group:/aws/lambda/mision-emprende-dev-admin-pause",
            "deletion_protection_enabled": false,
            "id": "/aws/lambda/mision-emprende-dev-admin-pause",
            "kms_key_id": "",
            "log_group_class": "STANDARD",
            "name": "/aws/lambda/mision-emprende-dev-admin-pause",
            "name_prefix": "",
            "region": "us-east-1",
            "retention_in_days": 14,
            "skip_destroy": false,
            "tags": {},
            "tags_all": {
              "Application": "mision-emprende",
              "Environment": "dev",
              "ManagedBy": "Terraform"
            }
          },
          "sensitive_attributes": [],
          "identity_schema_version": 0,
          "identity": {
            "account_id": "695835257252",
            "name": "/aws/lambda/mision-emprende-dev-admin-pause",
            "region": "us-east-1"
          },
          "private": "bnVsbA=="
        },
        {
          "index_key": "admin_start",
          "schema_version": 0,
          "attributes": {
            "arn": "arn:aws:logs:us-east-1:695835257252:log-group:/aws/lambda/mision-emprende-dev-admin-start",
            "deletion_protection_enabled": false,
            "id": "/aws/lambda/mision-emprende-dev-admin-start",
            "kms_key_id": "",
            "log_group_class": "STANDARD",
            "name": "/aws/lambda/mision-emprende-dev-admin-start",
            "name_prefix": "",
            "region": "us-east-1",
            "retention_in_days": 14,
            "skip_destroy": false,
            "tags": {},
            "tags_all": {
              "Application": "mision-emprende",
              "Environment": "dev",
              "ManagedBy": "Terraform"
            }
          },
          "sensitive_attributes": [],
          "identity_schema_version": 0,
          "identity": {
            "account_id": "695835257252",
            "name": "/aws/lambda/mision-emprende-dev-admin-start",
            "region": "us-east-1"
          },
          "private": "bnVsbA=="
        },
        {
          "index_key": "admin_stats",
          "schema_version": 0,
          "attributes": {
            "arn": "arn:aws:logs:us-east-1:695835257252:log-group:/aws/lambda/mision-emprende-dev-admin-stats",
            "deletion_protection_enabled": false,
            "id": "/aws/lambda/mision-emprende-dev-admin-stats",
            "kms_key_id": "",
            "log_group_class": "STANDARD",
            "name": "/aws/lambda/mision-emprende-dev-admin-stats",
            "name_prefix": "",
            "region": "us-east-1",
            "retention_in_days": 14,
            "skip_destroy": false,
            "tags": {},
            "tags_all": {
              "Application": "mision-emprende",
              "Environment": "dev",
              "ManagedBy": "Terraform"
            }
          },
          "sensitive_attributes": [],
          "identity_schema_version": 0,
          "identity": {
            "account_id": "695835257252",
            "name": "/aws/lambda/mision-emprende-dev-admin-stats",
            "region": "us-east-1"
          },
          "private": "bnVsbA=="
        },
        {
          "index_key": "analytics",
          "schema_version": 0,
          "attributes": {
            "arn": "arn:aws:logs:us-east-1:695835257252:log-group:/aws/lambda/mision-emprende-dev-analytics",
            "deletion_protection_enabled": false,
            "id": "/aws/lambda/mision-emprende-dev-analytics",
            "kms_key_id": "",
            "log_group_class": "STANDARD",
            "name": "/aws/lambda/mision-emprende-dev-analytics",
            "name_prefix": "",
            "region": "us-east-1",
            "retention_in_days": 14,
            "skip_destroy": false,
            "tags": {},
            "tags_all": {
              "Application": "mision-emprende",
              "Environment": "dev",
              "ManagedBy": "Terraform"
            }
          },
          "sensitive_attributes": [],
          "identity_schema_version": 0,
          "identity": {
            "account_id": "695835257252",
            "name": "/aws/lambda/mision-emprende-dev-analytics",
            "region": "us-east-1"
          },
          "private": "bnVsbA=="
        },
        {
          "index_key": "create_session",
          "schema_version": 0,
          "attributes": {
            "arn": "arn:aws:logs:us-east-1:695835257252:log-group:/aws/lambda/mision-emprende-dev-create-session",
            "deletion_protection_enabled": false,
            "id": "/aws/lambda/mision-emprende-dev-create-session",
            "kms_key_id": "",
            "log_group_class": "STANDARD",
            "name": "/aws/lambda/mision-emprende-dev-create-session",
            "name_prefix": "",
            "region": "us-east-1",
            "retention_in_days": 14,
            "skip_destroy": false,
            "tags": {},
            "tags_all": {
              "Application": "mision-emprende",
              "Environment": "dev",
              "ManagedBy": "Terraform"
            }
          },
          "sensitive_attributes": [],
          "identity_schema_version": 0,
          "identity": {
            "account_id": "695835257252",
            "name": "/aws/lambda/mision-emprende-dev-create-session",
            "region": "us-east-1"
          },
          "private": "bnVsbA=="
        },
        {
          "index_key": "finish_phase",
          "schema_version": 0,
          "attributes": {
            "arn": "arn:aws:logs:us-east-1:695835257252:log-group:/aws/lambda/mision-emprende-dev-finish-phase",
            "deletion_protection_enabled": false,
            "id": "/aws/lambda/mision-emprende-dev-finish-phase",
            "kms_key_id": "",
            "log_group_class": "STANDARD",
            "name": "/aws/lambda/mision-emprende-dev-finish-phase",
            "name_prefix": "",
            "region": "us-east-1",
            "retention_in_days": 14,
            "skip_destroy": false,
            "tags": {},
            "tags_all": {
              "Application": "mision-emprende",
              "Environment": "dev",
              "ManagedBy": "Terraform"
            }
          },
          "sensitive_attributes": [],
          "identity_schema_version": 0,
          "identity": {
            "account_id": "695835257252",
            "name": "/aws/lambda/mision-emprende-dev-finish-phase",
            "region": "us-east-1"
          },
          "private": "bnVsbA=="
        },
        {
          "index_key": "finish_pitch",
          "schema_version": 0,
          "attributes": {
            "arn": "arn:aws:logs:us-east-1:695835257252:log-group:/aws/lambda/mision-emprende-dev-finish-pitch",
            "deletion_protection_enabled": false,
            "id": "/aws/lambda/mision-emprende-dev-finish-pitch",
            "kms_key_id": "",
            "log_group_class": "STANDARD",
            "name": "/aws/lambda/mision-emprende-dev-finish-pitch",
            "name_prefix": "",
            "region": "us-east-1",
            "retention_in_days": 14,
            "skip_destroy": false,
            "tags": {},
            "tags_all": {
              "Application": "mision-emprende",
              "Environment": "dev",
              "ManagedBy": "Terraform"
            }
          },
          "sensitive_attributes": [],
          "identity_schema_version": 0,
          "identity": {
            "account_id": "695835257252",
            "name": "/aws/lambda/mision-emprende-dev-finish-pitch",
            "region": "us-east-1"
          },
          "private": "bnVsbA=="
        },
        {
          "index_key": "frontend",
          "schema_version": 0,
          "attributes": {
            "arn": "arn:aws:logs:us-east-1:695835257252:log-group:/aws/lambda/mision-emprende-dev-frontend",
            "deletion_protection_enabled": false,
            "id": "/aws/lambda/mision-emprende-dev-frontend",
            "kms_key_id": "",
            "log_group_class": "STANDARD",
            "name": "/aws/lambda/mision-emprende-dev-frontend",
            "name_prefix": "",
            "region": "us-east-1",
            "retention_in_days": 14,
            "skip_destroy": false,
            "tags": {},
            "tags_all": {
              "Application": "mision-emprende",
              "Environment": "dev",
              "ManagedBy": "Terraform"
            }
          },
          "sensitive_attributes": [],
          "identity_schema_version": 0,
          "identity": {
            "account_id": "695835257252",
            "name": "/aws/lambda/mision-emprende-dev-frontend",
            "region": "us-east-1"
          },
          "private": "bnVsbA=="
        },
        {
          "index_key": "game_state",
          "schema_version": 0,
          "attributes": {
            "arn": "arn:aws:logs:us-east-1:695835257252:log-group:/aws/lambda/mision-emprende-dev-game-state",
            "deletion_protection_enabled": false,
            "id": "/aws/lambda/mision-emprende-dev-game-state",
            "kms_key_id": "",
            "log_group_class": "STANDARD",
            "name": "/aws/lambda/mision-emprende-dev-game-state",
            "name_prefix": "",
            "region": "us-east-1",
            "retention_in_days": 14,
            "skip_destroy": false,
            "tags": {},
            "tags_all": {
              "Application": "mision-emprende",
              "Environment": "dev",
              "ManagedBy": "Terraform"
            }
          },
          "sensitive_attributes": [],
          "identity_schema_version": 0,
          "identity": {
            "account_id": "695835257252",
            "name": "/aws/lambda/mision-emprende-dev-game-state",
            "region": "us-east-1"
          },
          "private": "bnVsbA=="
        },
        {
          "index_key": "get_teams",
          "schema_version": 0,
          "attributes": {
            "arn": "arn:aws:logs:us-east-1:695835257252:log-group:/aws/lambda/mision-emprende-dev-get-teams",
            "deletion_protection_enabled": false,
            "id": "/aws/lambda/mision-emprende-dev-get-teams",
            "kms_key_id": "",
            "log_group_class": "STANDARD",
            "name": "/aws/lambda/mision-emprende-dev-get-teams",
            "name_prefix": "",
            "region": "us-east-1",
            "retention_in_days": 14,
            "skip_destroy": false,
            "tags": {},
            "tags_all": {
              "Application": "mision-emprende",
              "Environment": "dev",
              "ManagedBy": "Terraform"
            }
          },
          "sensitive_attributes": [],
          "identity_schema_version": 0,
          "identity": {
            "account_id": "695835257252",
            "name": "/aws/lambda/mision-emprende-dev-get-teams",
            "region": "us-east-1"
          },
          "private": "bnVsbA=="
        },
        {
          "index_key": "health",
          "schema_version": 0,
          "attributes": {
            "arn": "arn:aws:logs:us-east-1:695835257252:log-group:/aws/lambda/mision-emprende-dev-health",
            "deletion_protection_enabled": false,
            "id": "/aws/lambda/mision-emprende-dev-health",
            "kms_key_id": "",
            "log_group_class": "STANDARD",
            "name": "/aws/lambda/mision-emprende-dev-health",
            "name_prefix": "",
            "region": "us-east-1",
            "retention_in_days": 14,
            "skip_destroy": false,
            "tags": {},
            "tags_all": {
              "Application": "mision-emprende",
              "Environment": "dev",
              "ManagedBy": "Terraform"
            }
          },
          "sensitive_attributes": [],
          "identity_schema_version": 0,
          "identity": {
            "account_id": "695835257252",
            "name": "/aws/lambda/mision-emprende-dev-health",
            "region": "us-east-1"
          },
          "private": "bnVsbA=="
        },
        {
          "index_key": "register_team",
          "schema_version": 0,
          "attributes": {
            "arn": "arn:aws:logs:us-east-1:695835257252:log-group:/aws/lambda/mision-emprende-dev-register-team",
            "deletion_protection_enabled": false,
            "id": "/aws/lambda/mision-emprende-dev-register-team",
            "kms_key_id": "",
            "log_group_class": "STANDARD",
            "name": "/aws/lambda/mision-emprende-dev-register-team",
            "name_prefix": "",
            "region": "us-east-1",
            "retention_in_days": 14,
            "skip_destroy": false,
            "tags": {},
            "tags_all": {
              "Application": "mision-emprende",
              "Environment": "dev",
              "ManagedBy": "Terraform"
            }
          },
          "sensitive_attributes": [],
          "identity_schema_version": 0,
          "identity": {
            "account_id": "695835257252",
            "name": "/aws/lambda/mision-emprende-dev-register-team",
            "region": "us-east-1"
          },
          "private": "bnVsbA=="
        },
        {
          "index_key": "team_ready",
          "schema_version": 0,
          "attributes": {
            "arn": "arn:aws:logs:us-east-1:695835257252:log-group:/aws/lambda/mision-emprende-dev-team-ready",
            "deletion_protection_enabled": false,
            "id": "/aws/lambda/mision-emprende-dev-team-ready",
            "kms_key_id": "",
            "log_group_class": "STANDARD",
            "name": "/aws/lambda/mision-emprende-dev-team-ready",
            "name_prefix": "",
            "region": "us-east-1",
            "retention_in_days": 14,
            "skip_destroy": false,
            "tags": {},
            "tags_all": {
              "Application": "mision-emprende",
              "Environment": "dev",
              "ManagedBy": "Terraform"
            }
          },
          "sensitive_attributes": [],
          "identity_schema_version": 0,
          "identity": {
            "account_id": "695835257252",
            "name": "/aws/lambda/mision-emprende-dev-team-ready",
            "region": "us-east-1"
          },
          "private": "bnVsbA=="
        },
        {
          "index_key": "validate",
          "schema_version": 0,
          "attributes": {
            "arn": "arn:aws:logs:us-east-1:695835257252:log-group:/aws/lambda/mision-emprende-dev-validate",
            "deletion_protection_enabled": false,
            "id": "/aws/lambda/mision-emprende-dev-validate",
            "kms_key_id": "",
            "log_group_class": "STANDARD",
            "name": "/aws/lambda/mision-emprende-dev-validate",
            "name_prefix": "",
            "region": "us-east-1",
            "retention_in_days": 14,
            "skip_destroy": false,
            "tags": {},
            "tags_all": {
              "Application": "mision-emprende",
              "Environment": "dev",
              "ManagedBy": "Terraform"
            }
          },
          "sensitive_attributes": [],
          "identity_schema_version": 0,
          "identity": {
            "account_id": "695835257252",
            "name": "/aws/lambda/mision-emprende-dev-validate",
            "region": "us-east-1"
          },
          "private": "bnVsbA=="
        }
      ]
    },
    {
      "mode": "managed",
      "type": "aws_cognito_user_group",
      "name": "admins",
      "provider": "provider[\"registry.terraform.io/hashicorp/aws\"]",
      "instances": [
        {
          "schema_version": 0,
          "attributes": {
            "description": "Administradores autorizados de Mision Emprende",
            "id": "us-east-1_r65Nospy8/Admins",
            "name": "Admins",
            "precedence": 0,
            "region": "us-east-1",
            "role_arn": "",
            "user_pool_id": "us-east-1_r65Nospy8"
          },
          "sensitive_attributes": [],
          "identity_schema_version": 0,
          "private": "bnVsbA==",
          "dependencies": [
            "aws_cognito_user_pool.admin"
          ]
        }
      ]
    },
    {
      "mode": "managed",
      "type": "aws_cognito_user_group",
      "name": "lab_demo_admins",
      "provider": "provider[\"registry.terraform.io/hashicorp/aws\"]",
      "instances": [
        {
          "schema_version": 0,
          "attributes": {
            "description": "Administrador aislado para la demostración del AWS Lab",
            "id": "us-east-1_ylPosjFHL/Admins",
            "name": "Admins",
            "precedence": 0,
            "region": "us-east-1",
            "role_arn": "",
            "user_pool_id": "us-east-1_ylPosjFHL"
          },
          "sensitive_attributes": [],
          "identity_schema_version": 0,
          "private": "bnVsbA==",
          "dependencies": [
            "aws_cognito_user_pool.lab_demo",
            "aws_lambda_function.cognito_custom_auth",
            "data.archive_file.backend",
            "data.aws_iam_role.execution"
          ]
        }
      ]
    },
    {
      "mode": "managed",
      "type": "aws_cognito_user_pool",
      "name": "admin",
      "provider": "provider[\"registry.terraform.io/hashicorp/aws\"]",
      "instances": [
        {
          "schema_version": 0,
          "attributes": {
            "account_recovery_setting": [
              {
                "recovery_mechanism": [
                  {
                    "name": "verified_email",
                    "priority": 1
                  }
                ]
              }
            ],
            "admin_create_user_config": [
              {
                "allow_admin_create_user_only": true,
                "invite_message_template": []
              }
            ],
            "alias_attributes": null,
            "arn": "arn:aws:cognito-idp:us-east-1:695835257252:userpool/us-east-1_r65Nospy8",
            "auto_verified_attributes": [
              "email"
            ],
            "creation_date": "2026-08-11T23:52:26Z",
            "custom_domain": "",
            "deletion_protection": "ACTIVE",
            "device_configuration": [],
            "domain": "mision-emprende-dev-admin-695835257252",
            "email_configuration": [
              {
                "configuration_set": "",
                "email_sending_account": "COGNITO_DEFAULT",
                "from_email_address": "",
                "reply_to_email_address": "",
                "source_arn": ""
              }
            ],
            "email_mfa_configuration": [],
            "email_verification_message": "",
            "email_verification_subject": "",
            "endpoint": "cognito-idp.us-east-1.amazonaws.com/us-east-1_r65Nospy8",
            "estimated_number_of_users": 1,
            "id": "us-east-1_r65Nospy8",
            "lambda_config": [],
            "last_modified_date": "2026-08-12T15:38:43Z",
            "mfa_configuration": "OPTIONAL",
            "name": "mision-emprende-dev-admins",
            "password_policy": [
              {
                "minimum_length": 12,
                "password_history_size": 0,
                "require_lowercase": true,
                "require_numbers": true,
                "require_symbols": true,
                "require_uppercase": true,
                "temporary_password_validity_days": 7
              }
            ],
            "region": "us-east-1",
            "schema": [],
            "sign_in_policy": [
              {
                "allowed_first_auth_factors": [
                  "PASSWORD"
                ]
              }
            ],
            "sms_authentication_message": "",
            "sms_configuration": [],
            "sms_verification_message": "",
            "software_token_mfa_configuration": [
              {
                "enabled": true
              }
            ],
            "tags": {},
            "tags_all": {
              "Application": "mision-emprende",
              "Environment": "dev",
              "ManagedBy": "Terraform"
            },
            "user_attribute_update_settings": [],
            "user_pool_add_ons": [],
            "user_pool_tier": "ESSENTIALS",
            "username_attributes": [
              "email"
            ],
            "username_configuration": [],
            "verification_message_template": [
              {
                "default_email_option": "CONFIRM_WITH_CODE",
                "email_message": "",
                "email_message_by_link": "",
                "email_subject": "",
                "email_subject_by_link": "",
                "sms_message": ""
              }
            ],
            "web_authn_configuration": []
          },
          "sensitive_attributes": [],
          "identity_schema_version": 0,
          "private": "bnVsbA=="
        }
      ]
    },
    {
      "mode": "managed",
      "type": "aws_cognito_user_pool",
      "name": "lab_demo",
      "provider": "provider[\"registry.terraform.io/hashicorp/aws\"]",
      "instances": [
        {
          "schema_version": 0,
          "attributes": {
            "account_recovery_setting": [
              {
                "recovery_mechanism": [
                  {
                    "name": "verified_email",
                    "priority": 1
                  },
                  {
                    "name": "verified_phone_number",
                    "priority": 2
                  }
                ]
              }
            ],
            "admin_create_user_config": [
              {
                "allow_admin_create_user_only": true,
                "invite_message_template": []
              }
            ],
            "alias_attributes": null,
            "arn": "arn:aws:cognito-idp:us-east-1:695835257252:userpool/us-east-1_ylPosjFHL",
            "auto_verified_attributes": [],
            "creation_date": "2026-08-12T16:53:44Z",
            "custom_domain": "",
            "deletion_protection": "INACTIVE",
            "device_configuration": [],
            "domain": "",
            "email_configuration": [
              {
                "configuration_set": "",
                "email_sending_account": "COGNITO_DEFAULT",
                "from_email_address": "",
                "reply_to_email_address": "",
                "source_arn": ""
              }
            ],
            "email_mfa_configuration": [],
            "email_verification_message": "",
            "email_verification_subject": "",
            "endpoint": "cognito-idp.us-east-1.amazonaws.com/us-east-1_ylPosjFHL",
            "estimated_number_of_users": 1,
            "id": "us-east-1_ylPosjFHL",
            "lambda_config": [
              {
                "create_auth_challenge": "arn:aws:lambda:us-east-1:695835257252:function:mision-emprende-dev-cognito-custom-auth",
                "custom_email_sender": [],
                "custom_message": "",
                "custom_sms_sender": [],
                "define_auth_challenge": "arn:aws:lambda:us-east-1:695835257252:function:mision-emprende-dev-cognito-custom-auth",
                "kms_key_id": "",
                "post_authentication": "",
                "post_confirmation": "",
                "pre_authentication": "",
                "pre_sign_up": "",
                "pre_token_generation": "",
                "pre_token_generation_config": [],
                "user_migration": "",
                "verify_auth_challenge_response": "arn:aws:lambda:us-east-1:695835257252:function:mision-emprende-dev-cognito-custom-auth"
              }
            ],
            "last_modified_date": "2026-08-12T16:53:44Z",
            "mfa_configuration": "OFF",
            "name": "mision-emprende-dev-lab-demo",
            "password_policy": [
              {
                "minimum_length": 12,
                "password_history_size": 0,
                "require_lowercase": true,
                "require_numbers": true,
                "require_symbols": true,
                "require_uppercase": true,
                "temporary_password_validity_days": 1
              }
            ],
            "region": "us-east-1",
            "schema": [],
            "sign_in_policy": [
              {
                "allowed_first_auth_factors": [
                  "PASSWORD"
                ]
              }
            ],
            "sms_authentication_message": "",
            "sms_configuration": [],
            "sms_verification_message": "",
            "software_token_mfa_configuration": [],
            "tags": {},
            "tags_all": {
              "Application": "mision-emprende",
              "Environment": "dev",
              "ManagedBy": "Terraform"
            },
            "user_attribute_update_settings": [],
            "user_pool_add_ons": [],
            "user_pool_tier": "ESSENTIALS",
            "username_attributes": [],
            "username_configuration": [],
            "verification_message_template": [
              {
                "default_email_option": "CONFIRM_WITH_CODE",
                "email_message": "",
                "email_message_by_link": "",
                "email_subject": "",
                "email_subject_by_link": "",
                "sms_message": ""
              }
            ],
            "web_authn_configuration": []
          },
          "sensitive_attributes": [],
          "identity_schema_version": 0,
          "private": "bnVsbA==",
          "dependencies": [
            "aws_lambda_function.cognito_custom_auth",
            "data.archive_file.backend",
            "data.aws_iam_role.execution"
          ]
        }
      ]
    },
    {
      "mode": "managed",
      "type": "aws_cognito_user_pool_client",
      "name": "admin",
      "provider": "provider[\"registry.terraform.io/hashicorp/aws\"]",
      "instances": [
        {
          "schema_version": 0,
          "attributes": {
            "access_token_validity": 60,
            "allowed_oauth_flows": [
              "code"
            ],
            "allowed_oauth_flows_user_pool_client": true,
            "allowed_oauth_scopes": [
              "email",
              "openid",
              "profile"
            ],
            "analytics_configuration": [],
            "auth_session_validity": 3,
            "callback_urls": [
              "https://3mm6y2gvu1.execute-api.us-east-1.amazonaws.com/Prod/panel-admin/index.html"
            ],
            "client_secret": "",
            "default_redirect_uri": "",
            "enable_propagate_additional_user_context_data": false,
            "enable_token_revocation": true,
            "explicit_auth_flows": [],
            "generate_secret": false,
            "id": "40r537mol553461bpgh0gfbmhm",
            "id_token_validity": 60,
            "logout_urls": [
              "https://3mm6y2gvu1.execute-api.us-east-1.amazonaws.com/Prod/panel-admin/index.html"
            ],
            "name": "mision-emprende-dev-admin-web",
            "prevent_user_existence_errors": "ENABLED",
            "read_attributes": [],
            "refresh_token_rotation": [],
            "refresh_token_validity": 1,
            "region": "us-east-1",
            "supported_identity_providers": [
              "COGNITO"
            ],
            "token_validity_units": [
              {
                "access_token": "minutes",
                "id_token": "minutes",
                "refresh_token": "days"
              }
            ],
            "user_pool_id": "us-east-1_r65Nospy8",
            "write_attributes": []
          },
          "sensitive_attributes": [
            [
              {
                "type": "get_attr",
                "value": "client_secret"
              }
            ]
          ],
          "identity_schema_version": 0,
          "dependencies": [
            "aws_api_gateway_deployment.game",
            "aws_api_gateway_rest_api.game",
            "aws_api_gateway_stage.prod",
            "aws_cloudfront_distribution.frontend",
            "aws_cloudfront_function.clean_urls",
            "aws_cloudfront_origin_access_control.frontend",
            "aws_cloudwatch_log_group.lambda",
            "aws_cognito_user_pool.admin",
            "aws_dynamodb_table.game",
            "aws_lambda_function.game",
            "aws_lambda_permission.api",
            "aws_s3_bucket.analytics",
            "aws_s3_bucket.fis_configuration",
            "aws_s3_bucket.frontend",
            "data.archive_file.backend",
            "data.aws_caller_identity.current",
            "data.aws_iam_role.execution",
            "data.aws_partition.current"
          ]
        }
      ]
    },
    {
      "mode": "managed",
      "type": "aws_cognito_user_pool_client",
      "name": "lab_demo",
      "provider": "provider[\"registry.terraform.io/hashicorp/aws\"]",
      "instances": [
        {
          "schema_version": 0,
          "attributes": {
            "access_token_validity": 60,
            "allowed_oauth_flows": [],
            "allowed_oauth_flows_user_pool_client": false,
            "allowed_oauth_scopes": [],
            "analytics_configuration": [],
            "auth_session_validity": 3,
            "callback_urls": [],
            "client_secret": "",
            "default_redirect_uri": "",
            "enable_propagate_additional_user_context_data": false,
            "enable_token_revocation": true,
            "explicit_auth_flows": [
              "ALLOW_CUSTOM_AUTH",
              "ALLOW_REFRESH_TOKEN_AUTH"
            ],
            "generate_secret": false,
            "id": "15ggulgpgmi9bn3mp5ohjro8dp",
            "id_token_validity": 60,
            "logout_urls": [],
            "name": "mision-emprende-dev-lab-demo-web",
            "prevent_user_existence_errors": "ENABLED",
            "read_attributes": [],
            "refresh_token_rotation": [],
            "refresh_token_validity": 1,
            "region": "us-east-1",
            "supported_identity_providers": [],
            "token_validity_units": [
              {
                "access_token": "minutes",
                "id_token": "minutes",
                "refresh_token": "days"
              }
            ],
            "user_pool_id": "us-east-1_ylPosjFHL",
            "write_attributes": []
          },
          "sensitive_attributes": [
            [
              {
                "type": "get_attr",
                "value": "client_secret"
              }
            ]
          ],
          "identity_schema_version": 0,
          "dependencies": [
            "aws_cognito_user_pool.lab_demo",
            "aws_lambda_function.cognito_custom_auth",
            "data.archive_file.backend",
            "data.aws_iam_role.execution"
          ]
        }
      ]
    },
    {
      "mode": "managed",
      "type": "aws_cognito_user_pool_domain",
      "name": "admin",
      "provider": "provider[\"registry.terraform.io/hashicorp/aws\"]",
      "instances": [
        {
          "schema_version": 0,
          "attributes": {
            "aws_account_id": "695835257252",
            "certificate_arn": "",
            "cloudfront_distribution": "d3oia8etllorh5.cloudfront.net",
            "cloudfront_distribution_arn": "d3oia8etllorh5.cloudfront.net",
            "cloudfront_distribution_zone_id": "Z2FDTNDATAQYW2",
            "domain": "mision-emprende-dev-admin-695835257252",
            "id": "mision-emprende-dev-admin-695835257252",
            "managed_login_version": 1,
            "region": "us-east-1",
            "s3_bucket": "aws-cognito-prod-iad-assets",
            "user_pool_id": "us-east-1_r65Nospy8",
            "version": "20260811235228"
          },
          "sensitive_attributes": [],
          "identity_schema_version": 0,
          "private": "bnVsbA==",
          "dependencies": [
            "aws_cognito_user_pool.admin",
            "data.aws_caller_identity.current"
          ]
        }
      ]
    },
    {
      "mode": "managed",
      "type": "aws_dynamodb_table",
      "name": "game",
      "provider": "provider[\"registry.terraform.io/hashicorp/aws\"]",
      "instances": [
        {
          "schema_version": 1,
          "attributes": {
            "arn": "arn:aws:dynamodb:us-east-1:695835257252:table/mision-emprende-dev-game",
            "attribute": [
              {
                "name": "GSI1PK",
                "type": "S"
              },
              {
                "name": "GSI1SK",
                "type": "S"
              },
              {
                "name": "GSI2PK",
                "type": "S"
              },
              {
                "name": "GSI2SK",
                "type": "S"
              },
              {
                "name": "PK",
                "type": "S"
              },
              {
                "name": "SK",
                "type": "S"
              }
            ],
            "billing_mode": "PAY_PER_REQUEST",
            "deletion_protection_enabled": true,
            "global_secondary_index": [
              {
                "hash_key": "GSI1PK",
                "key_schema": [
                  {
                    "attribute_name": "GSI1PK",
                    "key_type": "HASH"
                  },
                  {
                    "attribute_name": "GSI1SK",
                    "key_type": "RANGE"
                  }
                ],
                "name": "GSI1",
                "non_key_attributes": [],
                "on_demand_throughput": [],
                "projection_type": "ALL",
                "range_key": "GSI1SK",
                "read_capacity": 0,
                "warm_throughput": [],
                "write_capacity": 0
              },
              {
                "hash_key": "GSI2PK",
                "key_schema": [
                  {
                    "attribute_name": "GSI2PK",
                    "key_type": "HASH"
                  },
                  {
                    "attribute_name": "GSI2SK",
                    "key_type": "RANGE"
                  }
                ],
                "name": "GSI2",
                "non_key_attributes": [],
                "on_demand_throughput": [],
                "projection_type": "ALL",
                "range_key": "GSI2SK",
                "read_capacity": 0,
                "warm_throughput": [],
                "write_capacity": 0
              }
            ],
            "global_table_witness": [],
            "hash_key": "PK",
            "id": "mision-emprende-dev-game",
            "import_table": [],
            "local_secondary_index": [],
            "name": "mision-emprende-dev-game",
            "on_demand_throughput": [],
            "point_in_time_recovery": [
              {
                "enabled": true,
                "recovery_period_in_days": 35
              }
            ],
            "range_key": "SK",
            "read_capacity": 0,
            "region": "us-east-1",
            "replica": [
              {
                "arn": "arn:aws:dynamodb:us-west-2:695835257252:table/mision-emprende-dev-game",
                "consistency_mode": "EVENTUAL",
                "deletion_protection_enabled": false,
                "kms_key_arn": "",
                "point_in_time_recovery": true,
                "propagate_tags": true,
                "region_name": "us-west-2",
                "stream_arn": "arn:aws:dynamodb:us-west-2:695835257252:table/mision-emprende-dev-game/stream/2026-08-12T01:21:42.358",
                "stream_label": "2026-08-12T01:21:42.358"
              }
            ],
            "restore_backup_arn": null,
            "restore_date_time": null,
            "restore_source_name": null,
            "restore_source_table_arn": null,
            "restore_to_latest_time": null,
            "server_side_encryption": [
              {
                "enabled": true,
                "kms_key_arn": ""
              }
            ],
            "stream_arn": "arn:aws:dynamodb:us-east-1:695835257252:table/mision-emprende-dev-game/stream/2026-08-11T23:52:25.739",
            "stream_enabled": true,
            "stream_label": "2026-08-11T23:52:25.739",
            "stream_view_type": "NEW_AND_OLD_IMAGES",
            "table_class": "STANDARD",
            "tags": {
              "DisruptDynamoDb": "Allowed"
            },
            "tags_all": {
              "Application": "mision-emprende",
              "DisruptDynamoDb": "Allowed",
              "Environment": "dev",
              "ManagedBy": "Terraform"
            },
            "timeouts": null,
            "ttl": [
              {
                "attribute_name": "",
                "enabled": false
              }
            ],
            "warm_throughput": [],
            "write_capacity": 0
          },
          "sensitive_attributes": [],
          "identity_schema_version": 0,
          "identity": {
            "account_id": "695835257252",
            "name": "mision-emprende-dev-game",
            "region": "us-east-1"
          },
          "private": "eyJlMmJmYjczMC1lY2FhLTExZTYtOGY4OC0zNDM2M2JjN2M0YzAiOnsiY3JlYXRlIjoxODAwMDAwMDAwMDAwLCJkZWxldGUiOjYwMDAwMDAwMDAwMCwidXBkYXRlIjozNjAwMDAwMDAwMDAwfSwic2NoZW1hX3ZlcnNpb24iOiIxIn0="
        }
      ]
    },
    {
      "mode": "managed",
      "type": "aws_glue_catalog_database",
      "name": "analytics",
      "provider": "provider[\"registry.terraform.io/hashicorp/aws\"]",
      "instances": [
        {
          "schema_version": 0,
          "attributes": {
            "arn": "arn:aws:glue:us-east-1:695835257252:database/mision_emprende_dev_analytics",
            "catalog_id": "695835257252",
            "create_table_default_permission": [
              {
                "permissions": [
                  "ALL"
                ],
                "principal": [
                  {
                    "data_lake_principal_identifier": "IAM_ALLOWED_PRINCIPALS"
                  }
                ]
              }
            ],
            "description": "",
            "federated_database": [],
            "id": "695835257252:mision_emprende_dev_analytics",
            "location_uri": "",
            "name": "mision_emprende_dev_analytics",
            "parameters": {},
            "region": "us-east-1",
            "tags": {},
            "tags_all": {
              "Application": "mision-emprende",
              "Environment": "dev",
              "ManagedBy": "Terraform"
            },
            "target_database": []
          },
          "sensitive_attributes": [],
          "identity_schema_version": 0,
          "private": "bnVsbA=="
        }
      ]
    },
    {
      "mode": "managed",
      "type": "aws_glue_catalog_table",
      "name": "events",
      "provider": "provider[\"registry.terraform.io/hashicorp/aws\"]",
      "instances": [
        {
          "schema_version": 0,
          "attributes": {
            "arn": "arn:aws:glue:us-east-1:695835257252:table/mision_emprende_dev_analytics/interaction_events",
            "catalog_id": "695835257252",
            "database_name": "mision_emprende_dev_analytics",
            "description": "",
            "id": "695835257252:mision_emprende_dev_analytics:interaction_events",
            "name": "interaction_events",
            "open_table_format_input": [],
            "owner": "",
            "parameters": {
              "EXTERNAL": "TRUE",
              "projection.day.digits": "2",
              "projection.day.range": "1,31",
              "projection.day.type": "integer",
              "projection.enabled": "true",
              "projection.hour.digits": "2",
              "projection.hour.range": "0,23",
              "projection.hour.type": "integer",
              "projection.month.digits": "2",
              "projection.month.range": "1,12",
              "projection.month.type": "integer",
              "projection.year.range": "2025,2035",
              "projection.year.type": "integer",
              "storage.location.template": "s3://mision-emprende-dev-analytics-695835257252/raw/year=${year}/month=${month}/day=${day}/hour=${hour}/"
            },
            "partition_index": [],
            "partition_keys": [
              {
                "comment": "",
                "name": "year",
                "parameters": {},
                "type": "string"
              },
              {
                "comment": "",
                "name": "month",
                "parameters": {},
                "type": "string"
              },
              {
                "comment": "",
                "name": "day",
                "parameters": {},
                "type": "string"
              },
              {
                "comment": "",
                "name": "hour",
                "parameters": {},
                "type": "string"
              }
            ],
            "region": "us-east-1",
            "retention": 0,
            "storage_descriptor": [
              {
                "additional_locations": [],
                "bucket_columns": [],
                "columns": [
                  {
                    "comment": "",
                    "name": "event_id",
                    "parameters": {},
                    "type": "string"
                  },
                  {
                    "comment": "",
                    "name": "event_type",
                    "parameters": {},
                    "type": "string"
                  },
                  {
                    "comment": "",
                    "name": "session_code",
                    "parameters": {},
                    "type": "string"
                  },
                  {
                    "comment": "",
                    "name": "team_name",
                    "parameters": {},
                    "type": "string"
                  },
                  {
                    "comment": "",
                    "name": "stage",
                    "parameters": {},
                    "type": "int"
                  },
                  {
                    "comment": "",
                    "name": "action",
                    "parameters": {},
                    "type": "string"
                  },
                  {
                    "comment": "",
                    "name": "duration_ms",
                    "parameters": {},
                    "type": "bigint"
                  },
                  {
                    "comment": "",
                    "name": "timed_out",
                    "parameters": {},
                    "type": "boolean"
                  },
                  {
                    "comment": "",
                    "name": "client_timestamp",
                    "parameters": {},
                    "type": "string"
                  },
                  {
                    "comment": "",
                    "name": "timestamp",
                    "parameters": {},
                    "type": "string"
                  }
                ],
                "compressed": false,
                "input_format": "org.apache.hadoop.mapred.TextInputFormat",
                "location": "s3://mision-emprende-dev-analytics-695835257252/raw/",
                "number_of_buckets": 0,
                "output_format": "org.apache.hadoop.hive.ql.io.HiveIgnoreKeyTextOutputFormat",
                "parameters": {},
                "schema_reference": [],
                "ser_de_info": [
                  {
                    "name": "",
                    "parameters": {},
                    "serialization_library": "org.openx.data.jsonserde.JsonSerDe"
                  }
                ],
                "skewed_info": [],
                "sort_columns": [],
                "stored_as_sub_directories": false
              }
            ],
            "table_type": "EXTERNAL_TABLE",
            "target_table": [],
            "view_definition": [],
            "view_expanded_text": "",
            "view_original_text": ""
          },
          "sensitive_attributes": [],
          "identity_schema_version": 0,
          "private": "bnVsbA==",
          "dependencies": [
            "aws_glue_catalog_database.analytics",
            "aws_s3_bucket.analytics",
            "data.aws_caller_identity.current"
          ]
        }
      ]
    },
    {
      "mode": "managed",
      "type": "aws_lambda_function",
      "name": "cognito_custom_auth",
      "provider": "provider[\"registry.terraform.io/hashicorp/aws\"]",
      "instances": [
        {
          "schema_version": 0,
          "attributes": {
            "architectures": [
              "arm64"
            ],
            "arn": "arn:aws:lambda:us-east-1:695835257252:function:mision-emprende-dev-cognito-custom-auth",
            "capacity_provider_config": [],
            "code_sha256": "OLOnI2yVLgQtRi+g11jhyd3y6AwKj2bRVDkP3CMQ7/Y=",
            "code_signing_config_arn": "",
            "dead_letter_config": [],
            "description": "",
            "durable_config": [],
            "environment": [
              {
                "variables": {
                  "DEMO_ADMIN_CODE": "1234"
                }
              }
            ],
            "ephemeral_storage": [
              {
                "size": 512
              }
            ],
            "file_system_config": [],
            "filename": "./backend.zip",
            "function_name": "mision-emprende-dev-cognito-custom-auth",
            "handler": "functions/cognito-custom-auth/handler.handler",
            "id": "mision-emprende-dev-cognito-custom-auth",
            "image_config": [],
            "image_uri": "",
            "invoke_arn": "arn:aws:apigateway:us-east-1:lambda:path/2015-03-31/functions/arn:aws:lambda:us-east-1:695835257252:function:mision-emprende-dev-cognito-custom-auth/invocations",
            "kms_key_arn": "",
            "last_modified": "2026-08-12T17:46:31.000+0000",
            "layers": [],
            "logging_config": [
              {
                "application_log_level": "",
                "log_format": "Text",
                "log_group": "/aws/lambda/mision-emprende-dev-cognito-custom-auth",
                "system_log_level": ""
              }
            ],
            "memory_size": 128,
            "package_type": "Zip",
            "publish": false,
            "publish_to": null,
            "qualified_arn": "arn:aws:lambda:us-east-1:695835257252:function:mision-emprende-dev-cognito-custom-auth:$LATEST",
            "qualified_invoke_arn": "arn:aws:apigateway:us-east-1:lambda:path/2015-03-31/functions/arn:aws:lambda:us-east-1:695835257252:function:mision-emprende-dev-cognito-custom-auth:$LATEST/invocations",
            "region": "us-east-1",
            "replace_security_groups_on_destroy": null,
            "replacement_security_group_ids": null,
            "reserved_concurrent_executions": -1,
            "response_streaming_invoke_arn": "arn:aws:apigateway:us-east-1:lambda:path/2021-11-15/functions/arn:aws:lambda:us-east-1:695835257252:function:mision-emprende-dev-cognito-custom-auth/response-streaming-invocations",
            "role": "arn:aws:iam::695835257252:role/LabRole",
            "runtime": "nodejs22.x",
            "s3_bucket": null,
            "s3_key": null,
            "s3_object_version": null,
            "signing_job_arn": "",
            "signing_profile_version_arn": "",
            "skip_destroy": false,
            "snap_start": [],
            "source_code_hash": "OLOnI2yVLgQtRi+g11jhyd3y6AwKj2bRVDkP3CMQ7/Y=",
            "source_code_size": 45136860,
            "source_kms_key_arn": "",
            "tags": {},
            "tags_all": {
              "Application": "mision-emprende",
              "Environment": "dev",
              "ManagedBy": "Terraform"
            },
            "tenancy_config": [],
            "timeout": 5,
            "timeouts": null,
            "tracing_config": [
              {
                "mode": "PassThrough"
              }
            ],
            "use_resource_timeout_for_propagation": null,
            "version": "$LATEST",
            "vpc_config": []
          },
          "sensitive_attributes": [
            [
              {
                "type": "get_attr",
                "value": "environment"
              },
              {
                "type": "index",
                "value": {
                  "value": 0,
                  "type": "number"
                }
              },
              {
                "type": "get_attr",
                "value": "variables"
              },
              {
                "type": "index",
                "value": {
                  "value": "DEMO_ADMIN_CODE",
                  "type": "string"
                }
              }
            ]
          ],
          "identity_schema_version": 0,
          "identity": {
            "account_id": "695835257252",
            "function_name": "mision-emprende-dev-cognito-custom-auth",
            "region": "us-east-1"
          },
          "private": "eyJlMmJmYjczMC1lY2FhLTExZTYtOGY4OC0zNDM2M2JjN2M0YzAiOnsiY3JlYXRlIjo2MDAwMDAwMDAwMDAsImRlbGV0ZSI6NjAwMDAwMDAwMDAwLCJ1cGRhdGUiOjYwMDAwMDAwMDAwMH19",
          "dependencies": [
            "data.archive_file.backend",
            "data.aws_iam_role.execution"
          ]
        }
      ]
    },
    {
      "mode": "managed",
      "type": "aws_lambda_function",
      "name": "game",
      "provider": "provider[\"registry.terraform.io/hashicorp/aws\"]",
      "instances": [
        {
          "index_key": "add_tokens",
          "schema_version": 0,
          "attributes": {
            "architectures": [
              "arm64"
            ],
            "arn": "arn:aws:lambda:us-east-1:695835257252:function:mision-emprende-dev-add-tokens",
            "capacity_provider_config": [],
            "code_sha256": "aKBGzNtRLly2CIRt3/AQuXUP2ffLU7DZTOWYmNOkzeA=",
            "code_signing_config_arn": "",
            "dead_letter_config": [],
            "description": "Mision Emprende: add_tokens",
            "durable_config": [],
            "environment": [
              {
                "variables": {
                  "ADMIN_USER_POOL_ID": "us-east-1_ylPosjFHL",
                  "ANALYTICS_BUCKET_NAME": "mision-emprende-dev-analytics-695835257252",
                  "DYNAMODB_ENDPOINT": "",
                  "FRONTEND_BUCKET_NAME": "mision-emprende-dev-frontend-695835257252",
                  "GAME_DYNAMODB_FAILOVER_REGIONS": "us-west-2",
                  "GAME_DYNAMODB_PRIMARY_ENDPOINT": "",
                  "GAME_DYNAMODB_PRIMARY_REGION": "us-east-1",
                  "GAME_TABLE_NAME": "mision-emprende-dev-game"
                }
              }
            ],
            "ephemeral_storage": [
              {
                "size": 512
              }
            ],
            "file_system_config": [],
            "filename": "./backend.zip",
            "function_name": "mision-emprende-dev-add-tokens",
            "handler": "functions/add-tokens/handler.handler",
            "id": "mision-emprende-dev-add-tokens",
            "image_config": [],
            "image_uri": "",
            "invoke_arn": "arn:aws:apigateway:us-east-1:lambda:path/2015-03-31/functions/arn:aws:lambda:us-east-1:695835257252:function:mision-emprende-dev-add-tokens/invocations",
            "kms_key_arn": "",
            "last_modified": "2026-08-12T17:05:17.000+0000",
            "layers": [],
            "logging_config": [
              {
                "application_log_level": "",
                "log_format": "Text",
                "log_group": "/aws/lambda/mision-emprende-dev-add-tokens",
                "system_log_level": ""
              }
            ],
            "memory_size": 128,
            "package_type": "Zip",
            "publish": true,
            "publish_to": null,
            "qualified_arn": "arn:aws:lambda:us-east-1:695835257252:function:mision-emprende-dev-add-tokens:6",
            "qualified_invoke_arn": "arn:aws:apigateway:us-east-1:lambda:path/2015-03-31/functions/arn:aws:lambda:us-east-1:695835257252:function:mision-emprende-dev-add-tokens:6/invocations",
            "region": "us-east-1",
            "replace_security_groups_on_destroy": null,
            "replacement_security_group_ids": null,
            "reserved_concurrent_executions": -1,
            "response_streaming_invoke_arn": "arn:aws:apigateway:us-east-1:lambda:path/2021-11-15/functions/arn:aws:lambda:us-east-1:695835257252:function:mision-emprende-dev-add-tokens/response-streaming-invocations",
            "role": "arn:aws:iam::695835257252:role/LabRole",
            "runtime": "nodejs22.x",
            "s3_bucket": null,
            "s3_key": null,
            "s3_object_version": null,
            "signing_job_arn": "",
            "signing_profile_version_arn": "",
            "skip_destroy": false,
            "snap_start": [],
            "source_code_hash": "aKBGzNtRLly2CIRt3/AQuXUP2ffLU7DZTOWYmNOkzeA=",
            "source_code_size": 45136727,
            "source_kms_key_arn": "",
            "tags": {},
            "tags_all": {
              "Application": "mision-emprende",
              "Environment": "dev",
              "ManagedBy": "Terraform"
            },
            "tenancy_config": [],
            "timeout": 10,
            "timeouts": null,
            "tracing_config": [
              {
                "mode": "Active"
              }
            ],
            "use_resource_timeout_for_propagation": null,
            "version": "6",
            "vpc_config": []
          },
          "sensitive_attributes": [],
          "identity_schema_version": 0,
          "identity": {
            "account_id": "695835257252",
            "function_name": "mision-emprende-dev-add-tokens",
            "region": "us-east-1"
          },
          "private": "eyJlMmJmYjczMC1lY2FhLTExZTYtOGY4OC0zNDM2M2JjN2M0YzAiOnsiY3JlYXRlIjo2MDAwMDAwMDAwMDAsImRlbGV0ZSI6NjAwMDAwMDAwMDAwLCJ1cGRhdGUiOjYwMDAwMDAwMDAwMH19",
          "dependencies": [
            "aws_cloudwatch_log_group.lambda",
            "aws_cognito_user_pool.lab_demo",
            "aws_dynamodb_table.game",
            "aws_lambda_function.cognito_custom_auth",
            "aws_s3_bucket.analytics",
            "aws_s3_bucket.fis_configuration",
            "aws_s3_bucket.frontend",
            "data.archive_file.backend",
            "data.aws_caller_identity.current",
            "data.aws_iam_role.execution",
            "data.aws_partition.current"
          ],
          "create_before_destroy": true
        },
        {
          "index_key": "admin_create_user",
          "schema_version": 0,
          "attributes": {
            "architectures": [
              "arm64"
            ],
            "arn": "arn:aws:lambda:us-east-1:695835257252:function:mision-emprende-dev-admin-create-user",
            "capacity_provider_config": [],
            "code_sha256": "aKBGzNtRLly2CIRt3/AQuXUP2ffLU7DZTOWYmNOkzeA=",
            "code_signing_config_arn": "",
            "dead_letter_config": [],
            "description": "Mision Emprende: admin_create_user",
            "durable_config": [],
            "environment": [
              {
                "variables": {
                  "ADMIN_USER_POOL_ID": "us-east-1_ylPosjFHL",
                  "ANALYTICS_BUCKET_NAME": "mision-emprende-dev-analytics-695835257252",
                  "DYNAMODB_ENDPOINT": "",
                  "FRONTEND_BUCKET_NAME": "mision-emprende-dev-frontend-695835257252",
                  "GAME_DYNAMODB_FAILOVER_REGIONS": "us-west-2",
                  "GAME_DYNAMODB_PRIMARY_ENDPOINT": "",
                  "GAME_DYNAMODB_PRIMARY_REGION": "us-east-1",
                  "GAME_TABLE_NAME": "mision-emprende-dev-game"
                }
              }
            ],
            "ephemeral_storage": [
              {
                "size": 512
              }
            ],
            "file_system_config": [],
            "filename": "./backend.zip",
            "function_name": "mision-emprende-dev-admin-create-user",
            "handler": "functions/admin-create-user/handler.handler",
            "id": "mision-emprende-dev-admin-create-user",
            "image_config": [],
            "image_uri": "",
            "invoke_arn": "arn:aws:apigateway:us-east-1:lambda:path/2015-03-31/functions/arn:aws:lambda:us-east-1:695835257252:function:mision-emprende-dev-admin-create-user/invocations",
            "kms_key_arn": "",
            "last_modified": "2026-08-12T16:53:57.000+0000",
            "layers": [],
            "logging_config": [
              {
                "application_log_level": "",
                "log_format": "Text",
                "log_group": "/aws/lambda/mision-emprende-dev-admin-create-user",
                "system_log_level": ""
              }
            ],
            "memory_size": 128,
            "package_type": "Zip",
            "publish": true,
            "publish_to": null,
            "qualified_arn": "arn:aws:lambda:us-east-1:695835257252:function:mision-emprende-dev-admin-create-user:3",
            "qualified_invoke_arn": "arn:aws:apigateway:us-east-1:lambda:path/2015-03-31/functions/arn:aws:lambda:us-east-1:695835257252:function:mision-emprende-dev-admin-create-user:3/invocations",
            "region": "us-east-1",
            "replace_security_groups_on_destroy": null,
            "replacement_security_group_ids": null,
            "reserved_concurrent_executions": -1,
            "response_streaming_invoke_arn": "arn:aws:apigateway:us-east-1:lambda:path/2021-11-15/functions/arn:aws:lambda:us-east-1:695835257252:function:mision-emprende-dev-admin-create-user/response-streaming-invocations",
            "role": "arn:aws:iam::695835257252:role/LabRole",
            "runtime": "nodejs22.x",
            "s3_bucket": null,
            "s3_key": null,
            "s3_object_version": null,
            "signing_job_arn": "",
            "signing_profile_version_arn": "",
            "skip_destroy": false,
            "snap_start": [],
            "source_code_hash": "aKBGzNtRLly2CIRt3/AQuXUP2ffLU7DZTOWYmNOkzeA=",
            "source_code_size": 45136727,
            "source_kms_key_arn": "",
            "tags": {},
            "tags_all": {
              "Application": "mision-emprende",
              "Environment": "dev",
              "ManagedBy": "Terraform"
            },
            "tenancy_config": [],
            "timeout": 10,
            "timeouts": null,
            "tracing_config": [
              {
                "mode": "Active"
              }
            ],
            "use_resource_timeout_for_propagation": null,
            "version": "3",
            "vpc_config": []
          },
          "sensitive_attributes": [],
          "identity_schema_version": 0,
          "identity": {
            "account_id": "695835257252",
            "function_name": "mision-emprende-dev-admin-create-user",
            "region": "us-east-1"
          },
          "private": "eyJlMmJmYjczMC1lY2FhLTExZTYtOGY4OC0zNDM2M2JjN2M0YzAiOnsiY3JlYXRlIjo2MDAwMDAwMDAwMDAsImRlbGV0ZSI6NjAwMDAwMDAwMDAwLCJ1cGRhdGUiOjYwMDAwMDAwMDAwMH19",
          "dependencies": [
            "aws_cloudwatch_log_group.lambda",
            "aws_cognito_user_pool.lab_demo",
            "aws_dynamodb_table.game",
            "aws_lambda_function.cognito_custom_auth",
            "aws_s3_bucket.analytics",
            "aws_s3_bucket.fis_configuration",
            "aws_s3_bucket.frontend",
            "data.archive_file.backend",
            "data.aws_caller_identity.current",
            "data.aws_iam_role.execution",
            "data.aws_partition.current"
          ],
          "create_before_destroy": true
        },
        {
          "index_key": "admin_next",
          "schema_version": 0,
          "attributes": {
            "architectures": [
              "arm64"
            ],
            "arn": "arn:aws:lambda:us-east-1:695835257252:function:mision-emprende-dev-admin-next",
            "capacity_provider_config": [],
            "code_sha256": "aKBGzNtRLly2CIRt3/AQuXUP2ffLU7DZTOWYmNOkzeA=",
            "code_signing_config_arn": "",
            "dead_letter_config": [],
            "description": "Mision Emprende: admin_next",
            "durable_config": [],
            "environment": [
              {
                "variables": {
                  "ADMIN_USER_POOL_ID": "us-east-1_ylPosjFHL",
                  "ANALYTICS_BUCKET_NAME": "mision-emprende-dev-analytics-695835257252",
                  "DYNAMODB_ENDPOINT": "",
                  "FRONTEND_BUCKET_NAME": "mision-emprende-dev-frontend-695835257252",
                  "GAME_DYNAMODB_FAILOVER_REGIONS": "us-west-2",
                  "GAME_DYNAMODB_PRIMARY_ENDPOINT": "",
                  "GAME_DYNAMODB_PRIMARY_REGION": "us-east-1",
                  "GAME_TABLE_NAME": "mision-emprende-dev-game"
                }
              }
            ],
            "ephemeral_storage": [
              {
                "size": 512
              }
            ],
            "file_system_config": [],
            "filename": "./backend.zip",
            "function_name": "mision-emprende-dev-admin-next",
            "handler": "functions/admin-next/handler.handler",
            "id": "mision-emprende-dev-admin-next",
            "image_config": [],
            "image_uri": "",
            "invoke_arn": "arn:aws:apigateway:us-east-1:lambda:path/2015-03-31/functions/arn:aws:lambda:us-east-1:695835257252:function:mision-emprende-dev-admin-next/invocations",
            "kms_key_arn": "",
            "last_modified": "2026-08-12T16:59:47.000+0000",
            "layers": [],
            "logging_config": [
              {
                "application_log_level": "",
                "log_format": "Text",
                "log_group": "/aws/lambda/mision-emprende-dev-admin-next",
                "system_log_level": ""
              }
            ],
            "memory_size": 128,
            "package_type": "Zip",
            "publish": true,
            "publish_to": null,
            "qualified_arn": "arn:aws:lambda:us-east-1:695835257252:function:mision-emprende-dev-admin-next:6",
            "qualified_invoke_arn": "arn:aws:apigateway:us-east-1:lambda:path/2015-03-31/functions/arn:aws:lambda:us-east-1:695835257252:function:mision-emprende-dev-admin-next:6/invocations",
            "region": "us-east-1",
            "replace_security_groups_on_destroy": null,
            "replacement_security_group_ids": null,
            "reserved_concurrent_executions": -1,
            "response_streaming_invoke_arn": "arn:aws:apigateway:us-east-1:lambda:path/2021-11-15/functions/arn:aws:lambda:us-east-1:695835257252:function:mision-emprende-dev-admin-next/response-streaming-invocations",
            "role": "arn:aws:iam::695835257252:role/LabRole",
            "runtime": "nodejs22.x",
            "s3_bucket": null,
            "s3_key": null,
            "s3_object_version": null,
            "signing_job_arn": "",
            "signing_profile_version_arn": "",
            "skip_destroy": false,
            "snap_start": [],
            "source_code_hash": "aKBGzNtRLly2CIRt3/AQuXUP2ffLU7DZTOWYmNOkzeA=",
            "source_code_size": 45136727,
            "source_kms_key_arn": "",
            "tags": {},
            "tags_all": {
              "Application": "mision-emprende",
              "Environment": "dev",
              "ManagedBy": "Terraform"
            },
            "tenancy_config": [],
            "timeout": 10,
            "timeouts": null,
            "tracing_config": [
              {
                "mode": "Active"
              }
            ],
            "use_resource_timeout_for_propagation": null,
            "version": "6",
            "vpc_config": []
          },
          "sensitive_attributes": [],
          "identity_schema_version": 0,
          "identity": {
            "account_id": "695835257252",
            "function_name": "mision-emprende-dev-admin-next",
            "region": "us-east-1"
          },
          "private": "eyJlMmJmYjczMC1lY2FhLTExZTYtOGY4OC0zNDM2M2JjN2M0YzAiOnsiY3JlYXRlIjo2MDAwMDAwMDAwMDAsImRlbGV0ZSI6NjAwMDAwMDAwMDAwLCJ1cGRhdGUiOjYwMDAwMDAwMDAwMH19",
          "dependencies": [
            "aws_cloudwatch_log_group.lambda",
            "aws_cognito_user_pool.lab_demo",
            "aws_dynamodb_table.game",
            "aws_lambda_function.cognito_custom_auth",
            "aws_s3_bucket.analytics",
            "aws_s3_bucket.fis_configuration",
            "aws_s3_bucket.frontend",
            "data.archive_file.backend",
            "data.aws_caller_identity.current",
            "data.aws_iam_role.execution",
            "data.aws_partition.current"
          ],
          "create_before_destroy": true
        },
        {
          "index_key": "admin_pause",
          "schema_version": 0,
          "attributes": {
            "architectures": [
              "arm64"
            ],
            "arn": "arn:aws:lambda:us-east-1:695835257252:function:mision-emprende-dev-admin-pause",
            "capacity_provider_config": [],
            "code_sha256": "aKBGzNtRLly2CIRt3/AQuXUP2ffLU7DZTOWYmNOkzeA=",
            "code_signing_config_arn": "",
            "dead_letter_config": [],
            "description": "Mision Emprende: admin_pause",
            "durable_config": [],
            "environment": [
              {
                "variables": {
                  "ADMIN_USER_POOL_ID": "us-east-1_ylPosjFHL",
                  "ANALYTICS_BUCKET_NAME": "mision-emprende-dev-analytics-695835257252",
                  "DYNAMODB_ENDPOINT": "",
                  "FRONTEND_BUCKET_NAME": "mision-emprende-dev-frontend-695835257252",
                  "GAME_DYNAMODB_FAILOVER_REGIONS": "us-west-2",
                  "GAME_DYNAMODB_PRIMARY_ENDPOINT": "",
                  "GAME_DYNAMODB_PRIMARY_REGION": "us-east-1",
                  "GAME_TABLE_NAME": "mision-emprende-dev-game"
                }
              }
            ],
            "ephemeral_storage": [
              {
                "size": 512
              }
            ],
            "file_system_config": [],
            "filename": "./backend.zip",
            "function_name": "mision-emprende-dev-admin-pause",
            "handler": "functions/admin-pause/handler.handler",
            "id": "mision-emprende-dev-admin-pause",
            "image_config": [],
            "image_uri": "",
            "invoke_arn": "arn:aws:apigateway:us-east-1:lambda:path/2015-03-31/functions/arn:aws:lambda:us-east-1:695835257252:function:mision-emprende-dev-admin-pause/invocations",
            "kms_key_arn": "",
            "last_modified": "2026-08-12T17:04:50.000+0000",
            "layers": [],
            "logging_config": [
              {
                "application_log_level": "",
                "log_format": "Text",
                "log_group": "/aws/lambda/mision-emprende-dev-admin-pause",
                "system_log_level": ""
              }
            ],
            "memory_size": 128,
            "package_type": "Zip",
            "publish": true,
            "publish_to": null,
            "qualified_arn": "arn:aws:lambda:us-east-1:695835257252:function:mision-emprende-dev-admin-pause:6",
            "qualified_invoke_arn": "arn:aws:apigateway:us-east-1:lambda:path/2015-03-31/functions/arn:aws:lambda:us-east-1:695835257252:function:mision-emprende-dev-admin-pause:6/invocations",
            "region": "us-east-1",
            "replace_security_groups_on_destroy": null,
            "replacement_security_group_ids": null,
            "reserved_concurrent_executions": -1,
            "response_streaming_invoke_arn": "arn:aws:apigateway:us-east-1:lambda:path/2021-11-15/functions/arn:aws:lambda:us-east-1:695835257252:function:mision-emprende-dev-admin-pause/response-streaming-invocations",
            "role": "arn:aws:iam::695835257252:role/LabRole",
            "runtime": "nodejs22.x",
            "s3_bucket": null,
            "s3_key": null,
            "s3_object_version": null,
            "signing_job_arn": "",
            "signing_profile_version_arn": "",
            "skip_destroy": false,
            "snap_start": [],
            "source_code_hash": "aKBGzNtRLly2CIRt3/AQuXUP2ffLU7DZTOWYmNOkzeA=",
            "source_code_size": 45136727,
            "source_kms_key_arn": "",
            "tags": {},
            "tags_all": {
              "Application": "mision-emprende",
              "Environment": "dev",
              "ManagedBy": "Terraform"
            },
            "tenancy_config": [],
            "timeout": 10,
            "timeouts": null,
            "tracing_config": [
              {
                "mode": "Active"
              }
            ],
            "use_resource_timeout_for_propagation": null,
            "version": "6",
            "vpc_config": []
          },
          "sensitive_attributes": [],
          "identity_schema_version": 0,
          "identity": {
            "account_id": "695835257252",
            "function_name": "mision-emprende-dev-admin-pause",
            "region": "us-east-1"
          },
          "private": "eyJlMmJmYjczMC1lY2FhLTExZTYtOGY4OC0zNDM2M2JjN2M0YzAiOnsiY3JlYXRlIjo2MDAwMDAwMDAwMDAsImRlbGV0ZSI6NjAwMDAwMDAwMDAwLCJ1cGRhdGUiOjYwMDAwMDAwMDAwMH19",
          "dependencies": [
            "aws_cloudwatch_log_group.lambda",
            "aws_cognito_user_pool.lab_demo",
            "aws_dynamodb_table.game",
            "aws_lambda_function.cognito_custom_auth",
            "aws_s3_bucket.analytics",
            "aws_s3_bucket.fis_configuration",
            "aws_s3_bucket.frontend",
            "data.archive_file.backend",
            "data.aws_caller_identity.current",
            "data.aws_iam_role.execution",
            "data.aws_partition.current"
          ],
          "create_before_destroy": true
        },
        {
          "index_key": "admin_start",
          "schema_version": 0,
          "attributes": {
            "architectures": [
              "arm64"
            ],
            "arn": "arn:aws:lambda:us-east-1:695835257252:function:mision-emprende-dev-admin-start",
            "capacity_provider_config": [],
            "code_sha256": "aKBGzNtRLly2CIRt3/AQuXUP2ffLU7DZTOWYmNOkzeA=",
            "code_signing_config_arn": "",
            "dead_letter_config": [],
            "description": "Mision Emprende: admin_start",
            "durable_config": [],
            "environment": [
              {
                "variables": {
                  "ADMIN_USER_POOL_ID": "us-east-1_ylPosjFHL",
                  "ANALYTICS_BUCKET_NAME": "mision-emprende-dev-analytics-695835257252",
                  "DYNAMODB_ENDPOINT": "",
                  "FRONTEND_BUCKET_NAME": "mision-emprende-dev-frontend-695835257252",
                  "GAME_DYNAMODB_FAILOVER_REGIONS": "us-west-2",
                  "GAME_DYNAMODB_PRIMARY_ENDPOINT": "",
                  "GAME_DYNAMODB_PRIMARY_REGION": "us-east-1",
                  "GAME_TABLE_NAME": "mision-emprende-dev-game"
                }
              }
            ],
            "ephemeral_storage": [
              {
                "size": 512
              }
            ],
            "file_system_config": [],
            "filename": "./backend.zip",
            "function_name": "mision-emprende-dev-admin-start",
            "handler": "functions/admin-start/handler.handler",
            "id": "mision-emprende-dev-admin-start",
            "image_config": [],
            "image_uri": "",
            "invoke_arn": "arn:aws:apigateway:us-east-1:lambda:path/2015-03-31/functions/arn:aws:lambda:us-east-1:695835257252:function:mision-emprende-dev-admin-start/invocations",
            "kms_key_arn": "",
            "last_modified": "2026-08-12T17:05:40.000+0000",
            "layers": [],
            "logging_config": [
              {
                "application_log_level": "",
                "log_format": "Text",
                "log_group": "/aws/lambda/mision-emprende-dev-admin-start",
                "system_log_level": ""
              }
            ],
            "memory_size": 128,
            "package_type": "Zip",
            "publish": true,
            "publish_to": null,
            "qualified_arn": "arn:aws:lambda:us-east-1:695835257252:function:mision-emprende-dev-admin-start:6",
            "qualified_invoke_arn": "arn:aws:apigateway:us-east-1:lambda:path/2015-03-31/functions/arn:aws:lambda:us-east-1:695835257252:function:mision-emprende-dev-admin-start:6/invocations",
            "region": "us-east-1",
            "replace_security_groups_on_destroy": null,
            "replacement_security_group_ids": null,
            "reserved_concurrent_executions": -1,
            "response_streaming_invoke_arn": "arn:aws:apigateway:us-east-1:lambda:path/2021-11-15/functions/arn:aws:lambda:us-east-1:695835257252:function:mision-emprende-dev-admin-start/response-streaming-invocations",
            "role": "arn:aws:iam::695835257252:role/LabRole",
            "runtime": "nodejs22.x",
            "s3_bucket": null,
            "s3_key": null,
            "s3_object_version": null,
            "signing_job_arn": "",
            "signing_profile_version_arn": "",
            "skip_destroy": false,
            "snap_start": [],
            "source_code_hash": "aKBGzNtRLly2CIRt3/AQuXUP2ffLU7DZTOWYmNOkzeA=",
            "source_code_size": 45136727,
            "source_kms_key_arn": "",
            "tags": {},
            "tags_all": {
              "Application": "mision-emprende",
              "Environment": "dev",
              "ManagedBy": "Terraform"
            },
            "tenancy_config": [],
            "timeout": 10,
            "timeouts": null,
            "tracing_config": [
              {
                "mode": "Active"
              }
            ],
            "use_resource_timeout_for_propagation": null,
            "version": "6",
            "vpc_config": []
          },
          "sensitive_attributes": [],
          "identity_schema_version": 0,
          "identity": {
            "account_id": "695835257252",
            "function_name": "mision-emprende-dev-admin-start",
            "region": "us-east-1"
          },
          "private": "eyJlMmJmYjczMC1lY2FhLTExZTYtOGY4OC0zNDM2M2JjN2M0YzAiOnsiY3JlYXRlIjo2MDAwMDAwMDAwMDAsImRlbGV0ZSI6NjAwMDAwMDAwMDAwLCJ1cGRhdGUiOjYwMDAwMDAwMDAwMH19",
          "dependencies": [
            "aws_cloudwatch_log_group.lambda",
            "aws_cognito_user_pool.lab_demo",
            "aws_dynamodb_table.game",
            "aws_lambda_function.cognito_custom_auth",
            "aws_s3_bucket.analytics",
            "aws_s3_bucket.fis_configuration",
            "aws_s3_bucket.frontend",
            "data.archive_file.backend",
            "data.aws_caller_identity.current",
            "data.aws_iam_role.execution",
            "data.aws_partition.current"
          ],
          "create_before_destroy": true
        },
        {
          "index_key": "admin_stats",
          "schema_version": 0,
          "attributes": {
            "architectures": [
              "arm64"
            ],
            "arn": "arn:aws:lambda:us-east-1:695835257252:function:mision-emprende-dev-admin-stats",
            "capacity_provider_config": [],
            "code_sha256": "aKBGzNtRLly2CIRt3/AQuXUP2ffLU7DZTOWYmNOkzeA=",
            "code_signing_config_arn": "",
            "dead_letter_config": [],
            "description": "Mision Emprende: admin_stats",
            "durable_config": [],
            "environment": [
              {
                "variables": {
                  "ADMIN_USER_POOL_ID": "us-east-1_ylPosjFHL",
                  "ANALYTICS_BUCKET_NAME": "mision-emprende-dev-analytics-695835257252",
                  "DYNAMODB_ENDPOINT": "",
                  "FRONTEND_BUCKET_NAME": "mision-emprende-dev-frontend-695835257252",
                  "GAME_DYNAMODB_FAILOVER_REGIONS": "us-west-2",
                  "GAME_DYNAMODB_PRIMARY_ENDPOINT": "",
                  "GAME_DYNAMODB_PRIMARY_REGION": "us-east-1",
                  "GAME_TABLE_NAME": "mision-emprende-dev-game"
                }
              }
            ],
            "ephemeral_storage": [
              {
                "size": 512
              }
            ],
            "file_system_config": [],
            "filename": "./backend.zip",
            "function_name": "mision-emprende-dev-admin-stats",
            "handler": "functions/admin-stats/handler.handler",
            "id": "mision-emprende-dev-admin-stats",
            "image_config": [],
            "image_uri": "",
            "invoke_arn": "arn:aws:apigateway:us-east-1:lambda:path/2015-03-31/functions/arn:aws:lambda:us-east-1:695835257252:function:mision-emprende-dev-admin-stats/invocations",
            "kms_key_arn": "",
            "last_modified": "2026-08-12T17:02:14.000+0000",
            "layers": [],
            "logging_config": [
              {
                "application_log_level": "",
                "log_format": "Text",
                "log_group": "/aws/lambda/mision-emprende-dev-admin-stats",
                "system_log_level": ""
              }
            ],
            "memory_size": 128,
            "package_type": "Zip",
            "publish": true,
            "publish_to": null,
            "qualified_arn": "arn:aws:lambda:us-east-1:695835257252:function:mision-emprende-dev-admin-stats:6",
            "qualified_invoke_arn": "arn:aws:apigateway:us-east-1:lambda:path/2015-03-31/functions/arn:aws:lambda:us-east-1:695835257252:function:mision-emprende-dev-admin-stats:6/invocations",
            "region": "us-east-1",
            "replace_security_groups_on_destroy": null,
            "replacement_security_group_ids": null,
            "reserved_concurrent_executions": -1,
            "response_streaming_invoke_arn": "arn:aws:apigateway:us-east-1:lambda:path/2021-11-15/functions/arn:aws:lambda:us-east-1:695835257252:function:mision-emprende-dev-admin-stats/response-streaming-invocations",
            "role": "arn:aws:iam::695835257252:role/LabRole",
            "runtime": "nodejs22.x",
            "s3_bucket": null,
            "s3_key": null,
            "s3_object_version": null,
            "signing_job_arn": "",
            "signing_profile_version_arn": "",
            "skip_destroy": false,
            "snap_start": [],
            "source_code_hash": "aKBGzNtRLly2CIRt3/AQuXUP2ffLU7DZTOWYmNOkzeA=",
            "source_code_size": 45136727,
            "source_kms_key_arn": "",
            "tags": {},
            "tags_all": {
              "Application": "mision-emprende",
              "Environment": "dev",
              "ManagedBy": "Terraform"
            },
            "tenancy_config": [],
            "timeout": 30,
            "timeouts": null,
            "tracing_config": [
              {
                "mode": "Active"
              }
            ],
            "use_resource_timeout_for_propagation": null,
            "version": "6",
            "vpc_config": []
          },
          "sensitive_attributes": [],
          "identity_schema_version": 0,
          "identity": {
            "account_id": "695835257252",
            "function_name": "mision-emprende-dev-admin-stats",
            "region": "us-east-1"
          },
          "private": "eyJlMmJmYjczMC1lY2FhLTExZTYtOGY4OC0zNDM2M2JjN2M0YzAiOnsiY3JlYXRlIjo2MDAwMDAwMDAwMDAsImRlbGV0ZSI6NjAwMDAwMDAwMDAwLCJ1cGRhdGUiOjYwMDAwMDAwMDAwMH19",
          "dependencies": [
            "aws_cloudwatch_log_group.lambda",
            "aws_cognito_user_pool.lab_demo",
            "aws_dynamodb_table.game",
            "aws_lambda_function.cognito_custom_auth",
            "aws_s3_bucket.analytics",
            "aws_s3_bucket.fis_configuration",
            "aws_s3_bucket.frontend",
            "data.archive_file.backend",
            "data.aws_caller_identity.current",
            "data.aws_iam_role.execution",
            "data.aws_partition.current"
          ],
          "create_before_destroy": true
        },
        {
          "index_key": "analytics",
          "schema_version": 0,
          "attributes": {
            "architectures": [
              "arm64"
            ],
            "arn": "arn:aws:lambda:us-east-1:695835257252:function:mision-emprende-dev-analytics",
            "capacity_provider_config": [],
            "code_sha256": "OLOnI2yVLgQtRi+g11jhyd3y6AwKj2bRVDkP3CMQ7/Y=",
            "code_signing_config_arn": "",
            "dead_letter_config": [],
            "description": "Mision Emprende: analytics",
            "durable_config": [],
            "environment": [
              {
                "variables": {
                  "ADMIN_USER_POOL_ID": "us-east-1_ylPosjFHL",
                  "ANALYTICS_BUCKET_NAME": "mision-emprende-dev-analytics-695835257252",
                  "DYNAMODB_ENDPOINT": "",
                  "FRONTEND_BUCKET_NAME": "mision-emprende-dev-frontend-695835257252",
                  "GAME_DYNAMODB_FAILOVER_REGIONS": "us-west-2",
                  "GAME_DYNAMODB_PRIMARY_ENDPOINT": "",
                  "GAME_DYNAMODB_PRIMARY_REGION": "us-east-1",
                  "GAME_TABLE_NAME": "mision-emprende-dev-game"
                }
              }
            ],
            "ephemeral_storage": [
              {
                "size": 512
              }
            ],
            "file_system_config": [],
            "filename": "./backend.zip",
            "function_name": "mision-emprende-dev-analytics",
            "handler": "functions/analytics-events/handler.handler",
            "id": "mision-emprende-dev-analytics",
            "image_config": [],
            "image_uri": "",
            "invoke_arn": "arn:aws:apigateway:us-east-1:lambda:path/2015-03-31/functions/arn:aws:lambda:us-east-1:695835257252:function:mision-emprende-dev-analytics/invocations",
            "kms_key_arn": "",
            "last_modified": "2026-08-12T18:06:24.000+0000",
            "layers": [],
            "logging_config": [
              {
                "application_log_level": "",
                "log_format": "Text",
                "log_group": "/aws/lambda/mision-emprende-dev-analytics",
                "system_log_level": ""
              }
            ],
            "memory_size": 128,
            "package_type": "Zip",
            "publish": true,
            "publish_to": null,
            "qualified_arn": "arn:aws:lambda:us-east-1:695835257252:function:mision-emprende-dev-analytics:20",
            "qualified_invoke_arn": "arn:aws:apigateway:us-east-1:lambda:path/2015-03-31/functions/arn:aws:lambda:us-east-1:695835257252:function:mision-emprende-dev-analytics:20/invocations",
            "region": "us-east-1",
            "replace_security_groups_on_destroy": null,
            "replacement_security_group_ids": null,
            "reserved_concurrent_executions": -1,
            "response_streaming_invoke_arn": "arn:aws:apigateway:us-east-1:lambda:path/2021-11-15/functions/arn:aws:lambda:us-east-1:695835257252:function:mision-emprende-dev-analytics/response-streaming-invocations",
            "role": "arn:aws:iam::695835257252:role/LabRole",
            "runtime": "nodejs22.x",
            "s3_bucket": null,
            "s3_key": null,
            "s3_object_version": null,
            "signing_job_arn": "",
            "signing_profile_version_arn": "",
            "skip_destroy": false,
            "snap_start": [],
            "source_code_hash": "OLOnI2yVLgQtRi+g11jhyd3y6AwKj2bRVDkP3CMQ7/Y=",
            "source_code_size": 45136860,
            "source_kms_key_arn": "",
            "tags": {},
            "tags_all": {
              "Application": "mision-emprende",
              "Environment": "dev",
              "ManagedBy": "Terraform"
            },
            "tenancy_config": [],
            "timeout": 10,
            "timeouts": null,
            "tracing_config": [
              {
                "mode": "Active"
              }
            ],
            "use_resource_timeout_for_propagation": null,
            "version": "20",
            "vpc_config": []
          },
          "sensitive_attributes": [],
          "identity_schema_version": 0,
          "identity": {
            "account_id": "695835257252",
            "function_name": "mision-emprende-dev-analytics",
            "region": "us-east-1"
          },
          "private": "eyJlMmJmYjczMC1lY2FhLTExZTYtOGY4OC0zNDM2M2JjN2M0YzAiOnsiY3JlYXRlIjo2MDAwMDAwMDAwMDAsImRlbGV0ZSI6NjAwMDAwMDAwMDAwLCJ1cGRhdGUiOjYwMDAwMDAwMDAwMH19",
          "dependencies": [
            "aws_cloudwatch_log_group.lambda",
            "aws_cognito_user_pool.lab_demo",
            "aws_dynamodb_table.game",
            "aws_lambda_function.cognito_custom_auth",
            "aws_s3_bucket.analytics",
            "aws_s3_bucket.fis_configuration",
            "aws_s3_bucket.frontend",
            "data.archive_file.backend",
            "data.aws_caller_identity.current",
            "data.aws_iam_role.execution",
            "data.aws_partition.current"
          ],
          "create_before_destroy": true
        },
        {
          "index_key": "create_session",
          "schema_version": 0,
          "attributes": {
            "architectures": [
              "arm64"
            ],
            "arn": "arn:aws:lambda:us-east-1:695835257252:function:mision-emprende-dev-create-session",
            "capacity_provider_config": [],
            "code_sha256": "OLOnI2yVLgQtRi+g11jhyd3y6AwKj2bRVDkP3CMQ7/Y=",
            "code_signing_config_arn": "",
            "dead_letter_config": [],
            "description": "Mision Emprende: create_session",
            "durable_config": [],
            "environment": [
              {
                "variables": {
                  "ADMIN_USER_POOL_ID": "us-east-1_ylPosjFHL",
                  "ANALYTICS_BUCKET_NAME": "mision-emprende-dev-analytics-695835257252",
                  "DYNAMODB_ENDPOINT": "",
                  "FRONTEND_BUCKET_NAME": "mision-emprende-dev-frontend-695835257252",
                  "GAME_DYNAMODB_FAILOVER_REGIONS": "us-west-2",
                  "GAME_DYNAMODB_PRIMARY_ENDPOINT": "",
                  "GAME_DYNAMODB_PRIMARY_REGION": "us-east-1",
                  "GAME_TABLE_NAME": "mision-emprende-dev-game"
                }
              }
            ],
            "ephemeral_storage": [
              {
                "size": 512
              }
            ],
            "file_system_config": [],
            "filename": "./backend.zip",
            "function_name": "mision-emprende-dev-create-session",
            "handler": "functions/create-session/handler.handler",
            "id": "mision-emprende-dev-create-session",
            "image_config": [],
            "image_uri": "",
            "invoke_arn": "arn:aws:apigateway:us-east-1:lambda:path/2015-03-31/functions/arn:aws:lambda:us-east-1:695835257252:function:mision-emprende-dev-create-session/invocations",
            "kms_key_arn": "",
            "last_modified": "2026-08-12T18:06:24.000+0000",
            "layers": [],
            "logging_config": [
              {
                "application_log_level": "",
                "log_format": "Text",
                "log_group": "/aws/lambda/mision-emprende-dev-create-session",
                "system_log_level": ""
              }
            ],
            "memory_size": 128,
            "package_type": "Zip",
            "publish": true,
            "publish_to": null,
            "qualified_arn": "arn:aws:lambda:us-east-1:695835257252:function:mision-emprende-dev-create-session:21",
            "qualified_invoke_arn": "arn:aws:apigateway:us-east-1:lambda:path/2015-03-31/functions/arn:aws:lambda:us-east-1:695835257252:function:mision-emprende-dev-create-session:21/invocations",
            "region": "us-east-1",
            "replace_security_groups_on_destroy": null,
            "replacement_security_group_ids": null,
            "reserved_concurrent_executions": -1,
            "response_streaming_invoke_arn": "arn:aws:apigateway:us-east-1:lambda:path/2021-11-15/functions/arn:aws:lambda:us-east-1:695835257252:function:mision-emprende-dev-create-session/response-streaming-invocations",
            "role": "arn:aws:iam::695835257252:role/LabRole",
            "runtime": "nodejs22.x",
            "s3_bucket": null,
            "s3_key": null,
            "s3_object_version": null,
            "signing_job_arn": "",
            "signing_profile_version_arn": "",
            "skip_destroy": false,
            "snap_start": [],
            "source_code_hash": "OLOnI2yVLgQtRi+g11jhyd3y6AwKj2bRVDkP3CMQ7/Y=",
            "source_code_size": 45136860,
            "source_kms_key_arn": "",
            "tags": {},
            "tags_all": {
              "Application": "mision-emprende",
              "Environment": "dev",
              "ManagedBy": "Terraform"
            },
            "tenancy_config": [],
            "timeout": 10,
            "timeouts": null,
            "tracing_config": [
              {
                "mode": "Active"
              }
            ],
            "use_resource_timeout_for_propagation": null,
            "version": "21",
            "vpc_config": []
          },
          "sensitive_attributes": [],
          "identity_schema_version": 0,
          "identity": {
            "account_id": "695835257252",
            "function_name": "mision-emprende-dev-create-session",
            "region": "us-east-1"
          },
          "private": "eyJlMmJmYjczMC1lY2FhLTExZTYtOGY4OC0zNDM2M2JjN2M0YzAiOnsiY3JlYXRlIjo2MDAwMDAwMDAwMDAsImRlbGV0ZSI6NjAwMDAwMDAwMDAwLCJ1cGRhdGUiOjYwMDAwMDAwMDAwMH19",
          "dependencies": [
            "aws_cloudwatch_log_group.lambda",
            "aws_cognito_user_pool.lab_demo",
            "aws_dynamodb_table.game",
            "aws_lambda_function.cognito_custom_auth",
            "aws_s3_bucket.analytics",
            "aws_s3_bucket.fis_configuration",
            "aws_s3_bucket.frontend",
            "data.archive_file.backend",
            "data.aws_caller_identity.current",
            "data.aws_iam_role.execution",
            "data.aws_partition.current"
          ],
          "create_before_destroy": true
        },
        {
          "index_key": "finish_phase",
          "schema_version": 0,
          "attributes": {
            "architectures": [
              "arm64"
            ],
            "arn": "arn:aws:lambda:us-east-1:695835257252:function:mision-emprende-dev-finish-phase",
            "capacity_provider_config": [],
            "code_sha256": "aKBGzNtRLly2CIRt3/AQuXUP2ffLU7DZTOWYmNOkzeA=",
            "code_signing_config_arn": "",
            "dead_letter_config": [],
            "description": "Mision Emprende: finish_phase",
            "durable_config": [],
            "environment": [
              {
                "variables": {
                  "ADMIN_USER_POOL_ID": "us-east-1_ylPosjFHL",
                  "ANALYTICS_BUCKET_NAME": "mision-emprende-dev-analytics-695835257252",
                  "DYNAMODB_ENDPOINT": "",
                  "FRONTEND_BUCKET_NAME": "mision-emprende-dev-frontend-695835257252",
                  "GAME_DYNAMODB_FAILOVER_REGIONS": "us-west-2",
                  "GAME_DYNAMODB_PRIMARY_ENDPOINT": "",
                  "GAME_DYNAMODB_PRIMARY_REGION": "us-east-1",
                  "GAME_TABLE_NAME": "mision-emprende-dev-game"
                }
              }
            ],
            "ephemeral_storage": [
              {
                "size": 512
              }
            ],
            "file_system_config": [],
            "filename": "./backend.zip",
            "function_name": "mision-emprende-dev-finish-phase",
            "handler": "functions/finish-phase/handler.handler",
            "id": "mision-emprende-dev-finish-phase",
            "image_config": [],
            "image_uri": "",
            "invoke_arn": "arn:aws:apigateway:us-east-1:lambda:path/2015-03-31/functions/arn:aws:lambda:us-east-1:695835257252:function:mision-emprende-dev-finish-phase/invocations",
            "kms_key_arn": "",
            "last_modified": "2026-08-12T17:01:24.000+0000",
            "layers": [],
            "logging_config": [
              {
                "application_log_level": "",
                "log_format": "Text",
                "log_group": "/aws/lambda/mision-emprende-dev-finish-phase",
                "system_log_level": ""
              }
            ],
            "memory_size": 128,
            "package_type": "Zip",
            "publish": true,
            "publish_to": null,
            "qualified_arn": "arn:aws:lambda:us-east-1:695835257252:function:mision-emprende-dev-finish-phase:6",
            "qualified_invoke_arn": "arn:aws:apigateway:us-east-1:lambda:path/2015-03-31/functions/arn:aws:lambda:us-east-1:695835257252:function:mision-emprende-dev-finish-phase:6/invocations",
            "region": "us-east-1",
            "replace_security_groups_on_destroy": null,
            "replacement_security_group_ids": null,
            "reserved_concurrent_executions": -1,
            "response_streaming_invoke_arn": "arn:aws:apigateway:us-east-1:lambda:path/2021-11-15/functions/arn:aws:lambda:us-east-1:695835257252:function:mision-emprende-dev-finish-phase/response-streaming-invocations",
            "role": "arn:aws:iam::695835257252:role/LabRole",
            "runtime": "nodejs22.x",
            "s3_bucket": null,
            "s3_key": null,
            "s3_object_version": null,
            "signing_job_arn": "",
            "signing_profile_version_arn": "",
            "skip_destroy": false,
            "snap_start": [],
            "source_code_hash": "aKBGzNtRLly2CIRt3/AQuXUP2ffLU7DZTOWYmNOkzeA=",
            "source_code_size": 45136727,
            "source_kms_key_arn": "",
            "tags": {},
            "tags_all": {
              "Application": "mision-emprende",
              "Environment": "dev",
              "ManagedBy": "Terraform"
            },
            "tenancy_config": [],
            "timeout": 10,
            "timeouts": null,
            "tracing_config": [
              {
                "mode": "Active"
              }
            ],
            "use_resource_timeout_for_propagation": null,
            "version": "6",
            "vpc_config": []
          },
          "sensitive_attributes": [],
          "identity_schema_version": 0,
          "identity": {
            "account_id": "695835257252",
            "function_name": "mision-emprende-dev-finish-phase",
            "region": "us-east-1"
          },
          "private": "eyJlMmJmYjczMC1lY2FhLTExZTYtOGY4OC0zNDM2M2JjN2M0YzAiOnsiY3JlYXRlIjo2MDAwMDAwMDAwMDAsImRlbGV0ZSI6NjAwMDAwMDAwMDAwLCJ1cGRhdGUiOjYwMDAwMDAwMDAwMH19",
          "dependencies": [
            "aws_cloudwatch_log_group.lambda",
            "aws_cognito_user_pool.lab_demo",
            "aws_dynamodb_table.game",
            "aws_lambda_function.cognito_custom_auth",
            "aws_s3_bucket.analytics",
            "aws_s3_bucket.fis_configuration",
            "aws_s3_bucket.frontend",
            "data.archive_file.backend",
            "data.aws_caller_identity.current",
            "data.aws_iam_role.execution",
            "data.aws_partition.current"
          ],
          "create_before_destroy": true
        },
        {
          "index_key": "finish_pitch",
          "schema_version": 0,
          "attributes": {
            "architectures": [
              "arm64"
            ],
            "arn": "arn:aws:lambda:us-east-1:695835257252:function:mision-emprende-dev-finish-pitch",
            "capacity_provider_config": [],
            "code_sha256": "aKBGzNtRLly2CIRt3/AQuXUP2ffLU7DZTOWYmNOkzeA=",
            "code_signing_config_arn": "",
            "dead_letter_config": [],
            "description": "Mision Emprende: finish_pitch",
            "durable_config": [],
            "environment": [
              {
                "variables": {
                  "ADMIN_USER_POOL_ID": "us-east-1_ylPosjFHL",
                  "ANALYTICS_BUCKET_NAME": "mision-emprende-dev-analytics-695835257252",
                  "DYNAMODB_ENDPOINT": "",
                  "FRONTEND_BUCKET_NAME": "mision-emprende-dev-frontend-695835257252",
                  "GAME_DYNAMODB_FAILOVER_REGIONS": "us-west-2",
                  "GAME_DYNAMODB_PRIMARY_ENDPOINT": "",
                  "GAME_DYNAMODB_PRIMARY_REGION": "us-east-1",
                  "GAME_TABLE_NAME": "mision-emprende-dev-game"
                }
              }
            ],
            "ephemeral_storage": [
              {
                "size": 512
              }
            ],
            "file_system_config": [],
            "filename": "./backend.zip",
            "function_name": "mision-emprende-dev-finish-pitch",
            "handler": "functions/finish-pitch/handler.handler",
            "id": "mision-emprende-dev-finish-pitch",
            "image_config": [],
            "image_uri": "",
            "invoke_arn": "arn:aws:apigateway:us-east-1:lambda:path/2015-03-31/functions/arn:aws:lambda:us-east-1:695835257252:function:mision-emprende-dev-finish-pitch/invocations",
            "kms_key_arn": "",
            "last_modified": "2026-08-12T17:00:11.000+0000",
            "layers": [],
            "logging_config": [
              {
                "application_log_level": "",
                "log_format": "Text",
                "log_group": "/aws/lambda/mision-emprende-dev-finish-pitch",
                "system_log_level": ""
              }
            ],
            "memory_size": 128,
            "package_type": "Zip",
            "publish": true,
            "publish_to": null,
            "qualified_arn": "arn:aws:lambda:us-east-1:695835257252:function:mision-emprende-dev-finish-pitch:6",
            "qualified_invoke_arn": "arn:aws:apigateway:us-east-1:lambda:path/2015-03-31/functions/arn:aws:lambda:us-east-1:695835257252:function:mision-emprende-dev-finish-pitch:6/invocations",
            "region": "us-east-1",
            "replace_security_groups_on_destroy": null,
            "replacement_security_group_ids": null,
            "reserved_concurrent_executions": -1,
            "response_streaming_invoke_arn": "arn:aws:apigateway:us-east-1:lambda:path/2021-11-15/functions/arn:aws:lambda:us-east-1:695835257252:function:mision-emprende-dev-finish-pitch/response-streaming-invocations",
            "role": "arn:aws:iam::695835257252:role/LabRole",
            "runtime": "nodejs22.x",
            "s3_bucket": null,
            "s3_key": null,
            "s3_object_version": null,
            "signing_job_arn": "",
            "signing_profile_version_arn": "",
            "skip_destroy": false,
            "snap_start": [],
            "source_code_hash": "aKBGzNtRLly2CIRt3/AQuXUP2ffLU7DZTOWYmNOkzeA=",
            "source_code_size": 45136727,
            "source_kms_key_arn": "",
            "tags": {},
            "tags_all": {
              "Application": "mision-emprende",
              "Environment": "dev",
              "ManagedBy": "Terraform"
            },
            "tenancy_config": [],
            "timeout": 10,
            "timeouts": null,
            "tracing_config": [
              {
                "mode": "Active"
              }
            ],
            "use_resource_timeout_for_propagation": null,
            "version": "6",
            "vpc_config": []
          },
          "sensitive_attributes": [],
          "identity_schema_version": 0,
          "identity": {
            "account_id": "695835257252",
            "function_name": "mision-emprende-dev-finish-pitch",
            "region": "us-east-1"
          },
          "private": "eyJlMmJmYjczMC1lY2FhLTExZTYtOGY4OC0zNDM2M2JjN2M0YzAiOnsiY3JlYXRlIjo2MDAwMDAwMDAwMDAsImRlbGV0ZSI6NjAwMDAwMDAwMDAwLCJ1cGRhdGUiOjYwMDAwMDAwMDAwMH19",
          "dependencies": [
            "aws_cloudwatch_log_group.lambda",
            "aws_cognito_user_pool.lab_demo",
            "aws_dynamodb_table.game",
            "aws_lambda_function.cognito_custom_auth",
            "aws_s3_bucket.analytics",
            "aws_s3_bucket.fis_configuration",
            "aws_s3_bucket.frontend",
            "data.archive_file.backend",
            "data.aws_caller_identity.current",
            "data.aws_iam_role.execution",
            "data.aws_partition.current"
          ],
          "create_before_destroy": true
        },
        {
          "index_key": "frontend",
          "schema_version": 0,
          "attributes": {
            "architectures": [
              "arm64"
            ],
            "arn": "arn:aws:lambda:us-east-1:695835257252:function:mision-emprende-dev-frontend",
            "capacity_provider_config": [],
            "code_sha256": "aKBGzNtRLly2CIRt3/AQuXUP2ffLU7DZTOWYmNOkzeA=",
            "code_signing_config_arn": "",
            "dead_letter_config": [],
            "description": "Mision Emprende: frontend",
            "durable_config": [],
            "environment": [
              {
                "variables": {
                  "ADMIN_USER_POOL_ID": "us-east-1_ylPosjFHL",
                  "ANALYTICS_BUCKET_NAME": "mision-emprende-dev-analytics-695835257252",
                  "DYNAMODB_ENDPOINT": "",
                  "FRONTEND_BUCKET_NAME": "mision-emprende-dev-frontend-695835257252",
                  "GAME_DYNAMODB_FAILOVER_REGIONS": "us-west-2",
                  "GAME_DYNAMODB_PRIMARY_ENDPOINT": "",
                  "GAME_DYNAMODB_PRIMARY_REGION": "us-east-1",
                  "GAME_TABLE_NAME": "mision-emprende-dev-game"
                }
              }
            ],
            "ephemeral_storage": [
              {
                "size": 512
              }
            ],
            "file_system_config": [],
            "filename": "./backend.zip",
            "function_name": "mision-emprende-dev-frontend",
            "handler": "functions/frontend/handler.handler",
            "id": "mision-emprende-dev-frontend",
            "image_config": [],
            "image_uri": "",
            "invoke_arn": "arn:aws:apigateway:us-east-1:lambda:path/2015-03-31/functions/arn:aws:lambda:us-east-1:695835257252:function:mision-emprende-dev-frontend/invocations",
            "kms_key_arn": "",
            "last_modified": "2026-08-12T17:03:01.000+0000",
            "layers": [],
            "logging_config": [
              {
                "application_log_level": "",
                "log_format": "Text",
                "log_group": "/aws/lambda/mision-emprende-dev-frontend",
                "system_log_level": ""
              }
            ],
            "memory_size": 128,
            "package_type": "Zip",
            "publish": true,
            "publish_to": null,
            "qualified_arn": "arn:aws:lambda:us-east-1:695835257252:function:mision-emprende-dev-frontend:6",
            "qualified_invoke_arn": "arn:aws:apigateway:us-east-1:lambda:path/2015-03-31/functions/arn:aws:lambda:us-east-1:695835257252:function:mision-emprende-dev-frontend:6/invocations",
            "region": "us-east-1",
            "replace_security_groups_on_destroy": null,
            "replacement_security_group_ids": null,
            "reserved_concurrent_executions": -1,
            "response_streaming_invoke_arn": "arn:aws:apigateway:us-east-1:lambda:path/2021-11-15/functions/arn:aws:lambda:us-east-1:695835257252:function:mision-emprende-dev-frontend/response-streaming-invocations",
            "role": "arn:aws:iam::695835257252:role/LabRole",
            "runtime": "nodejs22.x",
            "s3_bucket": null,
            "s3_key": null,
            "s3_object_version": null,
            "signing_job_arn": "",
            "signing_profile_version_arn": "",
            "skip_destroy": false,
            "snap_start": [],
            "source_code_hash": "aKBGzNtRLly2CIRt3/AQuXUP2ffLU7DZTOWYmNOkzeA=",
            "source_code_size": 45136727,
            "source_kms_key_arn": "",
            "tags": {},
            "tags_all": {
              "Application": "mision-emprende",
              "Environment": "dev",
              "ManagedBy": "Terraform"
            },
            "tenancy_config": [],
            "timeout": 10,
            "timeouts": null,
            "tracing_config": [
              {
                "mode": "Active"
              }
            ],
            "use_resource_timeout_for_propagation": null,
            "version": "6",
            "vpc_config": []
          },
          "sensitive_attributes": [],
          "identity_schema_version": 0,
          "identity": {
            "account_id": "695835257252",
            "function_name": "mision-emprende-dev-frontend",
            "region": "us-east-1"
          },
          "private": "eyJlMmJmYjczMC1lY2FhLTExZTYtOGY4OC0zNDM2M2JjN2M0YzAiOnsiY3JlYXRlIjo2MDAwMDAwMDAwMDAsImRlbGV0ZSI6NjAwMDAwMDAwMDAwLCJ1cGRhdGUiOjYwMDAwMDAwMDAwMH19",
          "dependencies": [
            "aws_cloudwatch_log_group.lambda",
            "aws_cognito_user_pool.lab_demo",
            "aws_dynamodb_table.game",
            "aws_lambda_function.cognito_custom_auth",
            "aws_s3_bucket.analytics",
            "aws_s3_bucket.fis_configuration",
            "aws_s3_bucket.frontend",
            "data.archive_file.backend",
            "data.aws_caller_identity.current",
            "data.aws_iam_role.execution",
            "data.aws_partition.current"
          ],
          "create_before_destroy": true
        },
        {
          "index_key": "game_state",
          "schema_version": 0,
          "attributes": {
            "architectures": [
              "arm64"
            ],
            "arn": "arn:aws:lambda:us-east-1:695835257252:function:mision-emprende-dev-game-state",
            "capacity_provider_config": [],
            "code_sha256": "aKBGzNtRLly2CIRt3/AQuXUP2ffLU7DZTOWYmNOkzeA=",
            "code_signing_config_arn": "",
            "dead_letter_config": [],
            "description": "Mision Emprende: game_state",
            "durable_config": [],
            "environment": [
              {
                "variables": {
                  "ADMIN_USER_POOL_ID": "us-east-1_ylPosjFHL",
                  "ANALYTICS_BUCKET_NAME": "mision-emprende-dev-analytics-695835257252",
                  "DYNAMODB_ENDPOINT": "",
                  "FRONTEND_BUCKET_NAME": "mision-emprende-dev-frontend-695835257252",
                  "GAME_DYNAMODB_FAILOVER_REGIONS": "us-west-2",
                  "GAME_DYNAMODB_PRIMARY_ENDPOINT": "",
                  "GAME_DYNAMODB_PRIMARY_REGION": "us-east-1",
                  "GAME_TABLE_NAME": "mision-emprende-dev-game"
                }
              }
            ],
            "ephemeral_storage": [
              {
                "size": 512
              }
            ],
            "file_system_config": [],
            "filename": "./backend.zip",
            "function_name": "mision-emprende-dev-game-state",
            "handler": "functions/game-state/handler.handler",
            "id": "mision-emprende-dev-game-state",
            "image_config": [],
            "image_uri": "",
            "invoke_arn": "arn:aws:apigateway:us-east-1:lambda:path/2015-03-31/functions/arn:aws:lambda:us-east-1:695835257252:function:mision-emprende-dev-game-state/invocations",
            "kms_key_arn": "",
            "last_modified": "2026-08-12T17:00:33.000+0000",
            "layers": [],
            "logging_config": [
              {
                "application_log_level": "",
                "log_format": "Text",
                "log_group": "/aws/lambda/mision-emprende-dev-game-state",
                "system_log_level": ""
              }
            ],
            "memory_size": 128,
            "package_type": "Zip",
            "publish": true,
            "publish_to": null,
            "qualified_arn": "arn:aws:lambda:us-east-1:695835257252:function:mision-emprende-dev-game-state:6",
            "qualified_invoke_arn": "arn:aws:apigateway:us-east-1:lambda:path/2015-03-31/functions/arn:aws:lambda:us-east-1:695835257252:function:mision-emprende-dev-game-state:6/invocations",
            "region": "us-east-1",
            "replace_security_groups_on_destroy": null,
            "replacement_security_group_ids": null,
            "reserved_concurrent_executions": -1,
            "response_streaming_invoke_arn": "arn:aws:apigateway:us-east-1:lambda:path/2021-11-15/functions/arn:aws:lambda:us-east-1:695835257252:function:mision-emprende-dev-game-state/response-streaming-invocations",
            "role": "arn:aws:iam::695835257252:role/LabRole",
            "runtime": "nodejs22.x",
            "s3_bucket": null,
            "s3_key": null,
            "s3_object_version": null,
            "signing_job_arn": "",
            "signing_profile_version_arn": "",
            "skip_destroy": false,
            "snap_start": [],
            "source_code_hash": "aKBGzNtRLly2CIRt3/AQuXUP2ffLU7DZTOWYmNOkzeA=",
            "source_code_size": 45136727,
            "source_kms_key_arn": "",
            "tags": {},
            "tags_all": {
              "Application": "mision-emprende",
              "Environment": "dev",
              "ManagedBy": "Terraform"
            },
            "tenancy_config": [],
            "timeout": 10,
            "timeouts": null,
            "tracing_config": [
              {
                "mode": "Active"
              }
            ],
            "use_resource_timeout_for_propagation": null,
            "version": "6",
            "vpc_config": []
          },
          "sensitive_attributes": [],
          "identity_schema_version": 0,
          "identity": {
            "account_id": "695835257252",
            "function_name": "mision-emprende-dev-game-state",
            "region": "us-east-1"
          },
          "private": "eyJlMmJmYjczMC1lY2FhLTExZTYtOGY4OC0zNDM2M2JjN2M0YzAiOnsiY3JlYXRlIjo2MDAwMDAwMDAwMDAsImRlbGV0ZSI6NjAwMDAwMDAwMDAwLCJ1cGRhdGUiOjYwMDAwMDAwMDAwMH19",
          "dependencies": [
            "aws_cloudwatch_log_group.lambda",
            "aws_cognito_user_pool.lab_demo",
            "aws_dynamodb_table.game",
            "aws_lambda_function.cognito_custom_auth",
            "aws_s3_bucket.analytics",
            "aws_s3_bucket.fis_configuration",
            "aws_s3_bucket.frontend",
            "data.archive_file.backend",
            "data.aws_caller_identity.current",
            "data.aws_iam_role.execution",
            "data.aws_partition.current"
          ],
          "create_before_destroy": true
        },
        {
          "index_key": "get_teams",
          "schema_version": 0,
          "attributes": {
            "architectures": [
              "arm64"
            ],
            "arn": "arn:aws:lambda:us-east-1:695835257252:function:mision-emprende-dev-get-teams",
            "capacity_provider_config": [],
            "code_sha256": "aKBGzNtRLly2CIRt3/AQuXUP2ffLU7DZTOWYmNOkzeA=",
            "code_signing_config_arn": "",
            "dead_letter_config": [],
            "description": "Mision Emprende: get_teams",
            "durable_config": [],
            "environment": [
              {
                "variables": {
                  "ADMIN_USER_POOL_ID": "us-east-1_ylPosjFHL",
                  "ANALYTICS_BUCKET_NAME": "mision-emprende-dev-analytics-695835257252",
                  "DYNAMODB_ENDPOINT": "",
                  "FRONTEND_BUCKET_NAME": "mision-emprende-dev-frontend-695835257252",
                  "GAME_DYNAMODB_FAILOVER_REGIONS": "us-west-2",
                  "GAME_DYNAMODB_PRIMARY_ENDPOINT": "",
                  "GAME_DYNAMODB_PRIMARY_REGION": "us-east-1",
                  "GAME_TABLE_NAME": "mision-emprende-dev-game"
                }
              }
            ],
            "ephemeral_storage": [
              {
                "size": 512
              }
            ],
            "file_system_config": [],
            "filename": "./backend.zip",
            "function_name": "mision-emprende-dev-get-teams",
            "handler": "functions/get-teams/handler.handler",
            "id": "mision-emprende-dev-get-teams",
            "image_config": [],
            "image_uri": "",
            "invoke_arn": "arn:aws:apigateway:us-east-1:lambda:path/2015-03-31/functions/arn:aws:lambda:us-east-1:695835257252:function:mision-emprende-dev-get-teams/invocations",
            "kms_key_arn": "",
            "last_modified": "2026-08-12T17:04:22.000+0000",
            "layers": [],
            "logging_config": [
              {
                "application_log_level": "",
                "log_format": "Text",
                "log_group": "/aws/lambda/mision-emprende-dev-get-teams",
                "system_log_level": ""
              }
            ],
            "memory_size": 128,
            "package_type": "Zip",
            "publish": true,
            "publish_to": null,
            "qualified_arn": "arn:aws:lambda:us-east-1:695835257252:function:mision-emprende-dev-get-teams:6",
            "qualified_invoke_arn": "arn:aws:apigateway:us-east-1:lambda:path/2015-03-31/functions/arn:aws:lambda:us-east-1:695835257252:function:mision-emprende-dev-get-teams:6/invocations",
            "region": "us-east-1",
            "replace_security_groups_on_destroy": null,
            "replacement_security_group_ids": null,
            "reserved_concurrent_executions": -1,
            "response_streaming_invoke_arn": "arn:aws:apigateway:us-east-1:lambda:path/2021-11-15/functions/arn:aws:lambda:us-east-1:695835257252:function:mision-emprende-dev-get-teams/response-streaming-invocations",
            "role": "arn:aws:iam::695835257252:role/LabRole",
            "runtime": "nodejs22.x",
            "s3_bucket": null,
            "s3_key": null,
            "s3_object_version": null,
            "signing_job_arn": "",
            "signing_profile_version_arn": "",
            "skip_destroy": false,
            "snap_start": [],
            "source_code_hash": "aKBGzNtRLly2CIRt3/AQuXUP2ffLU7DZTOWYmNOkzeA=",
            "source_code_size": 45136727,
            "source_kms_key_arn": "",
            "tags": {},
            "tags_all": {
              "Application": "mision-emprende",
              "Environment": "dev",
              "ManagedBy": "Terraform"
            },
            "tenancy_config": [],
            "timeout": 10,
            "timeouts": null,
            "tracing_config": [
              {
                "mode": "Active"
              }
            ],
            "use_resource_timeout_for_propagation": null,
            "version": "6",
            "vpc_config": []
          },
          "sensitive_attributes": [],
          "identity_schema_version": 0,
          "identity": {
            "account_id": "695835257252",
            "function_name": "mision-emprende-dev-get-teams",
            "region": "us-east-1"
          },
          "private": "eyJlMmJmYjczMC1lY2FhLTExZTYtOGY4OC0zNDM2M2JjN2M0YzAiOnsiY3JlYXRlIjo2MDAwMDAwMDAwMDAsImRlbGV0ZSI6NjAwMDAwMDAwMDAwLCJ1cGRhdGUiOjYwMDAwMDAwMDAwMH19",
          "dependencies": [
            "aws_cloudwatch_log_group.lambda",
            "aws_cognito_user_pool.lab_demo",
            "aws_dynamodb_table.game",
            "aws_lambda_function.cognito_custom_auth",
            "aws_s3_bucket.analytics",
            "aws_s3_bucket.fis_configuration",
            "aws_s3_bucket.frontend",
            "data.archive_file.backend",
            "data.aws_caller_identity.current",
            "data.aws_iam_role.execution",
            "data.aws_partition.current"
          ],
          "create_before_destroy": true
        },
        {
          "index_key": "health",
          "schema_version": 0,
          "attributes": {
            "architectures": [
              "arm64"
            ],
            "arn": "arn:aws:lambda:us-east-1:695835257252:function:mision-emprende-dev-health",
            "capacity_provider_config": [],
            "code_sha256": "aKBGzNtRLly2CIRt3/AQuXUP2ffLU7DZTOWYmNOkzeA=",
            "code_signing_config_arn": "",
            "dead_letter_config": [],
            "description": "Mision Emprende: health",
            "durable_config": [],
            "environment": [
              {
                "variables": {
                  "ADMIN_USER_POOL_ID": "us-east-1_ylPosjFHL",
                  "ANALYTICS_BUCKET_NAME": "mision-emprende-dev-analytics-695835257252",
                  "DYNAMODB_ENDPOINT": "",
                  "FRONTEND_BUCKET_NAME": "mision-emprende-dev-frontend-695835257252",
                  "GAME_DYNAMODB_FAILOVER_REGIONS": "us-west-2",
                  "GAME_DYNAMODB_PRIMARY_ENDPOINT": "",
                  "GAME_DYNAMODB_PRIMARY_REGION": "us-east-1",
                  "GAME_TABLE_NAME": "mision-emprende-dev-game"
                }
              }
            ],
            "ephemeral_storage": [
              {
                "size": 512
              }
            ],
            "file_system_config": [],
            "filename": "./backend.zip",
            "function_name": "mision-emprende-dev-health",
            "handler": "functions/health/handler.handler",
            "id": "mision-emprende-dev-health",
            "image_config": [],
            "image_uri": "",
            "invoke_arn": "arn:aws:apigateway:us-east-1:lambda:path/2015-03-31/functions/arn:aws:lambda:us-east-1:695835257252:function:mision-emprende-dev-health/invocations",
            "kms_key_arn": "",
            "last_modified": "2026-08-12T17:03:54.000+0000",
            "layers": [],
            "logging_config": [
              {
                "application_log_level": "",
                "log_format": "Text",
                "log_group": "/aws/lambda/mision-emprende-dev-health",
                "system_log_level": ""
              }
            ],
            "memory_size": 128,
            "package_type": "Zip",
            "publish": true,
            "publish_to": null,
            "qualified_arn": "arn:aws:lambda:us-east-1:695835257252:function:mision-emprende-dev-health:6",
            "qualified_invoke_arn": "arn:aws:apigateway:us-east-1:lambda:path/2015-03-31/functions/arn:aws:lambda:us-east-1:695835257252:function:mision-emprende-dev-health:6/invocations",
            "region": "us-east-1",
            "replace_security_groups_on_destroy": null,
            "replacement_security_group_ids": null,
            "reserved_concurrent_executions": -1,
            "response_streaming_invoke_arn": "arn:aws:apigateway:us-east-1:lambda:path/2021-11-15/functions/arn:aws:lambda:us-east-1:695835257252:function:mision-emprende-dev-health/response-streaming-invocations",
            "role": "arn:aws:iam::695835257252:role/LabRole",
            "runtime": "nodejs22.x",
            "s3_bucket": null,
            "s3_key": null,
            "s3_object_version": null,
            "signing_job_arn": "",
            "signing_profile_version_arn": "",
            "skip_destroy": false,
            "snap_start": [],
            "source_code_hash": "aKBGzNtRLly2CIRt3/AQuXUP2ffLU7DZTOWYmNOkzeA=",
            "source_code_size": 45136727,
            "source_kms_key_arn": "",
            "tags": {},
            "tags_all": {
              "Application": "mision-emprende",
              "Environment": "dev",
              "ManagedBy": "Terraform"
            },
            "tenancy_config": [],
            "timeout": 10,
            "timeouts": null,
            "tracing_config": [
              {
                "mode": "Active"
              }
            ],
            "use_resource_timeout_for_propagation": null,
            "version": "6",
            "vpc_config": []
          },
          "sensitive_attributes": [],
          "identity_schema_version": 0,
          "identity": {
            "account_id": "695835257252",
            "function_name": "mision-emprende-dev-health",
            "region": "us-east-1"
          },
          "private": "eyJlMmJmYjczMC1lY2FhLTExZTYtOGY4OC0zNDM2M2JjN2M0YzAiOnsiY3JlYXRlIjo2MDAwMDAwMDAwMDAsImRlbGV0ZSI6NjAwMDAwMDAwMDAwLCJ1cGRhdGUiOjYwMDAwMDAwMDAwMH19",
          "dependencies": [
            "aws_cloudwatch_log_group.lambda",
            "aws_cognito_user_pool.lab_demo",
            "aws_dynamodb_table.game",
            "aws_lambda_function.cognito_custom_auth",
            "aws_s3_bucket.analytics",
            "aws_s3_bucket.fis_configuration",
            "aws_s3_bucket.frontend",
            "data.archive_file.backend",
            "data.aws_caller_identity.current",
            "data.aws_iam_role.execution",
            "data.aws_partition.current"
          ],
          "create_before_destroy": true
        },
        {
          "index_key": "register_team",
          "schema_version": 0,
          "attributes": {
            "architectures": [
              "arm64"
            ],
            "arn": "arn:aws:lambda:us-east-1:695835257252:function:mision-emprende-dev-register-team",
            "capacity_provider_config": [],
            "code_sha256": "OLOnI2yVLgQtRi+g11jhyd3y6AwKj2bRVDkP3CMQ7/Y=",
            "code_signing_config_arn": "",
            "dead_letter_config": [],
            "description": "Mision Emprende: register_team",
            "durable_config": [],
            "environment": [
              {
                "variables": {
                  "ADMIN_USER_POOL_ID": "us-east-1_ylPosjFHL",
                  "ANALYTICS_BUCKET_NAME": "mision-emprende-dev-analytics-695835257252",
                  "DYNAMODB_ENDPOINT": "",
                  "FRONTEND_BUCKET_NAME": "mision-emprende-dev-frontend-695835257252",
                  "GAME_DYNAMODB_FAILOVER_REGIONS": "us-west-2",
                  "GAME_DYNAMODB_PRIMARY_ENDPOINT": "",
                  "GAME_DYNAMODB_PRIMARY_REGION": "us-east-1",
                  "GAME_TABLE_NAME": "mision-emprende-dev-game"
                }
              }
            ],
            "ephemeral_storage": [
              {
                "size": 512
              }
            ],
            "file_system_config": [],
            "filename": "./backend.zip",
            "function_name": "mision-emprende-dev-register-team",
            "handler": "functions/register-team/handler.handler",
            "id": "mision-emprende-dev-register-team",
            "image_config": [],
            "image_uri": "",
            "invoke_arn": "arn:aws:apigateway:us-east-1:lambda:path/2015-03-31/functions/arn:aws:lambda:us-east-1:695835257252:function:mision-emprende-dev-register-team/invocations",
            "kms_key_arn": "",
            "last_modified": "2026-08-12T18:06:24.000+0000",
            "layers": [],
            "logging_config": [
              {
                "application_log_level": "",
                "log_format": "Text",
                "log_group": "/aws/lambda/mision-emprende-dev-register-team",
                "system_log_level": ""
              }
            ],
            "memory_size": 128,
            "package_type": "Zip",
            "publish": true,
            "publish_to": null,
            "qualified_arn": "arn:aws:lambda:us-east-1:695835257252:function:mision-emprende-dev-register-team:20",
            "qualified_invoke_arn": "arn:aws:apigateway:us-east-1:lambda:path/2015-03-31/functions/arn:aws:lambda:us-east-1:695835257252:function:mision-emprende-dev-register-team:20/invocations",
            "region": "us-east-1",
            "replace_security_groups_on_destroy": null,
            "replacement_security_group_ids": null,
            "reserved_concurrent_executions": -1,
            "response_streaming_invoke_arn": "arn:aws:apigateway:us-east-1:lambda:path/2021-11-15/functions/arn:aws:lambda:us-east-1:695835257252:function:mision-emprende-dev-register-team/response-streaming-invocations",
            "role": "arn:aws:iam::695835257252:role/LabRole",
            "runtime": "nodejs22.x",
            "s3_bucket": null,
            "s3_key": null,
            "s3_object_version": null,
            "signing_job_arn": "",
            "signing_profile_version_arn": "",
            "skip_destroy": false,
            "snap_start": [],
            "source_code_hash": "OLOnI2yVLgQtRi+g11jhyd3y6AwKj2bRVDkP3CMQ7/Y=",
            "source_code_size": 45136860,
            "source_kms_key_arn": "",
            "tags": {},
            "tags_all": {
              "Application": "mision-emprende",
              "Environment": "dev",
              "ManagedBy": "Terraform"
            },
            "tenancy_config": [],
            "timeout": 10,
            "timeouts": null,
            "tracing_config": [
              {
                "mode": "Active"
              }
            ],
            "use_resource_timeout_for_propagation": null,
            "version": "20",
            "vpc_config": []
          },
          "sensitive_attributes": [],
          "identity_schema_version": 0,
          "identity": {
            "account_id": "695835257252",
            "function_name": "mision-emprende-dev-register-team",
            "region": "us-east-1"
          },
          "private": "eyJlMmJmYjczMC1lY2FhLTExZTYtOGY4OC0zNDM2M2JjN2M0YzAiOnsiY3JlYXRlIjo2MDAwMDAwMDAwMDAsImRlbGV0ZSI6NjAwMDAwMDAwMDAwLCJ1cGRhdGUiOjYwMDAwMDAwMDAwMH19",
          "dependencies": [
            "aws_cloudwatch_log_group.lambda",
            "aws_cognito_user_pool.lab_demo",
            "aws_dynamodb_table.game",
            "aws_lambda_function.cognito_custom_auth",
            "aws_s3_bucket.analytics",
            "aws_s3_bucket.fis_configuration",
            "aws_s3_bucket.frontend",
            "data.archive_file.backend",
            "data.aws_caller_identity.current",
            "data.aws_iam_role.execution",
            "data.aws_partition.current"
          ],
          "create_before_destroy": true
        },
        {
          "index_key": "team_ready",
          "schema_version": 0,
          "attributes": {
            "architectures": [
              "arm64"
            ],
            "arn": "arn:aws:lambda:us-east-1:695835257252:function:mision-emprende-dev-team-ready",
            "capacity_provider_config": [],
            "code_sha256": "aKBGzNtRLly2CIRt3/AQuXUP2ffLU7DZTOWYmNOkzeA=",
            "code_signing_config_arn": "",
            "dead_letter_config": [],
            "description": "Mision Emprende: team_ready",
            "durable_config": [],
            "environment": [
              {
                "variables": {
                  "ADMIN_USER_POOL_ID": "us-east-1_ylPosjFHL",
                  "ANALYTICS_BUCKET_NAME": "mision-emprende-dev-analytics-695835257252",
                  "DYNAMODB_ENDPOINT": "",
                  "FRONTEND_BUCKET_NAME": "mision-emprende-dev-frontend-695835257252",
                  "GAME_DYNAMODB_FAILOVER_REGIONS": "us-west-2",
                  "GAME_DYNAMODB_PRIMARY_ENDPOINT": "",
                  "GAME_DYNAMODB_PRIMARY_REGION": "us-east-1",
                  "GAME_TABLE_NAME": "mision-emprende-dev-game"
                }
              }
            ],
            "ephemeral_storage": [
              {
                "size": 512
              }
            ],
            "file_system_config": [],
            "filename": "./backend.zip",
            "function_name": "mision-emprende-dev-team-ready",
            "handler": "functions/team-ready/handler.handler",
            "id": "mision-emprende-dev-team-ready",
            "image_config": [],
            "image_uri": "",
            "invoke_arn": "arn:aws:apigateway:us-east-1:lambda:path/2015-03-31/functions/arn:aws:lambda:us-east-1:695835257252:function:mision-emprende-dev-team-ready/invocations",
            "kms_key_arn": "",
            "last_modified": "2026-08-12T17:01:51.000+0000",
            "layers": [],
            "logging_config": [
              {
                "application_log_level": "",
                "log_format": "Text",
                "log_group": "/aws/lambda/mision-emprende-dev-team-ready",
                "system_log_level": ""
              }
            ],
            "memory_size": 128,
            "package_type": "Zip",
            "publish": true,
            "publish_to": null,
            "qualified_arn": "arn:aws:lambda:us-east-1:695835257252:function:mision-emprende-dev-team-ready:6",
            "qualified_invoke_arn": "arn:aws:apigateway:us-east-1:lambda:path/2015-03-31/functions/arn:aws:lambda:us-east-1:695835257252:function:mision-emprende-dev-team-ready:6/invocations",
            "region": "us-east-1",
            "replace_security_groups_on_destroy": null,
            "replacement_security_group_ids": null,
            "reserved_concurrent_executions": -1,
            "response_streaming_invoke_arn": "arn:aws:apigateway:us-east-1:lambda:path/2021-11-15/functions/arn:aws:lambda:us-east-1:695835257252:function:mision-emprende-dev-team-ready/response-streaming-invocations",
            "role": "arn:aws:iam::695835257252:role/LabRole",
            "runtime": "nodejs22.x",
            "s3_bucket": null,
            "s3_key": null,
            "s3_object_version": null,
            "signing_job_arn": "",
            "signing_profile_version_arn": "",
            "skip_destroy": false,
            "snap_start": [],
            "source_code_hash": "aKBGzNtRLly2CIRt3/AQuXUP2ffLU7DZTOWYmNOkzeA=",
            "source_code_size": 45136727,
            "source_kms_key_arn": "",
            "tags": {},
            "tags_all": {
              "Application": "mision-emprende",
              "Environment": "dev",
              "ManagedBy": "Terraform"
            },
            "tenancy_config": [],
            "timeout": 10,
            "timeouts": null,
            "tracing_config": [
              {
                "mode": "Active"
              }
            ],
            "use_resource_timeout_for_propagation": null,
            "version": "6",
            "vpc_config": []
          },
          "sensitive_attributes": [],
          "identity_schema_version": 0,
          "identity": {
            "account_id": "695835257252",
            "function_name": "mision-emprende-dev-team-ready",
            "region": "us-east-1"
          },
          "private": "eyJlMmJmYjczMC1lY2FhLTExZTYtOGY4OC0zNDM2M2JjN2M0YzAiOnsiY3JlYXRlIjo2MDAwMDAwMDAwMDAsImRlbGV0ZSI6NjAwMDAwMDAwMDAwLCJ1cGRhdGUiOjYwMDAwMDAwMDAwMH19",
          "dependencies": [
            "aws_cloudwatch_log_group.lambda",
            "aws_cognito_user_pool.lab_demo",
            "aws_dynamodb_table.game",
            "aws_lambda_function.cognito_custom_auth",
            "aws_s3_bucket.analytics",
            "aws_s3_bucket.fis_configuration",
            "aws_s3_bucket.frontend",
            "data.archive_file.backend",
            "data.aws_caller_identity.current",
            "data.aws_iam_role.execution",
            "data.aws_partition.current"
          ],
          "create_before_destroy": true
        },
        {
          "index_key": "validate",
          "schema_version": 0,
          "attributes": {
            "architectures": [
              "arm64"
            ],
            "arn": "arn:aws:lambda:us-east-1:695835257252:function:mision-emprende-dev-validate",
            "capacity_provider_config": [],
            "code_sha256": "aKBGzNtRLly2CIRt3/AQuXUP2ffLU7DZTOWYmNOkzeA=",
            "code_signing_config_arn": "",
            "dead_letter_config": [],
            "description": "Mision Emprende: validate",
            "durable_config": [],
            "environment": [
              {
                "variables": {
                  "ADMIN_USER_POOL_ID": "us-east-1_ylPosjFHL",
                  "ANALYTICS_BUCKET_NAME": "mision-emprende-dev-analytics-695835257252",
                  "DYNAMODB_ENDPOINT": "",
                  "FRONTEND_BUCKET_NAME": "mision-emprende-dev-frontend-695835257252",
                  "GAME_DYNAMODB_FAILOVER_REGIONS": "us-west-2",
                  "GAME_DYNAMODB_PRIMARY_ENDPOINT": "",
                  "GAME_DYNAMODB_PRIMARY_REGION": "us-east-1",
                  "GAME_TABLE_NAME": "mision-emprende-dev-game"
                }
              }
            ],
            "ephemeral_storage": [
              {
                "size": 512
              }
            ],
            "file_system_config": [],
            "filename": "./backend.zip",
            "function_name": "mision-emprende-dev-validate",
            "handler": "functions/validate-session/handler.handler",
            "id": "mision-emprende-dev-validate",
            "image_config": [],
            "image_uri": "",
            "invoke_arn": "arn:aws:apigateway:us-east-1:lambda:path/2015-03-31/functions/arn:aws:lambda:us-east-1:695835257252:function:mision-emprende-dev-validate/invocations",
            "kms_key_arn": "",
            "last_modified": "2026-08-12T17:03:28.000+0000",
            "layers": [],
            "logging_config": [
              {
                "application_log_level": "",
                "log_format": "Text",
                "log_group": "/aws/lambda/mision-emprende-dev-validate",
                "system_log_level": ""
              }
            ],
            "memory_size": 128,
            "package_type": "Zip",
            "publish": true,
            "publish_to": null,
            "qualified_arn": "arn:aws:lambda:us-east-1:695835257252:function:mision-emprende-dev-validate:6",
            "qualified_invoke_arn": "arn:aws:apigateway:us-east-1:lambda:path/2015-03-31/functions/arn:aws:lambda:us-east-1:695835257252:function:mision-emprende-dev-validate:6/invocations",
            "region": "us-east-1",
            "replace_security_groups_on_destroy": null,
            "replacement_security_group_ids": null,
            "reserved_concurrent_executions": -1,
            "response_streaming_invoke_arn": "arn:aws:apigateway:us-east-1:lambda:path/2021-11-15/functions/arn:aws:lambda:us-east-1:695835257252:function:mision-emprende-dev-validate/response-streaming-invocations",
            "role": "arn:aws:iam::695835257252:role/LabRole",
            "runtime": "nodejs22.x",
            "s3_bucket": null,
            "s3_key": null,
            "s3_object_version": null,
            "signing_job_arn": "",
            "signing_profile_version_arn": "",
            "skip_destroy": false,
            "snap_start": [],
            "source_code_hash": "aKBGzNtRLly2CIRt3/AQuXUP2ffLU7DZTOWYmNOkzeA=",
            "source_code_size": 45136727,
            "source_kms_key_arn": "",
            "tags": {},
            "tags_all": {
              "Application": "mision-emprende",
              "Environment": "dev",
              "ManagedBy": "Terraform"
            },
            "tenancy_config": [],
            "timeout": 10,
            "timeouts": null,
            "tracing_config": [
              {
                "mode": "Active"
              }
            ],
            "use_resource_timeout_for_propagation": null,
            "version": "6",
            "vpc_config": []
          },
          "sensitive_attributes": [],
          "identity_schema_version": 0,
          "identity": {
            "account_id": "695835257252",
            "function_name": "mision-emprende-dev-validate",
            "region": "us-east-1"
          },
          "private": "eyJlMmJmYjczMC1lY2FhLTExZTYtOGY4OC0zNDM2M2JjN2M0YzAiOnsiY3JlYXRlIjo2MDAwMDAwMDAwMDAsImRlbGV0ZSI6NjAwMDAwMDAwMDAwLCJ1cGRhdGUiOjYwMDAwMDAwMDAwMH19",
          "dependencies": [
            "aws_cloudwatch_log_group.lambda",
            "aws_cognito_user_pool.lab_demo",
            "aws_dynamodb_table.game",
            "aws_lambda_function.cognito_custom_auth",
            "aws_s3_bucket.analytics",
            "aws_s3_bucket.fis_configuration",
            "aws_s3_bucket.frontend",
            "data.archive_file.backend",
            "data.aws_caller_identity.current",
            "data.aws_iam_role.execution",
            "data.aws_partition.current"
          ],
          "create_before_destroy": true
        }
      ]
    },
    {
      "mode": "managed",
      "type": "aws_lambda_permission",
      "name": "api",
      "provider": "provider[\"registry.terraform.io/hashicorp/aws\"]",
      "instances": [
        {
          "index_key": "add_tokens",
          "schema_version": 0,
          "attributes": {
            "action": "lambda:InvokeFunction",
            "event_source_token": null,
            "function_name": "mision-emprende-dev-add-tokens",
            "function_url_auth_type": null,
            "id": "AllowApiGateway-add-tokens",
            "invoked_via_function_url": null,
            "principal": "apigateway.amazonaws.com",
            "principal_org_id": null,
            "qualifier": "",
            "region": "us-east-1",
            "source_account": null,
            "source_arn": "arn:aws:execute-api:us-east-1:695835257252:3mm6y2gvu1/*/*",
            "statement_id": "AllowApiGateway-add-tokens",
            "statement_id_prefix": "",
            "timeouts": null
          },
          "sensitive_attributes": [],
          "identity_schema_version": 0,
          "identity": {
            "account_id": "695835257252",
            "function_name": "mision-emprende-dev-add-tokens",
            "qualifier": null,
            "region": "us-east-1",
            "statement_id": "AllowApiGateway-add-tokens"
          },
          "private": "eyJlMmJmYjczMC1lY2FhLTExZTYtOGY4OC0zNDM2M2JjN2M0YzAiOnsiY3JlYXRlIjozMDAwMDAwMDAwMDAsImRlbGV0ZSI6MzAwMDAwMDAwMDAwLCJyZWFkIjozMDAwMDAwMDAwMDB9fQ==",
          "dependencies": [
            "aws_api_gateway_rest_api.game",
            "aws_cloudwatch_log_group.lambda",
            "aws_cognito_user_pool.lab_demo",
            "aws_dynamodb_table.game",
            "aws_lambda_function.cognito_custom_auth",
            "aws_lambda_function.game",
            "aws_s3_bucket.analytics",
            "aws_s3_bucket.fis_configuration",
            "aws_s3_bucket.frontend",
            "data.archive_file.backend",
            "data.aws_caller_identity.current",
            "data.aws_iam_role.execution",
            "data.aws_partition.current"
          ],
          "create_before_destroy": true
        },
        {
          "index_key": "admin_create_user",
          "schema_version": 0,
          "attributes": {
            "action": "lambda:InvokeFunction",
            "event_source_token": null,
            "function_name": "mision-emprende-dev-admin-create-user",
            "function_url_auth_type": null,
            "id": "AllowApiGateway-admin-create-user",
            "invoked_via_function_url": null,
            "principal": "apigateway.amazonaws.com",
            "principal_org_id": null,
            "qualifier": "",
            "region": "us-east-1",
            "source_account": null,
            "source_arn": "arn:aws:execute-api:us-east-1:695835257252:3mm6y2gvu1/*/*",
            "statement_id": "AllowApiGateway-admin-create-user",
            "statement_id_prefix": "",
            "timeouts": null
          },
          "sensitive_attributes": [],
          "identity_schema_version": 0,
          "identity": {
            "account_id": "695835257252",
            "function_name": "mision-emprende-dev-admin-create-user",
            "qualifier": null,
            "region": "us-east-1",
            "statement_id": "AllowApiGateway-admin-create-user"
          },
          "private": "eyJlMmJmYjczMC1lY2FhLTExZTYtOGY4OC0zNDM2M2JjN2M0YzAiOnsiY3JlYXRlIjozMDAwMDAwMDAwMDAsImRlbGV0ZSI6MzAwMDAwMDAwMDAwLCJyZWFkIjozMDAwMDAwMDAwMDB9fQ==",
          "dependencies": [
            "aws_api_gateway_rest_api.game",
            "aws_cloudwatch_log_group.lambda",
            "aws_cognito_user_pool.lab_demo",
            "aws_dynamodb_table.game",
            "aws_lambda_function.cognito_custom_auth",
            "aws_lambda_function.game",
            "aws_s3_bucket.analytics",
            "aws_s3_bucket.fis_configuration",
            "aws_s3_bucket.frontend",
            "data.archive_file.backend",
            "data.aws_caller_identity.current",
            "data.aws_iam_role.execution",
            "data.aws_partition.current"
          ],
          "create_before_destroy": true
        },
        {
          "index_key": "admin_next",
          "schema_version": 0,
          "attributes": {
            "action": "lambda:InvokeFunction",
            "event_source_token": null,
            "function_name": "mision-emprende-dev-admin-next",
            "function_url_auth_type": null,
            "id": "AllowApiGateway-admin-next",
            "invoked_via_function_url": null,
            "principal": "apigateway.amazonaws.com",
            "principal_org_id": null,
            "qualifier": "",
            "region": "us-east-1",
            "source_account": null,
            "source_arn": "arn:aws:execute-api:us-east-1:695835257252:3mm6y2gvu1/*/*",
            "statement_id": "AllowApiGateway-admin-next",
            "statement_id_prefix": "",
            "timeouts": null
          },
          "sensitive_attributes": [],
          "identity_schema_version": 0,
          "identity": {
            "account_id": "695835257252",
            "function_name": "mision-emprende-dev-admin-next",
            "qualifier": null,
            "region": "us-east-1",
            "statement_id": "AllowApiGateway-admin-next"
          },
          "private": "eyJlMmJmYjczMC1lY2FhLTExZTYtOGY4OC0zNDM2M2JjN2M0YzAiOnsiY3JlYXRlIjozMDAwMDAwMDAwMDAsImRlbGV0ZSI6MzAwMDAwMDAwMDAwLCJyZWFkIjozMDAwMDAwMDAwMDB9fQ==",
          "dependencies": [
            "aws_api_gateway_rest_api.game",
            "aws_cloudwatch_log_group.lambda",
            "aws_cognito_user_pool.lab_demo",
            "aws_dynamodb_table.game",
            "aws_lambda_function.cognito_custom_auth",
            "aws_lambda_function.game",
            "aws_s3_bucket.analytics",
            "aws_s3_bucket.fis_configuration",
            "aws_s3_bucket.frontend",
            "data.archive_file.backend",
            "data.aws_caller_identity.current",
            "data.aws_iam_role.execution",
            "data.aws_partition.current"
          ],
          "create_before_destroy": true
        },
        {
          "index_key": "admin_pause",
          "schema_version": 0,
          "attributes": {
            "action": "lambda:InvokeFunction",
            "event_source_token": null,
            "function_name": "mision-emprende-dev-admin-pause",
            "function_url_auth_type": null,
            "id": "AllowApiGateway-admin-pause",
            "invoked_via_function_url": null,
            "principal": "apigateway.amazonaws.com",
            "principal_org_id": null,
            "qualifier": "",
            "region": "us-east-1",
            "source_account": null,
            "source_arn": "arn:aws:execute-api:us-east-1:695835257252:3mm6y2gvu1/*/*",
            "statement_id": "AllowApiGateway-admin-pause",
            "statement_id_prefix": "",
            "timeouts": null
          },
          "sensitive_attributes": [],
          "identity_schema_version": 0,
          "identity": {
            "account_id": "695835257252",
            "function_name": "mision-emprende-dev-admin-pause",
            "qualifier": null,
            "region": "us-east-1",
            "statement_id": "AllowApiGateway-admin-pause"
          },
          "private": "eyJlMmJmYjczMC1lY2FhLTExZTYtOGY4OC0zNDM2M2JjN2M0YzAiOnsiY3JlYXRlIjozMDAwMDAwMDAwMDAsImRlbGV0ZSI6MzAwMDAwMDAwMDAwLCJyZWFkIjozMDAwMDAwMDAwMDB9fQ==",
          "dependencies": [
            "aws_api_gateway_rest_api.game",
            "aws_cloudwatch_log_group.lambda",
            "aws_cognito_user_pool.lab_demo",
            "aws_dynamodb_table.game",
            "aws_lambda_function.cognito_custom_auth",
            "aws_lambda_function.game",
            "aws_s3_bucket.analytics",
            "aws_s3_bucket.fis_configuration",
            "aws_s3_bucket.frontend",
            "data.archive_file.backend",
            "data.aws_caller_identity.current",
            "data.aws_iam_role.execution",
            "data.aws_partition.current"
          ],
          "create_before_destroy": true
        },
        {
          "index_key": "admin_start",
          "schema_version": 0,
          "attributes": {
            "action": "lambda:InvokeFunction",
            "event_source_token": null,
            "function_name": "mision-emprende-dev-admin-start",
            "function_url_auth_type": null,
            "id": "AllowApiGateway-admin-start",
            "invoked_via_function_url": null,
            "principal": "apigateway.amazonaws.com",
            "principal_org_id": null,
            "qualifier": "",
            "region": "us-east-1",
            "source_account": null,
            "source_arn": "arn:aws:execute-api:us-east-1:695835257252:3mm6y2gvu1/*/*",
            "statement_id": "AllowApiGateway-admin-start",
            "statement_id_prefix": "",
            "timeouts": null
          },
          "sensitive_attributes": [],
          "identity_schema_version": 0,
          "identity": {
            "account_id": "695835257252",
            "function_name": "mision-emprende-dev-admin-start",
            "qualifier": null,
            "region": "us-east-1",
            "statement_id": "AllowApiGateway-admin-start"
          },
          "private": "eyJlMmJmYjczMC1lY2FhLTExZTYtOGY4OC0zNDM2M2JjN2M0YzAiOnsiY3JlYXRlIjozMDAwMDAwMDAwMDAsImRlbGV0ZSI6MzAwMDAwMDAwMDAwLCJyZWFkIjozMDAwMDAwMDAwMDB9fQ==",
          "dependencies": [
            "aws_api_gateway_rest_api.game",
            "aws_cloudwatch_log_group.lambda",
            "aws_cognito_user_pool.lab_demo",
            "aws_dynamodb_table.game",
            "aws_lambda_function.cognito_custom_auth",
            "aws_lambda_function.game",
            "aws_s3_bucket.analytics",
            "aws_s3_bucket.fis_configuration",
            "aws_s3_bucket.frontend",
            "data.archive_file.backend",
            "data.aws_caller_identity.current",
            "data.aws_iam_role.execution",
            "data.aws_partition.current"
          ],
          "create_before_destroy": true
        },
        {
          "index_key": "admin_stats",
          "schema_version": 0,
          "attributes": {
            "action": "lambda:InvokeFunction",
            "event_source_token": null,
            "function_name": "mision-emprende-dev-admin-stats",
            "function_url_auth_type": null,
            "id": "AllowApiGateway-admin-stats",
            "invoked_via_function_url": null,
            "principal": "apigateway.amazonaws.com",
            "principal_org_id": null,
            "qualifier": "",
            "region": "us-east-1",
            "source_account": null,
            "source_arn": "arn:aws:execute-api:us-east-1:695835257252:3mm6y2gvu1/*/*",
            "statement_id": "AllowApiGateway-admin-stats",
            "statement_id_prefix": "",
            "timeouts": null
          },
          "sensitive_attributes": [],
          "identity_schema_version": 0,
          "identity": {
            "account_id": "695835257252",
            "function_name": "mision-emprende-dev-admin-stats",
            "qualifier": null,
            "region": "us-east-1",
            "statement_id": "AllowApiGateway-admin-stats"
          },
          "private": "eyJlMmJmYjczMC1lY2FhLTExZTYtOGY4OC0zNDM2M2JjN2M0YzAiOnsiY3JlYXRlIjozMDAwMDAwMDAwMDAsImRlbGV0ZSI6MzAwMDAwMDAwMDAwLCJyZWFkIjozMDAwMDAwMDAwMDB9fQ==",
          "dependencies": [
            "aws_api_gateway_rest_api.game",
            "aws_cloudwatch_log_group.lambda",
            "aws_cognito_user_pool.lab_demo",
            "aws_dynamodb_table.game",
            "aws_lambda_function.cognito_custom_auth",
            "aws_lambda_function.game",
            "aws_s3_bucket.analytics",
            "aws_s3_bucket.fis_configuration",
            "aws_s3_bucket.frontend",
            "data.archive_file.backend",
            "data.aws_caller_identity.current",
            "data.aws_iam_role.execution",
            "data.aws_partition.current"
          ],
          "create_before_destroy": true
        },
        {
          "index_key": "analytics",
          "schema_version": 0,
          "attributes": {
            "action": "lambda:InvokeFunction",
            "event_source_token": null,
            "function_name": "mision-emprende-dev-analytics",
            "function_url_auth_type": null,
            "id": "AllowApiGateway-analytics",
            "invoked_via_function_url": null,
            "principal": "apigateway.amazonaws.com",
            "principal_org_id": null,
            "qualifier": "",
            "region": "us-east-1",
            "source_account": null,
            "source_arn": "arn:aws:execute-api:us-east-1:695835257252:3mm6y2gvu1/*/*",
            "statement_id": "AllowApiGateway-analytics",
            "statement_id_prefix": "",
            "timeouts": null
          },
          "sensitive_attributes": [],
          "identity_schema_version": 0,
          "identity": {
            "account_id": "695835257252",
            "function_name": "mision-emprende-dev-analytics",
            "qualifier": null,
            "region": "us-east-1",
            "statement_id": "AllowApiGateway-analytics"
          },
          "private": "eyJlMmJmYjczMC1lY2FhLTExZTYtOGY4OC0zNDM2M2JjN2M0YzAiOnsiY3JlYXRlIjozMDAwMDAwMDAwMDAsImRlbGV0ZSI6MzAwMDAwMDAwMDAwLCJyZWFkIjozMDAwMDAwMDAwMDB9fQ==",
          "dependencies": [
            "aws_api_gateway_rest_api.game",
            "aws_cloudwatch_log_group.lambda",
            "aws_cognito_user_pool.lab_demo",
            "aws_dynamodb_table.game",
            "aws_lambda_function.cognito_custom_auth",
            "aws_lambda_function.game",
            "aws_s3_bucket.analytics",
            "aws_s3_bucket.fis_configuration",
            "aws_s3_bucket.frontend",
            "data.archive_file.backend",
            "data.aws_caller_identity.current",
            "data.aws_iam_role.execution",
            "data.aws_partition.current"
          ],
          "create_before_destroy": true
        },
        {
          "index_key": "create_session",
          "schema_version": 0,
          "attributes": {
            "action": "lambda:InvokeFunction",
            "event_source_token": null,
            "function_name": "mision-emprende-dev-create-session",
            "function_url_auth_type": null,
            "id": "AllowApiGateway-create-session",
            "invoked_via_function_url": null,
            "principal": "apigateway.amazonaws.com",
            "principal_org_id": null,
            "qualifier": "",
            "region": "us-east-1",
            "source_account": null,
            "source_arn": "arn:aws:execute-api:us-east-1:695835257252:3mm6y2gvu1/*/*",
            "statement_id": "AllowApiGateway-create-session",
            "statement_id_prefix": "",
            "timeouts": null
          },
          "sensitive_attributes": [],
          "identity_schema_version": 0,
          "identity": {
            "account_id": "695835257252",
            "function_name": "mision-emprende-dev-create-session",
            "qualifier": null,
            "region": "us-east-1",
            "statement_id": "AllowApiGateway-create-session"
          },
          "private": "eyJlMmJmYjczMC1lY2FhLTExZTYtOGY4OC0zNDM2M2JjN2M0YzAiOnsiY3JlYXRlIjozMDAwMDAwMDAwMDAsImRlbGV0ZSI6MzAwMDAwMDAwMDAwLCJyZWFkIjozMDAwMDAwMDAwMDB9fQ==",
          "dependencies": [
            "aws_api_gateway_rest_api.game",
            "aws_cloudwatch_log_group.lambda",
            "aws_cognito_user_pool.lab_demo",
            "aws_dynamodb_table.game",
            "aws_lambda_function.cognito_custom_auth",
            "aws_lambda_function.game",
            "aws_s3_bucket.analytics",
            "aws_s3_bucket.fis_configuration",
            "aws_s3_bucket.frontend",
            "data.archive_file.backend",
            "data.aws_caller_identity.current",
            "data.aws_iam_role.execution",
            "data.aws_partition.current"
          ],
          "create_before_destroy": true
        },
        {
          "index_key": "finish_phase",
          "schema_version": 0,
          "attributes": {
            "action": "lambda:InvokeFunction",
            "event_source_token": null,
            "function_name": "mision-emprende-dev-finish-phase",
            "function_url_auth_type": null,
            "id": "AllowApiGateway-finish-phase",
            "invoked_via_function_url": null,
            "principal": "apigateway.amazonaws.com",
            "principal_org_id": null,
            "qualifier": "",
            "region": "us-east-1",
            "source_account": null,
            "source_arn": "arn:aws:execute-api:us-east-1:695835257252:3mm6y2gvu1/*/*",
            "statement_id": "AllowApiGateway-finish-phase",
            "statement_id_prefix": "",
            "timeouts": null
          },
          "sensitive_attributes": [],
          "identity_schema_version": 0,
          "identity": {
            "account_id": "695835257252",
            "function_name": "mision-emprende-dev-finish-phase",
            "qualifier": null,
            "region": "us-east-1",
            "statement_id": "AllowApiGateway-finish-phase"
          },
          "private": "eyJlMmJmYjczMC1lY2FhLTExZTYtOGY4OC0zNDM2M2JjN2M0YzAiOnsiY3JlYXRlIjozMDAwMDAwMDAwMDAsImRlbGV0ZSI6MzAwMDAwMDAwMDAwLCJyZWFkIjozMDAwMDAwMDAwMDB9fQ==",
          "dependencies": [
            "aws_api_gateway_rest_api.game",
            "aws_cloudwatch_log_group.lambda",
            "aws_cognito_user_pool.lab_demo",
            "aws_dynamodb_table.game",
            "aws_lambda_function.cognito_custom_auth",
            "aws_lambda_function.game",
            "aws_s3_bucket.analytics",
            "aws_s3_bucket.fis_configuration",
            "aws_s3_bucket.frontend",
            "data.archive_file.backend",
            "data.aws_caller_identity.current",
            "data.aws_iam_role.execution",
            "data.aws_partition.current"
          ],
          "create_before_destroy": true
        },
        {
          "index_key": "finish_pitch",
          "schema_version": 0,
          "attributes": {
            "action": "lambda:InvokeFunction",
            "event_source_token": null,
            "function_name": "mision-emprende-dev-finish-pitch",
            "function_url_auth_type": null,
            "id": "AllowApiGateway-finish-pitch",
            "invoked_via_function_url": null,
            "principal": "apigateway.amazonaws.com",
            "principal_org_id": null,
            "qualifier": "",
            "region": "us-east-1",
            "source_account": null,
            "source_arn": "arn:aws:execute-api:us-east-1:695835257252:3mm6y2gvu1/*/*",
            "statement_id": "AllowApiGateway-finish-pitch",
            "statement_id_prefix": "",
            "timeouts": null
          },
          "sensitive_attributes": [],
          "identity_schema_version": 0,
          "identity": {
            "account_id": "695835257252",
            "function_name": "mision-emprende-dev-finish-pitch",
            "qualifier": null,
            "region": "us-east-1",
            "statement_id": "AllowApiGateway-finish-pitch"
          },
          "private": "eyJlMmJmYjczMC1lY2FhLTExZTYtOGY4OC0zNDM2M2JjN2M0YzAiOnsiY3JlYXRlIjozMDAwMDAwMDAwMDAsImRlbGV0ZSI6MzAwMDAwMDAwMDAwLCJyZWFkIjozMDAwMDAwMDAwMDB9fQ==",
          "dependencies": [
            "aws_api_gateway_rest_api.game",
            "aws_cloudwatch_log_group.lambda",
            "aws_cognito_user_pool.lab_demo",
            "aws_dynamodb_table.game",
            "aws_lambda_function.cognito_custom_auth",
            "aws_lambda_function.game",
            "aws_s3_bucket.analytics",
            "aws_s3_bucket.fis_configuration",
            "aws_s3_bucket.frontend",
            "data.archive_file.backend",
            "data.aws_caller_identity.current",
            "data.aws_iam_role.execution",
            "data.aws_partition.current"
          ],
          "create_before_destroy": true
        },
        {
          "index_key": "frontend",
          "schema_version": 0,
          "attributes": {
            "action": "lambda:InvokeFunction",
            "event_source_token": null,
            "function_name": "mision-emprende-dev-frontend",
            "function_url_auth_type": null,
            "id": "AllowApiGateway-frontend",
            "invoked_via_function_url": null,
            "principal": "apigateway.amazonaws.com",
            "principal_org_id": null,
            "qualifier": "",
            "region": "us-east-1",
            "source_account": null,
            "source_arn": "arn:aws:execute-api:us-east-1:695835257252:3mm6y2gvu1/*/*",
            "statement_id": "AllowApiGateway-frontend",
            "statement_id_prefix": "",
            "timeouts": null
          },
          "sensitive_attributes": [],
          "identity_schema_version": 0,
          "identity": {
            "account_id": "695835257252",
            "function_name": "mision-emprende-dev-frontend",
            "qualifier": null,
            "region": "us-east-1",
            "statement_id": "AllowApiGateway-frontend"
          },
          "private": "eyJlMmJmYjczMC1lY2FhLTExZTYtOGY4OC0zNDM2M2JjN2M0YzAiOnsiY3JlYXRlIjozMDAwMDAwMDAwMDAsImRlbGV0ZSI6MzAwMDAwMDAwMDAwLCJyZWFkIjozMDAwMDAwMDAwMDB9fQ==",
          "dependencies": [
            "aws_api_gateway_rest_api.game",
            "aws_cloudwatch_log_group.lambda",
            "aws_cognito_user_pool.lab_demo",
            "aws_dynamodb_table.game",
            "aws_lambda_function.cognito_custom_auth",
            "aws_lambda_function.game",
            "aws_s3_bucket.analytics",
            "aws_s3_bucket.fis_configuration",
            "aws_s3_bucket.frontend",
            "data.archive_file.backend",
            "data.aws_caller_identity.current",
            "data.aws_iam_role.execution",
            "data.aws_partition.current"
          ],
          "create_before_destroy": true
        },
        {
          "index_key": "game_state",
          "schema_version": 0,
          "attributes": {
            "action": "lambda:InvokeFunction",
            "event_source_token": null,
            "function_name": "mision-emprende-dev-game-state",
            "function_url_auth_type": null,
            "id": "AllowApiGateway-game-state",
            "invoked_via_function_url": null,
            "principal": "apigateway.amazonaws.com",
            "principal_org_id": null,
            "qualifier": "",
            "region": "us-east-1",
            "source_account": null,
            "source_arn": "arn:aws:execute-api:us-east-1:695835257252:3mm6y2gvu1/*/*",
            "statement_id": "AllowApiGateway-game-state",
            "statement_id_prefix": "",
            "timeouts": null
          },
          "sensitive_attributes": [],
          "identity_schema_version": 0,
          "identity": {
            "account_id": "695835257252",
            "function_name": "mision-emprende-dev-game-state",
            "qualifier": null,
            "region": "us-east-1",
            "statement_id": "AllowApiGateway-game-state"
          },
          "private": "eyJlMmJmYjczMC1lY2FhLTExZTYtOGY4OC0zNDM2M2JjN2M0YzAiOnsiY3JlYXRlIjozMDAwMDAwMDAwMDAsImRlbGV0ZSI6MzAwMDAwMDAwMDAwLCJyZWFkIjozMDAwMDAwMDAwMDB9fQ==",
          "dependencies": [
            "aws_api_gateway_rest_api.game",
            "aws_cloudwatch_log_group.lambda",
            "aws_cognito_user_pool.lab_demo",
            "aws_dynamodb_table.game",
            "aws_lambda_function.cognito_custom_auth",
            "aws_lambda_function.game",
            "aws_s3_bucket.analytics",
            "aws_s3_bucket.fis_configuration",
            "aws_s3_bucket.frontend",
            "data.archive_file.backend",
            "data.aws_caller_identity.current",
            "data.aws_iam_role.execution",
            "data.aws_partition.current"
          ],
          "create_before_destroy": true
        },
        {
          "index_key": "get_teams",
          "schema_version": 0,
          "attributes": {
            "action": "lambda:InvokeFunction",
            "event_source_token": null,
            "function_name": "mision-emprende-dev-get-teams",
            "function_url_auth_type": null,
            "id": "AllowApiGateway-get-teams",
            "invoked_via_function_url": null,
            "principal": "apigateway.amazonaws.com",
            "principal_org_id": null,
            "qualifier": "",
            "region": "us-east-1",
            "source_account": null,
            "source_arn": "arn:aws:execute-api:us-east-1:695835257252:3mm6y2gvu1/*/*",
            "statement_id": "AllowApiGateway-get-teams",
            "statement_id_prefix": "",
            "timeouts": null
          },
          "sensitive_attributes": [],
          "identity_schema_version": 0,
          "identity": {
            "account_id": "695835257252",
            "function_name": "mision-emprende-dev-get-teams",
            "qualifier": null,
            "region": "us-east-1",
            "statement_id": "AllowApiGateway-get-teams"
          },
          "private": "eyJlMmJmYjczMC1lY2FhLTExZTYtOGY4OC0zNDM2M2JjN2M0YzAiOnsiY3JlYXRlIjozMDAwMDAwMDAwMDAsImRlbGV0ZSI6MzAwMDAwMDAwMDAwLCJyZWFkIjozMDAwMDAwMDAwMDB9fQ==",
          "dependencies": [
            "aws_api_gateway_rest_api.game",
            "aws_cloudwatch_log_group.lambda",
            "aws_cognito_user_pool.lab_demo",
            "aws_dynamodb_table.game",
            "aws_lambda_function.cognito_custom_auth",
            "aws_lambda_function.game",
            "aws_s3_bucket.analytics",
            "aws_s3_bucket.fis_configuration",
            "aws_s3_bucket.frontend",
            "data.archive_file.backend",
            "data.aws_caller_identity.current",
            "data.aws_iam_role.execution",
            "data.aws_partition.current"
          ],
          "create_before_destroy": true
        },
        {
          "index_key": "health",
          "schema_version": 0,
          "attributes": {
            "action": "lambda:InvokeFunction",
            "event_source_token": null,
            "function_name": "mision-emprende-dev-health",
            "function_url_auth_type": null,
            "id": "AllowApiGateway-health",
            "invoked_via_function_url": null,
            "principal": "apigateway.amazonaws.com",
            "principal_org_id": null,
            "qualifier": "",
            "region": "us-east-1",
            "source_account": null,
            "source_arn": "arn:aws:execute-api:us-east-1:695835257252:3mm6y2gvu1/*/*",
            "statement_id": "AllowApiGateway-health",
            "statement_id_prefix": "",
            "timeouts": null
          },
          "sensitive_attributes": [],
          "identity_schema_version": 0,
          "identity": {
            "account_id": "695835257252",
            "function_name": "mision-emprende-dev-health",
            "qualifier": null,
            "region": "us-east-1",
            "statement_id": "AllowApiGateway-health"
          },
          "private": "eyJlMmJmYjczMC1lY2FhLTExZTYtOGY4OC0zNDM2M2JjN2M0YzAiOnsiY3JlYXRlIjozMDAwMDAwMDAwMDAsImRlbGV0ZSI6MzAwMDAwMDAwMDAwLCJyZWFkIjozMDAwMDAwMDAwMDB9fQ==",
          "dependencies": [
            "aws_api_gateway_rest_api.game",
            "aws_cloudwatch_log_group.lambda",
            "aws_cognito_user_pool.lab_demo",
            "aws_dynamodb_table.game",
            "aws_lambda_function.cognito_custom_auth",
            "aws_lambda_function.game",
            "aws_s3_bucket.analytics",
            "aws_s3_bucket.fis_configuration",
            "aws_s3_bucket.frontend",
            "data.archive_file.backend",
            "data.aws_caller_identity.current",
            "data.aws_iam_role.execution",
            "data.aws_partition.current"
          ],
          "create_before_destroy": true
        },
        {
          "index_key": "register_team",
          "schema_version": 0,
          "attributes": {
            "action": "lambda:InvokeFunction",
            "event_source_token": null,
            "function_name": "mision-emprende-dev-register-team",
            "function_url_auth_type": null,
            "id": "AllowApiGateway-register-team",
            "invoked_via_function_url": null,
            "principal": "apigateway.amazonaws.com",
            "principal_org_id": null,
            "qualifier": "",
            "region": "us-east-1",
            "source_account": null,
            "source_arn": "arn:aws:execute-api:us-east-1:695835257252:3mm6y2gvu1/*/*",
            "statement_id": "AllowApiGateway-register-team",
            "statement_id_prefix": "",
            "timeouts": null
          },
          "sensitive_attributes": [],
          "identity_schema_version": 0,
          "identity": {
            "account_id": "695835257252",
            "function_name": "mision-emprende-dev-register-team",
            "qualifier": null,
            "region": "us-east-1",
            "statement_id": "AllowApiGateway-register-team"
          },
          "private": "eyJlMmJmYjczMC1lY2FhLTExZTYtOGY4OC0zNDM2M2JjN2M0YzAiOnsiY3JlYXRlIjozMDAwMDAwMDAwMDAsImRlbGV0ZSI6MzAwMDAwMDAwMDAwLCJyZWFkIjozMDAwMDAwMDAwMDB9fQ==",
          "dependencies": [
            "aws_api_gateway_rest_api.game",
            "aws_cloudwatch_log_group.lambda",
            "aws_cognito_user_pool.lab_demo",
            "aws_dynamodb_table.game",
            "aws_lambda_function.cognito_custom_auth",
            "aws_lambda_function.game",
            "aws_s3_bucket.analytics",
            "aws_s3_bucket.fis_configuration",
            "aws_s3_bucket.frontend",
            "data.archive_file.backend",
            "data.aws_caller_identity.current",
            "data.aws_iam_role.execution",
            "data.aws_partition.current"
          ],
          "create_before_destroy": true
        },
        {
          "index_key": "team_ready",
          "schema_version": 0,
          "attributes": {
            "action": "lambda:InvokeFunction",
            "event_source_token": null,
            "function_name": "mision-emprende-dev-team-ready",
            "function_url_auth_type": null,
            "id": "AllowApiGateway-team-ready",
            "invoked_via_function_url": null,
            "principal": "apigateway.amazonaws.com",
            "principal_org_id": null,
            "qualifier": "",
            "region": "us-east-1",
            "source_account": null,
            "source_arn": "arn:aws:execute-api:us-east-1:695835257252:3mm6y2gvu1/*/*",
            "statement_id": "AllowApiGateway-team-ready",
            "statement_id_prefix": "",
            "timeouts": null
          },
          "sensitive_attributes": [],
          "identity_schema_version": 0,
          "identity": {
            "account_id": "695835257252",
            "function_name": "mision-emprende-dev-team-ready",
            "qualifier": null,
            "region": "us-east-1",
            "statement_id": "AllowApiGateway-team-ready"
          },
          "private": "eyJlMmJmYjczMC1lY2FhLTExZTYtOGY4OC0zNDM2M2JjN2M0YzAiOnsiY3JlYXRlIjozMDAwMDAwMDAwMDAsImRlbGV0ZSI6MzAwMDAwMDAwMDAwLCJyZWFkIjozMDAwMDAwMDAwMDB9fQ==",
          "dependencies": [
            "aws_api_gateway_rest_api.game",
            "aws_cloudwatch_log_group.lambda",
            "aws_cognito_user_pool.lab_demo",
            "aws_dynamodb_table.game",
            "aws_lambda_function.cognito_custom_auth",
            "aws_lambda_function.game",
            "aws_s3_bucket.analytics",
            "aws_s3_bucket.fis_configuration",
            "aws_s3_bucket.frontend",
            "data.archive_file.backend",
            "data.aws_caller_identity.current",
            "data.aws_iam_role.execution",
            "data.aws_partition.current"
          ],
          "create_before_destroy": true
        },
        {
          "index_key": "validate",
          "schema_version": 0,
          "attributes": {
            "action": "lambda:InvokeFunction",
            "event_source_token": null,
            "function_name": "mision-emprende-dev-validate",
            "function_url_auth_type": null,
            "id": "AllowApiGateway-validate",
            "invoked_via_function_url": null,
            "principal": "apigateway.amazonaws.com",
            "principal_org_id": null,
            "qualifier": "",
            "region": "us-east-1",
            "source_account": null,
            "source_arn": "arn:aws:execute-api:us-east-1:695835257252:3mm6y2gvu1/*/*",
            "statement_id": "AllowApiGateway-validate",
            "statement_id_prefix": "",
            "timeouts": null
          },
          "sensitive_attributes": [],
          "identity_schema_version": 0,
          "identity": {
            "account_id": "695835257252",
            "function_name": "mision-emprende-dev-validate",
            "qualifier": null,
            "region": "us-east-1",
            "statement_id": "AllowApiGateway-validate"
          },
          "private": "eyJlMmJmYjczMC1lY2FhLTExZTYtOGY4OC0zNDM2M2JjN2M0YzAiOnsiY3JlYXRlIjozMDAwMDAwMDAwMDAsImRlbGV0ZSI6MzAwMDAwMDAwMDAwLCJyZWFkIjozMDAwMDAwMDAwMDB9fQ==",
          "dependencies": [
            "aws_api_gateway_rest_api.game",
            "aws_cloudwatch_log_group.lambda",
            "aws_cognito_user_pool.lab_demo",
            "aws_dynamodb_table.game",
            "aws_lambda_function.cognito_custom_auth",
            "aws_lambda_function.game",
            "aws_s3_bucket.analytics",
            "aws_s3_bucket.fis_configuration",
            "aws_s3_bucket.frontend",
            "data.archive_file.backend",
            "data.aws_caller_identity.current",
            "data.aws_iam_role.execution",
            "data.aws_partition.current"
          ],
          "create_before_destroy": true
        }
      ]
    },
    {
      "mode": "managed",
      "type": "aws_lambda_permission",
      "name": "cognito_custom_auth",
      "provider": "provider[\"registry.terraform.io/hashicorp/aws\"]",
      "instances": [
        {
          "schema_version": 0,
          "attributes": {
            "action": "lambda:InvokeFunction",
            "event_source_token": "",
            "function_name": "mision-emprende-dev-cognito-custom-auth",
            "function_url_auth_type": "",
            "id": "AllowCognitoCustomAuth",
            "invoked_via_function_url": null,
            "principal": "cognito-idp.amazonaws.com",
            "principal_org_id": "",
            "qualifier": "",
            "region": "us-east-1",
            "source_account": "695835257252",
            "source_arn": null,
            "statement_id": "AllowCognitoCustomAuth",
            "statement_id_prefix": "",
            "timeouts": null
          },
          "sensitive_attributes": [],
          "identity_schema_version": 0,
          "identity": {
            "account_id": "695835257252",
            "function_name": "mision-emprende-dev-cognito-custom-auth",
            "qualifier": null,
            "region": "us-east-1",
            "statement_id": "AllowCognitoCustomAuth"
          },
          "private": "eyJlMmJmYjczMC1lY2FhLTExZTYtOGY4OC0zNDM2M2JjN2M0YzAiOnsiY3JlYXRlIjozMDAwMDAwMDAwMDAsImRlbGV0ZSI6MzAwMDAwMDAwMDAwLCJyZWFkIjozMDAwMDAwMDAwMDB9fQ==",
          "dependencies": [
            "aws_lambda_function.cognito_custom_auth",
            "data.archive_file.backend",
            "data.aws_caller_identity.current",
            "data.aws_iam_role.execution"
          ]
        }
      ]
    },
    {
      "mode": "managed",
      "type": "aws_s3_bucket",
      "name": "analytics",
      "provider": "provider[\"registry.terraform.io/hashicorp/aws\"]",
      "instances": [
        {
          "schema_version": 0,
          "attributes": {
            "acceleration_status": "",
            "acl": null,
            "arn": "arn:aws:s3:::mision-emprende-dev-analytics-695835257252",
            "bucket": "mision-emprende-dev-analytics-695835257252",
            "bucket_domain_name": "mision-emprende-dev-analytics-695835257252.s3.amazonaws.com",
            "bucket_namespace": "global",
            "bucket_prefix": "",
            "bucket_region": "us-east-1",
            "bucket_regional_domain_name": "mision-emprende-dev-analytics-695835257252.s3.us-east-1.amazonaws.com",
            "cors_rule": [],
            "force_destroy": false,
            "grant": [
              {
                "id": "1fddd53738f2949fbea74ddd467ba1d78bb65b893d8086d358bcf1d10f9788bc",
                "permissions": [
                  "FULL_CONTROL"
                ],
                "type": "CanonicalUser",
                "uri": ""
              }
            ],
            "hosted_zone_id": "Z3AQBSTGFYJSTF",
            "id": "mision-emprende-dev-analytics-695835257252",
            "lifecycle_rule": [
              {
                "abort_incomplete_multipart_upload_days": 0,
                "enabled": true,
                "expiration": [
                  {
                    "date": "",
                    "days": 730,
                    "expired_object_delete_marker": false
                  }
                ],
                "id": "analytics-retention",
                "noncurrent_version_expiration": [],
                "noncurrent_version_transition": [],
                "prefix": "raw/",
                "tags": {},
                "transition": [
                  {
                    "date": "",
                    "days": 90,
                    "storage_class": "STANDARD_IA"
                  }
                ]
              }
            ],
            "logging": [],
            "object_lock_configuration": [],
            "object_lock_enabled": false,
            "policy": "",
            "region": "us-east-1",
            "replication_configuration": [],
            "request_payer": "BucketOwner",
            "server_side_encryption_configuration": [
              {
                "rule": [
                  {
                    "apply_server_side_encryption_by_default": [
                      {
                        "kms_master_key_id": "",
                        "sse_algorithm": "AES256"
                      }
                    ],
                    "bucket_key_enabled": false
                  }
                ]
              }
            ],
            "tags": {},
            "tags_all": {
              "Application": "mision-emprende",
              "Environment": "dev",
              "ManagedBy": "Terraform"
            },
            "timeouts": null,
            "versioning": [
              {
                "enabled": false,
                "mfa_delete": false
              }
            ],
            "website": [],
            "website_domain": null,
            "website_endpoint": null
          },
          "sensitive_attributes": [],
          "identity_schema_version": 0,
          "identity": {
            "account_id": "695835257252",
            "bucket": "mision-emprende-dev-analytics-695835257252",
            "region": "us-east-1"
          },
          "private": "eyJlMmJmYjczMC1lY2FhLTExZTYtOGY4OC0zNDM2M2JjN2M0YzAiOnsiY3JlYXRlIjoxMjAwMDAwMDAwMDAwLCJkZWxldGUiOjM2MDAwMDAwMDAwMDAsInJlYWQiOjEyMDAwMDAwMDAwMDAsInVwZGF0ZSI6MTIwMDAwMDAwMDAwMH19",
          "dependencies": [
            "data.aws_caller_identity.current"
          ]
        }
      ]
    },
    {
      "mode": "managed",
      "type": "aws_s3_bucket",
      "name": "frontend",
      "provider": "provider[\"registry.terraform.io/hashicorp/aws\"]",
      "instances": [
        {
          "schema_version": 0,
          "attributes": {
            "acceleration_status": "",
            "acl": null,
            "arn": "arn:aws:s3:::mision-emprende-dev-frontend-695835257252",
            "bucket": "mision-emprende-dev-frontend-695835257252",
            "bucket_domain_name": "mision-emprende-dev-frontend-695835257252.s3.amazonaws.com",
            "bucket_namespace": "global",
            "bucket_prefix": "",
            "bucket_region": "us-east-1",
            "bucket_regional_domain_name": "mision-emprende-dev-frontend-695835257252.s3.us-east-1.amazonaws.com",
            "cors_rule": [],
            "force_destroy": false,
            "grant": [
              {
                "id": "1fddd53738f2949fbea74ddd467ba1d78bb65b893d8086d358bcf1d10f9788bc",
                "permissions": [
                  "FULL_CONTROL"
                ],
                "type": "CanonicalUser",
                "uri": ""
              }
            ],
            "hosted_zone_id": "Z3AQBSTGFYJSTF",
            "id": "mision-emprende-dev-frontend-695835257252",
            "lifecycle_rule": [],
            "logging": [],
            "object_lock_configuration": [],
            "object_lock_enabled": false,
            "policy": "",
            "region": "us-east-1",
            "replication_configuration": [],
            "request_payer": "BucketOwner",
            "server_side_encryption_configuration": [
              {
                "rule": [
                  {
                    "apply_server_side_encryption_by_default": [
                      {
                        "kms_master_key_id": "",
                        "sse_algorithm": "AES256"
                      }
                    ],
                    "bucket_key_enabled": false
                  }
                ]
              }
            ],
            "tags": {},
            "tags_all": {
              "Application": "mision-emprende",
              "Environment": "dev",
              "ManagedBy": "Terraform"
            },
            "timeouts": null,
            "versioning": [
              {
                "enabled": false,
                "mfa_delete": false
              }
            ],
            "website": [],
            "website_domain": null,
            "website_endpoint": null
          },
          "sensitive_attributes": [],
          "identity_schema_version": 0,
          "identity": {
            "account_id": "695835257252",
            "bucket": "mision-emprende-dev-frontend-695835257252",
            "region": "us-east-1"
          },
          "private": "eyJlMmJmYjczMC1lY2FhLTExZTYtOGY4OC0zNDM2M2JjN2M0YzAiOnsiY3JlYXRlIjoxMjAwMDAwMDAwMDAwLCJkZWxldGUiOjM2MDAwMDAwMDAwMDAsInJlYWQiOjEyMDAwMDAwMDAwMDAsInVwZGF0ZSI6MTIwMDAwMDAwMDAwMH0sInNjaGVtYV92ZXJzaW9uIjoiMCJ9",
          "dependencies": [
            "data.aws_caller_identity.current"
          ]
        }
      ]
    },
    {
      "mode": "managed",
      "type": "aws_s3_bucket_lifecycle_configuration",
      "name": "analytics",
      "provider": "provider[\"registry.terraform.io/hashicorp/aws\"]",
      "instances": [
        {
          "schema_version": 1,
          "attributes": {
            "bucket": "mision-emprende-dev-analytics-695835257252",
            "expected_bucket_owner": "",
            "id": "mision-emprende-dev-analytics-695835257252",
            "region": "us-east-1",
            "rule": [
              {
                "abort_incomplete_multipart_upload": [],
                "expiration": [
                  {
                    "date": null,
                    "days": 730,
                    "expired_object_delete_marker": false
                  }
                ],
                "filter": [
                  {
                    "and": [],
                    "object_size_greater_than": null,
                    "object_size_less_than": null,
                    "prefix": "raw/",
                    "tag": []
                  }
                ],
                "id": "analytics-retention",
                "noncurrent_version_expiration": [],
                "noncurrent_version_transition": [],
                "prefix": "",
                "status": "Enabled",
                "transition": [
                  {
                    "date": null,
                    "days": 90,
                    "storage_class": "STANDARD_IA"
                  }
                ]
              }
            ],
            "timeouts": null,
            "transition_default_minimum_object_size": "all_storage_classes_128K"
          },
          "sensitive_attributes": [],
          "identity_schema_version": 0,
          "identity": {
            "account_id": "695835257252",
            "bucket": "mision-emprende-dev-analytics-695835257252",
            "region": "us-east-1"
          },
          "dependencies": [
            "aws_s3_bucket.analytics",
            "data.aws_caller_identity.current"
          ]
        }
      ]
    },
    {
      "mode": "managed",
      "type": "aws_s3_bucket_public_access_block",
      "name": "analytics",
      "provider": "provider[\"registry.terraform.io/hashicorp/aws\"]",
      "instances": [
        {
          "schema_version": 0,
          "attributes": {
            "block_public_acls": true,
            "block_public_policy": true,
            "bucket": "mision-emprende-dev-analytics-695835257252",
            "id": "mision-emprende-dev-analytics-695835257252",
            "ignore_public_acls": true,
            "region": "us-east-1",
            "restrict_public_buckets": true,
            "skip_destroy": null
          },
          "sensitive_attributes": [],
          "identity_schema_version": 0,
          "identity": {
            "account_id": "695835257252",
            "bucket": "mision-emprende-dev-analytics-695835257252",
            "region": "us-east-1"
          },
          "private": "bnVsbA==",
          "dependencies": [
            "aws_s3_bucket.analytics",
            "data.aws_caller_identity.current"
          ]
        }
      ]
    },
    {
      "mode": "managed",
      "type": "aws_s3_bucket_public_access_block",
      "name": "frontend",
      "provider": "provider[\"registry.terraform.io/hashicorp/aws\"]",
      "instances": [
        {
          "schema_version": 0,
          "attributes": {
            "block_public_acls": true,
            "block_public_policy": true,
            "bucket": "mision-emprende-dev-frontend-695835257252",
            "id": "mision-emprende-dev-frontend-695835257252",
            "ignore_public_acls": true,
            "region": "us-east-1",
            "restrict_public_buckets": true,
            "skip_destroy": null
          },
          "sensitive_attributes": [],
          "identity_schema_version": 0,
          "identity": {
            "account_id": "695835257252",
            "bucket": "mision-emprende-dev-frontend-695835257252",
            "region": "us-east-1"
          },
          "private": "bnVsbA==",
          "dependencies": [
            "aws_s3_bucket.frontend",
            "data.aws_caller_identity.current"
          ]
        }
      ]
    },
    {
      "mode": "managed",
      "type": "aws_s3_bucket_server_side_encryption_configuration",
      "name": "analytics",
      "provider": "provider[\"registry.terraform.io/hashicorp/aws\"]",
      "instances": [
        {
          "schema_version": 0,
          "attributes": {
            "bucket": "mision-emprende-dev-analytics-695835257252",
            "expected_bucket_owner": "",
            "id": "mision-emprende-dev-analytics-695835257252",
            "region": "us-east-1",
            "rule": [
              {
                "apply_server_side_encryption_by_default": [
                  {
                    "kms_master_key_id": "",
                    "sse_algorithm": "AES256"
                  }
                ],
                "blocked_encryption_types": [
                  "SSE-C"
                ],
                "bucket_key_enabled": false
              }
            ]
          },
          "sensitive_attributes": [],
          "identity_schema_version": 1,
          "identity": {
            "account_id": "695835257252",
            "bucket": "mision-emprende-dev-analytics-695835257252",
            "region": "us-east-1"
          },
          "private": "bnVsbA==",
          "dependencies": [
            "aws_s3_bucket.analytics",
            "data.aws_caller_identity.current"
          ]
        }
      ]
    },
    {
      "mode": "managed",
      "type": "aws_s3_bucket_server_side_encryption_configuration",
      "name": "frontend",
      "provider": "provider[\"registry.terraform.io/hashicorp/aws\"]",
      "instances": [
        {
          "schema_version": 0,
          "attributes": {
            "bucket": "mision-emprende-dev-frontend-695835257252",
            "expected_bucket_owner": "",
            "id": "mision-emprende-dev-frontend-695835257252",
            "region": "us-east-1",
            "rule": [
              {
                "apply_server_side_encryption_by_default": [
                  {
                    "kms_master_key_id": "",
                    "sse_algorithm": "AES256"
                  }
                ],
                "blocked_encryption_types": [
                  "SSE-C"
                ],
                "bucket_key_enabled": false
              }
            ]
          },
          "sensitive_attributes": [],
          "identity_schema_version": 1,
          "identity": {
            "account_id": "695835257252",
            "bucket": "mision-emprende-dev-frontend-695835257252",
            "region": "us-east-1"
          },
          "private": "bnVsbA==",
          "dependencies": [
            "aws_s3_bucket.frontend",
            "data.aws_caller_identity.current"
          ]
        }
      ]
    }
  ],
  "check_results": [
    {
      "object_kind": "check",
      "config_addr": "check.fis_configuration",
      "status": "unknown",
      "objects": null
    }
  ]
}
